// !$*UTF8*$!
{
	archiveVersion = 1;
	classes = {
	};
	objectVersion = 46;
	objects = {

/* Begin PBXBuildFile section */
		741E44AE181ADC5100E7ED3E /* OpenAL.framework in Frameworks */ = {isa = PBXBuildFile; fileRef = 741E44AD181ADC5100E7ED3E /* OpenAL.framework */; };
		741E44B0181ADC5800E7ED3E /* AudioToolbox.framework in Frameworks */ = {isa = PBXBuildFile; fileRef = 741E44AF181ADC5800E7ED3E /* AudioToolbox.framework */; };
		7421F2DF1648173000C55BAE /* StdFileManager.cpp in Sources */ = {isa = PBXBuildFile; fileRef = 7421F2DD1648173000C55BAE /* StdFileManager.cpp */; };
		7421F2E01648173000C55BAE /* StdFileManager.h in Headers */ = {isa = PBXBuildFile; fileRef = 7421F2DE1648173000C55BAE /* StdFileManager.h */; };
		7423B69D165FF413008848EA /* SharedData.cpp in Sources */ = {isa = PBXBuildFile; fileRef = 7423B699165FF413008848EA /* SharedData.cpp */; };
		7423B69E165FF413008848EA /* SharedData.h in Headers */ = {isa = PBXBuildFile; fileRef = 7423B69A165FF413008848EA /* SharedData.h */; };
		7423B69F165FF413008848EA /* SharedDataManager.cpp in Sources */ = {isa = PBXBuildFile; fileRef = 7423B69B165FF413008848EA /* SharedDataManager.cpp */; };
		7423B6A0165FF413008848EA /* SharedDataManager.h in Headers */ = {isa = PBXBuildFile; fileRef = 7423B69C165FF413008848EA /* SharedDataManager.h */; };
		7458F0801635F18300D48019 /* OpenGL.framework in Frameworks */ = {isa = PBXBuildFile; fileRef = 7458F07F1635F18300D48019 /* OpenGL.framework */; };
		7458F0841636CFB200D48019 /* MacOSXFileIOHub.mm in Sources */ = {isa = PBXBuildFile; fileRef = 7458F0821636CFB200D48019 /* MacOSXFileIOHub.mm */; };
		7458F0851636CFB200D48019 /* MacOSXFileIOHub.h in Headers */ = {isa = PBXBuildFile; fileRef = 7458F0831636CFB200D48019 /* MacOSXFileIOHub.h */; };
		7458F09016377D9000D48019 /* GLRectRenderer.cpp in Sources */ = {isa = PBXBuildFile; fileRef = 7458F08E16377D9000D48019 /* GLRectRenderer.cpp */; };
		7458F09116377D9000D48019 /* GLRectRenderer.h in Headers */ = {isa = PBXBuildFile; fileRef = 7458F08F16377D9000D48019 /* GLRectRenderer.h */; };
		7473CA7916330304005DB920 /* Application.cpp in Sources */ = {isa = PBXBuildFile; fileRef = 7473CA6B16330304005DB920 /* Application.cpp */; };
		7473CA7A16330304005DB920 /* Application.h in Headers */ = {isa = PBXBuildFile; fileRef = 7473CA6C16330304005DB920 /* Application.h */; };
		7473CA7B16330304005DB920 /* Audio.h in Headers */ = {isa = PBXBuildFile; fileRef = 7473CA6D16330304005DB920 /* Audio.h */; };
		7473CA7C16330304005DB920 /* BaseApplication.h in Headers */ = {isa = PBXBuildFile; fileRef = 7473CA6E16330304005DB920 /* BaseApplication.h */; };
		7473CA7D16330304005DB920 /* Input.h in Headers */ = {isa = PBXBuildFile; fileRef = 7473CA6F16330304005DB920 /* Input.h */; };
		7473CA7E16330304005DB920 /* Player.h in Headers */ = {isa = PBXBuildFile; fileRef = 7473CA7016330304005DB920 /* Player.h */; };
		7473CA7F16330304005DB920 /* Shader.h in Headers */ = {isa = PBXBuildFile; fileRef = 7473CA7116330304005DB920 /* Shader.h */; };
		7473CA8016330304005DB920 /* Sprite.cpp in Sources */ = {isa = PBXBuildFile; fileRef = 7473CA7216330304005DB920 /* Sprite.cpp */; };
		7473CA8116330304005DB920 /* Sprite.h in Headers */ = {isa = PBXBuildFile; fileRef = 7473CA7316330304005DB920 /* Sprite.h */; };
		7473CA8216330304005DB920 /* Texture.h in Headers */ = {isa = PBXBuildFile; fileRef = 7473CA7416330304005DB920 /* Texture.h */; };
		7473CA8316330304005DB920 /* Types.h in Headers */ = {isa = PBXBuildFile; fileRef = 7473CA7516330304005DB920 /* Types.h */; };
		7473CA8416330304005DB920 /* Video.cpp in Sources */ = {isa = PBXBuildFile; fileRef = 7473CA7616330304005DB920 /* Video.cpp */; };
		7473CA8516330304005DB920 /* Video.h in Headers */ = {isa = PBXBuildFile; fileRef = 7473CA7716330304005DB920 /* Video.h */; };
		7473CA8616330304005DB920 /* Window.h in Headers */ = {isa = PBXBuildFile; fileRef = 7473CA7816330304005DB920 /* Window.h */; };
		7473CA9316330366005DB920 /* Color.cpp in Sources */ = {isa = PBXBuildFile; fileRef = 7473CA8A16330366005DB920 /* Color.cpp */; };
		7473CA9416330366005DB920 /* Color.h in Headers */ = {isa = PBXBuildFile; fileRef = 7473CA8B16330366005DB920 /* Color.h */; };
		7473CA9516330366005DB920 /* GameMath.cpp in Sources */ = {isa = PBXBuildFile; fileRef = 7473CA8C16330366005DB920 /* GameMath.cpp */; };
		7473CA9616330366005DB920 /* GameMath.h in Headers */ = {isa = PBXBuildFile; fileRef = 7473CA8D16330366005DB920 /* GameMath.h */; };
		7473CA9716330366005DB920 /* MersenneTwister.h in Headers */ = {isa = PBXBuildFile; fileRef = 7473CA8E16330366005DB920 /* MersenneTwister.h */; };
		7473CA9816330366005DB920 /* OrientedBoundingBox.cpp in Sources */ = {isa = PBXBuildFile; fileRef = 7473CA8F16330366005DB920 /* OrientedBoundingBox.cpp */; };
		7473CA9916330366005DB920 /* OrientedBoundingBox.h in Headers */ = {isa = PBXBuildFile; fileRef = 7473CA9016330366005DB920 /* OrientedBoundingBox.h */; };
		7473CA9A16330366005DB920 /* Randomizer.cpp in Sources */ = {isa = PBXBuildFile; fileRef = 7473CA9116330366005DB920 /* Randomizer.cpp */; };
		7473CA9B16330366005DB920 /* Randomizer.h in Headers */ = {isa = PBXBuildFile; fileRef = 7473CA9216330366005DB920 /* Randomizer.h */; };
		7473CAA416330391005DB920 /* FileIOHub.cpp in Sources */ = {isa = PBXBuildFile; fileRef = 7473CA9C16330391005DB920 /* FileIOHub.cpp */; };
		7473CAA516330391005DB920 /* FileIOHub.h in Headers */ = {isa = PBXBuildFile; fileRef = 7473CA9D16330391005DB920 /* FileIOHub.h */; };
		7473CAA616330391005DB920 /* FileLogger.cpp in Sources */ = {isa = PBXBuildFile; fileRef = 7473CA9E16330391005DB920 /* FileLogger.cpp */; };
		7473CAA716330391005DB920 /* FileLogger.h in Headers */ = {isa = PBXBuildFile; fileRef = 7473CA9F16330391005DB920 /* FileLogger.h */; };
		7473CAA816330391005DB920 /* FileManager.cpp in Sources */ = {isa = PBXBuildFile; fileRef = 7473CAA016330391005DB920 /* FileManager.cpp */; };
		7473CAA916330391005DB920 /* FileManager.h in Headers */ = {isa = PBXBuildFile; fileRef = 7473CAA116330391005DB920 /* FileManager.h */; };
		7473CAAB16330391005DB920 /* Logger.h in Headers */ = {isa = PBXBuildFile; fileRef = 7473CAA316330391005DB920 /* Logger.h */; };
		7473CAB51633044E005DB920 /* BitmapFont.cpp in Sources */ = {isa = PBXBuildFile; fileRef = 7473CAAD1633044E005DB920 /* BitmapFont.cpp */; };
		7473CAB61633044E005DB920 /* BitmapFont.h in Headers */ = {isa = PBXBuildFile; fileRef = 7473CAAE1633044E005DB920 /* BitmapFont.h */; };
		7473CAB71633044E005DB920 /* BitmapFontManager.cpp in Sources */ = {isa = PBXBuildFile; fileRef = 7473CAAF1633044E005DB920 /* BitmapFontManager.cpp */; };
		7473CAB81633044E005DB920 /* BitmapFontManager.h in Headers */ = {isa = PBXBuildFile; fileRef = 7473CAB01633044E005DB920 /* BitmapFontManager.h */; };
		7473CAB91633044E005DB920 /* cgShaderCode.h in Headers */ = {isa = PBXBuildFile; fileRef = 7473CAB11633044E005DB920 /* cgShaderCode.h */; };
		7473CABF1633045D005DB920 /* Enml.cpp in Sources */ = {isa = PBXBuildFile; fileRef = 7473CABD1633045D005DB920 /* Enml.cpp */; };
		7473CAC01633045D005DB920 /* Enml.h in Headers */ = {isa = PBXBuildFile; fileRef = 7473CABE1633045D005DB920 /* Enml.h */; };
		7473CAC316330624005DB920 /* Platform.macosx.h in Headers */ = {isa = PBXBuildFile; fileRef = 7473CAC116330624005DB920 /* Platform.macosx.h */; };
		7473CAC416330624005DB920 /* Platform.macosx.mm in Sources */ = {isa = PBXBuildFile; fileRef = 7473CAC216330624005DB920 /* Platform.macosx.mm */; };
		7473CAC716330E1C005DB920 /* Platform.cpp in Sources */ = {isa = PBXBuildFile; fileRef = 7473CAC516330E1C005DB920 /* Platform.cpp */; };
		7473CAC816330E1C005DB920 /* Platform.h in Headers */ = {isa = PBXBuildFile; fileRef = 7473CAC616330E1C005DB920 /* Platform.h */; };
		7473CACC1633140B005DB920 /* SDLWindow.cpp in Sources */ = {isa = PBXBuildFile; fileRef = 7473CACA1633140B005DB920 /* SDLWindow.cpp */; };
		7473CACD1633140B005DB920 /* SDLWindow.h in Headers */ = {isa = PBXBuildFile; fileRef = 7473CACB1633140B005DB920 /* SDLWindow.h */; };
		7473CAE016358AC6005DB920 /* GLVideo.cpp in Sources */ = {isa = PBXBuildFile; fileRef = 7473CADE16358AC6005DB920 /* GLVideo.cpp */; };
		7473CAE116358AC6005DB920 /* GLVideo.h in Headers */ = {isa = PBXBuildFile; fileRef = 7473CADF16358AC6005DB920 /* GLVideo.h */; };
		7473CAE51635ABD9005DB920 /* GLSDLVideo.cpp in Sources */ = {isa = PBXBuildFile; fileRef = 7473CAE31635ABD9005DB920 /* GLSDLVideo.cpp */; };
		7473CAE61635ABD9005DB920 /* GLSDLVideo.h in Headers */ = {isa = PBXBuildFile; fileRef = 7473CAE41635ABD9005DB920 /* GLSDLVideo.h */; };
		74838D2E163C13E30027CFFC /* RecoverableResourceManager.cpp in Sources */ = {isa = PBXBuildFile; fileRef = 74838D2C163C13E30027CFFC /* RecoverableResourceManager.cpp */; };
		74838D2F163C13E30027CFFC /* RecoverableResourceManager.h in Headers */ = {isa = PBXBuildFile; fileRef = 74838D2D163C13E30027CFFC /* RecoverableResourceManager.h */; };
		74838D36163F25AB0027CFFC /* SDLInput.cpp in Sources */ = {isa = PBXBuildFile; fileRef = 74838D34163F25AA0027CFFC /* SDLInput.cpp */; };
		74838D37163F25AB0027CFFC /* SDLInput.h in Headers */ = {isa = PBXBuildFile; fileRef = 74838D35163F25AA0027CFFC /* SDLInput.h */; };
		74838D3B1640730D0027CFFC /* KeyStateManager.cpp in Sources */ = {isa = PBXBuildFile; fileRef = 74838D391640730A0027CFFC /* KeyStateManager.cpp */; };
		74838D3C1640730D0027CFFC /* KeyStateManager.h in Headers */ = {isa = PBXBuildFile; fileRef = 74838D3A1640730C0027CFFC /* KeyStateManager.h */; };
		74838D4016414F6A0027CFFC /* SDLJoystick.cpp in Sources */ = {isa = PBXBuildFile; fileRef = 74838D3E16414F690027CFFC /* SDLJoystick.cpp */; };
		74838D4116414F6A0027CFFC /* SDLJoystick.h in Headers */ = {isa = PBXBuildFile; fileRef = 74838D3F16414F690027CFFC /* SDLJoystick.h */; };
		7486553816382B6A0096D869 /* Cg.framework in Frameworks */ = {isa = PBXBuildFile; fileRef = 7486553716382B6A0096D869 /* Cg.framework */; };
		7486553E16382C000096D869 /* GLCgShaderContext.cpp in Sources */ = {isa = PBXBuildFile; fileRef = 7486553C16382C000096D869 /* GLCgShaderContext.cpp */; };
		7486553F16382C000096D869 /* GLCgShaderContext.h in Headers */ = {isa = PBXBuildFile; fileRef = 7486553D16382C000096D869 /* GLCgShaderContext.h */; };
		7486554316383A540096D869 /* GLCgShader.cpp in Sources */ = {isa = PBXBuildFile; fileRef = 7486554116383A540096D869 /* GLCgShader.cpp */; };
		7486554416383A540096D869 /* GLCgShader.h in Headers */ = {isa = PBXBuildFile; fileRef = 7486554216383A540096D869 /* GLCgShader.h */; };
		7486554716397C1D0096D869 /* GLTexture.cpp in Sources */ = {isa = PBXBuildFile; fileRef = 7486554516397C1C0096D869 /* GLTexture.cpp */; };
		7486554816397C1D0096D869 /* GLTexture.h in Headers */ = {isa = PBXBuildFile; fileRef = 7486554616397C1D0096D869 /* GLTexture.h */; };
		748655621639E1600096D869 /* GLSprite.cpp in Sources */ = {isa = PBXBuildFile; fileRef = 748655601639E15F0096D869 /* GLSprite.cpp */; };
		748655631639E1600096D869 /* GLSprite.h in Headers */ = {isa = PBXBuildFile; fileRef = 748655611639E15F0096D869 /* GLSprite.h */; };
		7490C8C51835299900AC21C5 /* CDXMacOSXSupport.h in Headers */ = {isa = PBXBuildFile; fileRef = 7490C8C31835299900AC21C5 /* CDXMacOSXSupport.h */; };
		7490C8C61835299900AC21C5 /* CDXMacOSXSupport.m in Sources */ = {isa = PBXBuildFile; fileRef = 7490C8C41835299900AC21C5 /* CDXMacOSXSupport.m */; };
		7490C8C8183529C300AC21C5 /* SDL2.framework in Frameworks */ = {isa = PBXBuildFile; fileRef = 7490C8C7183529C300AC21C5 /* SDL2.framework */; };
		7490C8CA18352B4A00AC21C5 /* SDL2.framework in CopyFiles */ = {isa = PBXBuildFile; fileRef = 7490C8C7183529C300AC21C5 /* SDL2.framework */; settings = {ATTRIBUTES = (CodeSignOnCopy, ); }; };
		7490C8D91835861000AC21C5 /* AVFoundation.framework in Frameworks */ = {isa = PBXBuildFile; fileRef = 7490C8D81835861000AC21C5 /* AVFoundation.framework */; };
		74D066D91A03CBF300D45F66 /* image_DXT.c in Sources */ = {isa = PBXBuildFile; fileRef = 74D066CF1A03CBF300D45F66 /* image_DXT.c */; };
		74D066DA1A03CBF300D45F66 /* image_DXT.h in Headers */ = {isa = PBXBuildFile; fileRef = 74D066D01A03CBF300D45F66 /* image_DXT.h */; };
		74D066DB1A03CBF300D45F66 /* image_helper.c in Sources */ = {isa = PBXBuildFile; fileRef = 74D066D11A03CBF300D45F66 /* image_helper.c */; };
		74D066DC1A03CBF300D45F66 /* image_helper.h in Headers */ = {isa = PBXBuildFile; fileRef = 74D066D21A03CBF300D45F66 /* image_helper.h */; };
		74D066DD1A03CBF300D45F66 /* SOIL.c in Sources */ = {isa = PBXBuildFile; fileRef = 74D066D31A03CBF300D45F66 /* SOIL.c */; };
		74D066DE1A03CBF300D45F66 /* SOIL.h in Headers */ = {isa = PBXBuildFile; fileRef = 74D066D41A03CBF300D45F66 /* SOIL.h */; };
		74D066DF1A03CBF300D45F66 /* stb_image_aug.c in Sources */ = {isa = PBXBuildFile; fileRef = 74D066D51A03CBF300D45F66 /* stb_image_aug.c */; };
		74D066E01A03CBF300D45F66 /* stb_image_aug.h in Headers */ = {isa = PBXBuildFile; fileRef = 74D066D61A03CBF300D45F66 /* stb_image_aug.h */; };
		74D066E11A03CBF300D45F66 /* stbi_DDS_aug_c.h in Headers */ = {isa = PBXBuildFile; fileRef = 74D066D71A03CBF300D45F66 /* stbi_DDS_aug_c.h */; };
		74D066E21A03CBF300D45F66 /* stbi_DDS_aug.h in Headers */ = {isa = PBXBuildFile; fileRef = 74D066D81A03CBF300D45F66 /* stbi_DDS_aug.h */; };
		74D47C1417B40A5300E60B05 /* CDAudioContext.h in Headers */ = {isa = PBXBuildFile; fileRef = 74D47C1217B40A5300E60B05 /* CDAudioContext.h */; };
		74D47C1517B40A5300E60B05 /* CDAudioContext.mm in Sources */ = {isa = PBXBuildFile; fileRef = 74D47C1317B40A5300E60B05 /* CDAudioContext.mm */; };
		74D47C2117B40A5F00E60B05 /* CDAudioManager.h in Headers */ = {isa = PBXBuildFile; fileRef = 74D47C1617B40A5F00E60B05 /* CDAudioManager.h */; };
		74D47C2217B40A5F00E60B05 /* CDAudioManager.m in Sources */ = {isa = PBXBuildFile; fileRef = 74D47C1717B40A5F00E60B05 /* CDAudioManager.m */; };
		74D47C2517B40A5F00E60B05 /* CDConfig.h in Headers */ = {isa = PBXBuildFile; fileRef = 74D47C1A17B40A5F00E60B05 /* CDConfig.h */; };
		74D47C2617B40A5F00E60B05 /* CDOpenALSupport.h in Headers */ = {isa = PBXBuildFile; fileRef = 74D47C1B17B40A5F00E60B05 /* CDOpenALSupport.h */; };
		74D47C2717B40A5F00E60B05 /* CDOpenALSupport.m in Sources */ = {isa = PBXBuildFile; fileRef = 74D47C1C17B40A5F00E60B05 /* CDOpenALSupport.m */; };
		74D47C2817B40A5F00E60B05 /* CocosDenshion.h in Headers */ = {isa = PBXBuildFile; fileRef = 74D47C1D17B40A5F00E60B05 /* CocosDenshion.h */; };
		74D47C2917B40A5F00E60B05 /* CocosDenshion.m in Sources */ = {isa = PBXBuildFile; fileRef = 74D47C1E17B40A5F00E60B05 /* CocosDenshion.m */; };
		74D47C2A17B40A5F00E60B05 /* SimpleAudioEngine.h in Headers */ = {isa = PBXBuildFile; fileRef = 74D47C1F17B40A5F00E60B05 /* SimpleAudioEngine.h */; };
		74D47C2B17B40A5F00E60B05 /* SimpleAudioEngine.m in Sources */ = {isa = PBXBuildFile; fileRef = 74D47C2017B40A5F00E60B05 /* SimpleAudioEngine.m */; };
		74D47C3217B40B0800E60B05 /* CDAudioSample.h in Headers */ = {isa = PBXBuildFile; fileRef = 74D47C3017B40B0800E60B05 /* CDAudioSample.h */; };
		74D47C3317B40B0800E60B05 /* CDAudioSample.mm in Sources */ = {isa = PBXBuildFile; fileRef = 74D47C3117B40B0800E60B05 /* CDAudioSample.mm */; };
		74F3A4FA1632E3870064C9A5 /* Cocoa.framework in Frameworks */ = {isa = PBXBuildFile; fileRef = 74F3A4F91632E3870064C9A5 /* Cocoa.framework */; };
		74F3A5041632E3870064C9A5 /* InfoPlist.strings in Resources */ = {isa = PBXBuildFile; fileRef = 74F3A5021632E3870064C9A5 /* InfoPlist.strings */; };
		74FF04E318046B23006D0F9F /* utf8 in Resources */ = {isa = PBXBuildFile; fileRef = 74FF04E218046B23006D0F9F /* utf8 */; };
/* End PBXBuildFile section */

/* Begin PBXCopyFilesBuildPhase section */
		742D34131637A62C00A447A2 /* CopyFiles */ = {
			isa = PBXCopyFilesBuildPhase;
			buildActionMask = 12;
			dstPath = "";
			dstSubfolderSpec = 10;
			files = (
				7490C8CA18352B4A00AC21C5 /* SDL2.framework in CopyFiles */,
			);
			runOnlyForDeploymentPostprocessing = 0;
		};
/* End PBXCopyFilesBuildPhase section */

/* Begin PBXFileReference section */
		741E44AD181ADC5100E7ED3E /* OpenAL.framework */ = {isa = PBXFileReference; lastKnownFileType = wrapper.framework; name = OpenAL.framework; path = System/Library/Frameworks/OpenAL.framework; sourceTree = SDKROOT; };
		741E44AF181ADC5800E7ED3E /* AudioToolbox.framework */ = {isa = PBXFileReference; lastKnownFileType = wrapper.framework; name = AudioToolbox.framework; path = System/Library/Frameworks/AudioToolbox.framework; sourceTree = SDKROOT; };
		7421F2DD1648173000C55BAE /* StdFileManager.cpp */ = {isa = PBXFileReference; fileEncoding = 4; lastKnownFileType = sourcecode.cpp.cpp; name = StdFileManager.cpp; path = ../../../../src/Platform/StdFileManager.cpp; sourceTree = "<group>"; };
		7421F2DE1648173000C55BAE /* StdFileManager.h */ = {isa = PBXFileReference; fileEncoding = 4; lastKnownFileType = sourcecode.c.h; name = StdFileManager.h; path = ../../../../src/Platform/StdFileManager.h; sourceTree = "<group>"; };
		7423B699165FF413008848EA /* SharedData.cpp */ = {isa = PBXFileReference; fileEncoding = 4; lastKnownFileType = sourcecode.cpp.cpp; name = SharedData.cpp; path = ../../../../src/Platform/SharedData/SharedData.cpp; sourceTree = "<group>"; };
		7423B69A165FF413008848EA /* SharedData.h */ = {isa = PBXFileReference; fileEncoding = 4; lastKnownFileType = sourcecode.c.h; name = SharedData.h; path = ../../../../src/Platform/SharedData/SharedData.h; sourceTree = "<group>"; };
		7423B69B165FF413008848EA /* SharedDataManager.cpp */ = {isa = PBXFileReference; fileEncoding = 4; lastKnownFileType = sourcecode.cpp.cpp; name = SharedDataManager.cpp; path = ../../../../src/Platform/SharedData/SharedDataManager.cpp; sourceTree = "<group>"; };
		7423B69C165FF413008848EA /* SharedDataManager.h */ = {isa = PBXFileReference; fileEncoding = 4; lastKnownFileType = sourcecode.c.h; name = SharedDataManager.h; path = ../../../../src/Platform/SharedData/SharedDataManager.h; sourceTree = "<group>"; };
		7458F07F1635F18300D48019 /* OpenGL.framework */ = {isa = PBXFileReference; lastKnownFileType = wrapper.framework; name = OpenGL.framework; path = System/Library/Frameworks/OpenGL.framework; sourceTree = SDKROOT; };
		7458F0821636CFB200D48019 /* MacOSXFileIOHub.mm */ = {isa = PBXFileReference; fileEncoding = 4; lastKnownFileType = sourcecode.cpp.objcpp; name = MacOSXFileIOHub.mm; path = ../../../../src/Platform/macosx/MacOSXFileIOHub.mm; sourceTree = "<group>"; };
		7458F0831636CFB200D48019 /* MacOSXFileIOHub.h */ = {isa = PBXFileReference; fileEncoding = 4; lastKnownFileType = sourcecode.c.h; name = MacOSXFileIOHub.h; path = ../../../../src/Platform/macosx/MacOSXFileIOHub.h; sourceTree = "<group>"; };
		7458F08E16377D9000D48019 /* GLRectRenderer.cpp */ = {isa = PBXFileReference; fileEncoding = 4; lastKnownFileType = sourcecode.cpp.cpp; name = GLRectRenderer.cpp; path = ../../../../src/Video/GL/GLRectRenderer.cpp; sourceTree = "<group>"; usesTabs = 1; };
		7458F08F16377D9000D48019 /* GLRectRenderer.h */ = {isa = PBXFileReference; fileEncoding = 4; lastKnownFileType = sourcecode.c.h; name = GLRectRenderer.h; path = ../../../../src/Video/GL/GLRectRenderer.h; sourceTree = "<group>"; };
		7458F09216377E3A00D48019 /* GLInclude.h */ = {isa = PBXFileReference; lastKnownFileType = sourcecode.c.h; name = GLInclude.h; path = ../../../../src/Video/GL/GLInclude.h; sourceTree = "<group>"; };
		7473CA6B16330304005DB920 /* Application.cpp */ = {isa = PBXFileReference; fileEncoding = 4; lastKnownFileType = sourcecode.cpp.cpp; name = Application.cpp; path = ../../../../src/Application.cpp; sourceTree = "<group>"; };
		7473CA6C16330304005DB920 /* Application.h */ = {isa = PBXFileReference; fileEncoding = 4; lastKnownFileType = sourcecode.c.h; name = Application.h; path = ../../../../src/Application.h; sourceTree = "<group>"; };
		7473CA6D16330304005DB920 /* Audio.h */ = {isa = PBXFileReference; fileEncoding = 4; lastKnownFileType = sourcecode.c.h; name = Audio.h; path = ../../../../src/Audio.h; sourceTree = "<group>"; };
		7473CA6E16330304005DB920 /* BaseApplication.h */ = {isa = PBXFileReference; fileEncoding = 4; lastKnownFileType = sourcecode.c.h; name = BaseApplication.h; path = ../../../../src/BaseApplication.h; sourceTree = "<group>"; };
		7473CA6F16330304005DB920 /* Input.h */ = {isa = PBXFileReference; fileEncoding = 4; lastKnownFileType = sourcecode.c.h; name = Input.h; path = ../../../../src/Input.h; sourceTree = "<group>"; };
		7473CA7016330304005DB920 /* Player.h */ = {isa = PBXFileReference; fileEncoding = 4; lastKnownFileType = sourcecode.c.h; name = Player.h; path = ../../../../src/Player.h; sourceTree = "<group>"; };
		7473CA7116330304005DB920 /* Shader.h */ = {isa = PBXFileReference; fileEncoding = 4; lastKnownFileType = sourcecode.c.h; name = Shader.h; path = ../../../../src/Shader.h; sourceTree = "<group>"; };
		7473CA7216330304005DB920 /* Sprite.cpp */ = {isa = PBXFileReference; fileEncoding = 4; lastKnownFileType = sourcecode.cpp.cpp; name = Sprite.cpp; path = ../../../../src/Sprite.cpp; sourceTree = "<group>"; };
		7473CA7316330304005DB920 /* Sprite.h */ = {isa = PBXFileReference; fileEncoding = 4; lastKnownFileType = sourcecode.c.h; name = Sprite.h; path = ../../../../src/Sprite.h; sourceTree = "<group>"; };
		7473CA7416330304005DB920 /* Texture.h */ = {isa = PBXFileReference; fileEncoding = 4; lastKnownFileType = sourcecode.c.h; name = Texture.h; path = ../../../../src/Texture.h; sourceTree = "<group>"; };
		7473CA7516330304005DB920 /* Types.h */ = {isa = PBXFileReference; fileEncoding = 4; lastKnownFileType = sourcecode.c.h; name = Types.h; path = ../../../../src/Types.h; sourceTree = "<group>"; };
		7473CA7616330304005DB920 /* Video.cpp */ = {isa = PBXFileReference; fileEncoding = 4; lastKnownFileType = sourcecode.cpp.cpp; name = Video.cpp; path = ../../../../src/Video.cpp; sourceTree = "<group>"; };
		7473CA7716330304005DB920 /* Video.h */ = {isa = PBXFileReference; fileEncoding = 4; lastKnownFileType = sourcecode.c.h; name = Video.h; path = ../../../../src/Video.h; sourceTree = "<group>"; };
		7473CA7816330304005DB920 /* Window.h */ = {isa = PBXFileReference; fileEncoding = 4; lastKnownFileType = sourcecode.c.h; name = Window.h; path = ../../../../src/Window.h; sourceTree = "<group>"; };
		7473CA8A16330366005DB920 /* Color.cpp */ = {isa = PBXFileReference; fileEncoding = 4; lastKnownFileType = sourcecode.cpp.cpp; name = Color.cpp; path = ../../../../src/Math/Color.cpp; sourceTree = "<group>"; };
		7473CA8B16330366005DB920 /* Color.h */ = {isa = PBXFileReference; fileEncoding = 4; lastKnownFileType = sourcecode.c.h; name = Color.h; path = ../../../../src/Math/Color.h; sourceTree = "<group>"; };
		7473CA8C16330366005DB920 /* GameMath.cpp */ = {isa = PBXFileReference; fileEncoding = 4; lastKnownFileType = sourcecode.cpp.cpp; name = GameMath.cpp; path = ../../../../src/Math/GameMath.cpp; sourceTree = "<group>"; };
		7473CA8D16330366005DB920 /* GameMath.h */ = {isa = PBXFileReference; fileEncoding = 4; lastKnownFileType = sourcecode.c.h; name = GameMath.h; path = ../../../../src/Math/GameMath.h; sourceTree = "<group>"; };
		7473CA8E16330366005DB920 /* MersenneTwister.h */ = {isa = PBXFileReference; fileEncoding = 4; lastKnownFileType = sourcecode.c.h; name = MersenneTwister.h; path = ../../../../src/Math/MersenneTwister.h; sourceTree = "<group>"; };
		7473CA8F16330366005DB920 /* OrientedBoundingBox.cpp */ = {isa = PBXFileReference; fileEncoding = 4; lastKnownFileType = sourcecode.cpp.cpp; name = OrientedBoundingBox.cpp; path = ../../../../src/Math/OrientedBoundingBox.cpp; sourceTree = "<group>"; };
		7473CA9016330366005DB920 /* OrientedBoundingBox.h */ = {isa = PBXFileReference; fileEncoding = 4; lastKnownFileType = sourcecode.c.h; name = OrientedBoundingBox.h; path = ../../../../src/Math/OrientedBoundingBox.h; sourceTree = "<group>"; };
		7473CA9116330366005DB920 /* Randomizer.cpp */ = {isa = PBXFileReference; fileEncoding = 4; lastKnownFileType = sourcecode.cpp.cpp; name = Randomizer.cpp; path = ../../../../src/Math/Randomizer.cpp; sourceTree = "<group>"; };
		7473CA9216330366005DB920 /* Randomizer.h */ = {isa = PBXFileReference; fileEncoding = 4; lastKnownFileType = sourcecode.c.h; name = Randomizer.h; path = ../../../../src/Math/Randomizer.h; sourceTree = "<group>"; };
		7473CA9C16330391005DB920 /* FileIOHub.cpp */ = {isa = PBXFileReference; fileEncoding = 4; lastKnownFileType = sourcecode.cpp.cpp; name = FileIOHub.cpp; path = ../../../../src/Platform/FileIOHub.cpp; sourceTree = "<group>"; };
		7473CA9D16330391005DB920 /* FileIOHub.h */ = {isa = PBXFileReference; fileEncoding = 4; lastKnownFileType = sourcecode.c.h; name = FileIOHub.h; path = ../../../../src/Platform/FileIOHub.h; sourceTree = "<group>"; };
		7473CA9E16330391005DB920 /* FileLogger.cpp */ = {isa = PBXFileReference; fileEncoding = 4; lastKnownFileType = sourcecode.cpp.cpp; name = FileLogger.cpp; path = ../../../../src/Platform/FileLogger.cpp; sourceTree = "<group>"; };
		7473CA9F16330391005DB920 /* FileLogger.h */ = {isa = PBXFileReference; fileEncoding = 4; lastKnownFileType = sourcecode.c.h; name = FileLogger.h; path = ../../../../src/Platform/FileLogger.h; sourceTree = "<group>"; };
		7473CAA016330391005DB920 /* FileManager.cpp */ = {isa = PBXFileReference; fileEncoding = 4; lastKnownFileType = sourcecode.cpp.cpp; name = FileManager.cpp; path = ../../../../src/Platform/FileManager.cpp; sourceTree = "<group>"; };
		7473CAA116330391005DB920 /* FileManager.h */ = {isa = PBXFileReference; fileEncoding = 4; lastKnownFileType = sourcecode.c.h; name = FileManager.h; path = ../../../../src/Platform/FileManager.h; sourceTree = "<group>"; };
		7473CAA316330391005DB920 /* Logger.h */ = {isa = PBXFileReference; fileEncoding = 4; lastKnownFileType = sourcecode.c.h; name = Logger.h; path = ../../../../src/Platform/Logger.h; sourceTree = "<group>"; };
		7473CAAD1633044E005DB920 /* BitmapFont.cpp */ = {isa = PBXFileReference; fileEncoding = 4; lastKnownFileType = sourcecode.cpp.cpp; name = BitmapFont.cpp; path = ../../../../src/Video/BitmapFont.cpp; sourceTree = "<group>"; };
		7473CAAE1633044E005DB920 /* BitmapFont.h */ = {isa = PBXFileReference; fileEncoding = 4; lastKnownFileType = sourcecode.c.h; name = BitmapFont.h; path = ../../../../src/Video/BitmapFont.h; sourceTree = "<group>"; };
		7473CAAF1633044E005DB920 /* BitmapFontManager.cpp */ = {isa = PBXFileReference; fileEncoding = 4; lastKnownFileType = sourcecode.cpp.cpp; name = BitmapFontManager.cpp; path = ../../../../src/Video/BitmapFontManager.cpp; sourceTree = "<group>"; };
		7473CAB01633044E005DB920 /* BitmapFontManager.h */ = {isa = PBXFileReference; fileEncoding = 4; lastKnownFileType = sourcecode.c.h; name = BitmapFontManager.h; path = ../../../../src/Video/BitmapFontManager.h; sourceTree = "<group>"; };
		7473CAB11633044E005DB920 /* cgShaderCode.h */ = {isa = PBXFileReference; fileEncoding = 4; lastKnownFileType = sourcecode.c.h; name = cgShaderCode.h; path = ../../../../src/Video/cgShaderCode.h; sourceTree = "<group>"; };
		7473CAB41633044E005DB920 /* Window.h */ = {isa = PBXFileReference; fileEncoding = 4; lastKnownFileType = sourcecode.c.h; name = Window.h; path = ../../../../src/Window.h; sourceTree = "<group>"; };
		7473CABD1633045D005DB920 /* Enml.cpp */ = {isa = PBXFileReference; fileEncoding = 4; lastKnownFileType = sourcecode.cpp.cpp; name = Enml.cpp; path = ../../../../src/Enml/Enml.cpp; sourceTree = "<group>"; };
		7473CABE1633045D005DB920 /* Enml.h */ = {isa = PBXFileReference; fileEncoding = 4; lastKnownFileType = sourcecode.c.h; name = Enml.h; path = ../../../../src/Enml/Enml.h; sourceTree = "<group>"; };
		7473CAC116330624005DB920 /* Platform.macosx.h */ = {isa = PBXFileReference; fileEncoding = 4; lastKnownFileType = sourcecode.c.h; name = Platform.macosx.h; path = ../../../../src/Platform/macosx/Platform.macosx.h; sourceTree = "<group>"; };
		7473CAC216330624005DB920 /* Platform.macosx.mm */ = {isa = PBXFileReference; fileEncoding = 4; lastKnownFileType = sourcecode.cpp.objcpp; name = Platform.macosx.mm; path = ../../../../src/Platform/macosx/Platform.macosx.mm; sourceTree = "<group>"; };
		7473CAC516330E1C005DB920 /* Platform.cpp */ = {isa = PBXFileReference; fileEncoding = 4; lastKnownFileType = sourcecode.cpp.cpp; name = Platform.cpp; path = ../../../../src/Platform/Platform.cpp; sourceTree = "<group>"; };
		7473CAC616330E1C005DB920 /* Platform.h */ = {isa = PBXFileReference; fileEncoding = 4; lastKnownFileType = sourcecode.c.h; name = Platform.h; path = ../../../../src/Platform/Platform.h; sourceTree = "<group>"; };
		7473CACA1633140B005DB920 /* SDLWindow.cpp */ = {isa = PBXFileReference; fileEncoding = 4; lastKnownFileType = sourcecode.cpp.cpp; name = SDLWindow.cpp; path = ../../../../src/Platform/sdl/SDLWindow.cpp; sourceTree = "<group>"; };
		7473CACB1633140B005DB920 /* SDLWindow.h */ = {isa = PBXFileReference; fileEncoding = 4; lastKnownFileType = sourcecode.c.h; name = SDLWindow.h; path = ../../../../src/Platform/sdl/SDLWindow.h; sourceTree = "<group>"; };
		7473CADE16358AC6005DB920 /* GLVideo.cpp */ = {isa = PBXFileReference; fileEncoding = 4; lastKnownFileType = sourcecode.cpp.cpp; name = GLVideo.cpp; path = ../../../../src/Video/GL/GLVideo.cpp; sourceTree = "<group>"; usesTabs = 1; };
		7473CADF16358AC6005DB920 /* GLVideo.h */ = {isa = PBXFileReference; fileEncoding = 4; lastKnownFileType = sourcecode.c.h; name = GLVideo.h; path = ../../../../src/Video/GL/GLVideo.h; sourceTree = "<group>"; };
		7473CAE31635ABD9005DB920 /* GLSDLVideo.cpp */ = {isa = PBXFileReference; fileEncoding = 4; lastKnownFileType = sourcecode.cpp.cpp; name = GLSDLVideo.cpp; path = ../../../../src/Video/GLSDL/GLSDLVideo.cpp; sourceTree = "<group>"; };
		7473CAE41635ABD9005DB920 /* GLSDLVideo.h */ = {isa = PBXFileReference; fileEncoding = 4; lastKnownFileType = sourcecode.c.h; name = GLSDLVideo.h; path = ../../../../src/Video/GLSDL/GLSDLVideo.h; sourceTree = "<group>"; };
		74838D28163C0C2C0027CFFC /* RecoverableResource.h */ = {isa = PBXFileReference; lastKnownFileType = sourcecode.c.h; name = RecoverableResource.h; path = ../../../../src/Utilities/RecoverableResource.h; sourceTree = "<group>"; };
		74838D2C163C13E30027CFFC /* RecoverableResourceManager.cpp */ = {isa = PBXFileReference; fileEncoding = 4; lastKnownFileType = sourcecode.cpp.cpp; name = RecoverableResourceManager.cpp; path = ../../../../src/Utilities/RecoverableResourceManager.cpp; sourceTree = "<group>"; };
		74838D2D163C13E30027CFFC /* RecoverableResourceManager.h */ = {isa = PBXFileReference; fileEncoding = 4; lastKnownFileType = sourcecode.c.h; name = RecoverableResourceManager.h; path = ../../../../src/Utilities/RecoverableResourceManager.h; sourceTree = "<group>"; };
		74838D34163F25AA0027CFFC /* SDLInput.cpp */ = {isa = PBXFileReference; fileEncoding = 4; lastKnownFileType = sourcecode.cpp.cpp; name = SDLInput.cpp; path = ../../../../src/Input/SDL/SDLInput.cpp; sourceTree = "<group>"; };
		74838D35163F25AA0027CFFC /* SDLInput.h */ = {isa = PBXFileReference; fileEncoding = 4; lastKnownFileType = sourcecode.c.h; name = SDLInput.h; path = ../../../../src/Input/SDL/SDLInput.h; sourceTree = "<group>"; };
		74838D391640730A0027CFFC /* KeyStateManager.cpp */ = {isa = PBXFileReference; fileEncoding = 4; lastKnownFileType = sourcecode.cpp.cpp; name = KeyStateManager.cpp; path = ../../../../src/Input/KeyStateManager.cpp; sourceTree = "<group>"; };
		74838D3A1640730C0027CFFC /* KeyStateManager.h */ = {isa = PBXFileReference; fileEncoding = 4; lastKnownFileType = sourcecode.c.h; name = KeyStateManager.h; path = ../../../../src/Input/KeyStateManager.h; sourceTree = "<group>"; };
		74838D3E16414F690027CFFC /* SDLJoystick.cpp */ = {isa = PBXFileReference; fileEncoding = 4; lastKnownFileType = sourcecode.cpp.cpp; name = SDLJoystick.cpp; path = ../../../../src/Input/SDL/SDLJoystick.cpp; sourceTree = "<group>"; };
		74838D3F16414F690027CFFC /* SDLJoystick.h */ = {isa = PBXFileReference; fileEncoding = 4; lastKnownFileType = sourcecode.c.h; name = SDLJoystick.h; path = ../../../../src/Input/SDL/SDLJoystick.h; sourceTree = "<group>"; };
		7486553716382B6A0096D869 /* Cg.framework */ = {isa = PBXFileReference; lastKnownFileType = wrapper.framework; name = Cg.framework; path = ../../../vendors/Cg.framework; sourceTree = "<group>"; };
		7486553A16382B960096D869 /* Cg.framework */ = {isa = PBXFileReference; lastKnownFileType = wrapper.framework; name = Cg.framework; path = ../../../vendors/Cg.framework; sourceTree = "<group>"; };
		7486553C16382C000096D869 /* GLCgShaderContext.cpp */ = {isa = PBXFileReference; fileEncoding = 4; lastKnownFileType = sourcecode.cpp.cpp; name = GLCgShaderContext.cpp; path = ../../../../src/Video/GL/Cg/GLCgShaderContext.cpp; sourceTree = "<group>"; };
		7486553D16382C000096D869 /* GLCgShaderContext.h */ = {isa = PBXFileReference; fileEncoding = 4; lastKnownFileType = sourcecode.c.h; name = GLCgShaderContext.h; path = ../../../../src/Video/GL/Cg/GLCgShaderContext.h; sourceTree = "<group>"; };
		7486554116383A540096D869 /* GLCgShader.cpp */ = {isa = PBXFileReference; fileEncoding = 4; lastKnownFileType = sourcecode.cpp.cpp; name = GLCgShader.cpp; path = ../../../../src/Video/GL/Cg/GLCgShader.cpp; sourceTree = "<group>"; };
		7486554216383A540096D869 /* GLCgShader.h */ = {isa = PBXFileReference; fileEncoding = 4; lastKnownFileType = sourcecode.c.h; name = GLCgShader.h; path = ../../../../src/Video/GL/Cg/GLCgShader.h; sourceTree = "<group>"; };
		7486554516397C1C0096D869 /* GLTexture.cpp */ = {isa = PBXFileReference; fileEncoding = 4; lastKnownFileType = sourcecode.cpp.cpp; name = GLTexture.cpp; path = ../../../../src/Video/GL/GLTexture.cpp; sourceTree = "<group>"; usesTabs = 1; };
		7486554616397C1D0096D869 /* GLTexture.h */ = {isa = PBXFileReference; fileEncoding = 4; lastKnownFileType = sourcecode.c.h; name = GLTexture.h; path = ../../../../src/Video/GL/GLTexture.h; sourceTree = "<group>"; usesTabs = 1; };
		748655601639E15F0096D869 /* GLSprite.cpp */ = {isa = PBXFileReference; fileEncoding = 4; lastKnownFileType = sourcecode.cpp.cpp; name = GLSprite.cpp; path = ../../../../src/Video/GL/GLSprite.cpp; sourceTree = "<group>"; usesTabs = 1; };
		748655611639E15F0096D869 /* GLSprite.h */ = {isa = PBXFileReference; fileEncoding = 4; lastKnownFileType = sourcecode.c.h; name = GLSprite.h; path = ../../../../src/Video/GL/GLSprite.h; sourceTree = "<group>"; };
		7490C8C31835299900AC21C5 /* CDXMacOSXSupport.h */ = {isa = PBXFileReference; fileEncoding = 4; lastKnownFileType = sourcecode.c.h; name = CDXMacOSXSupport.h; path = ../../../src/Audio/CocosDenshion/CocosDenshion/CDXMacOSXSupport.h; sourceTree = "<group>"; };
		7490C8C41835299900AC21C5 /* CDXMacOSXSupport.m */ = {isa = PBXFileReference; fileEncoding = 4; lastKnownFileType = sourcecode.c.objc; name = CDXMacOSXSupport.m; path = ../../../src/Audio/CocosDenshion/CocosDenshion/CDXMacOSXSupport.m; sourceTree = "<group>"; };
		7490C8C7183529C300AC21C5 /* SDL2.framework */ = {isa = PBXFileReference; lastKnownFileType = wrapper.framework; name = SDL2.framework; path = ../../../vendors/SDL2.framework; sourceTree = "<group>"; };
		7490C8D81835861000AC21C5 /* AVFoundation.framework */ = {isa = PBXFileReference; lastKnownFileType = wrapper.framework; name = AVFoundation.framework; path = System/Library/Frameworks/AVFoundation.framework; sourceTree = SDKROOT; };
		74D066CF1A03CBF300D45F66 /* image_DXT.c */ = {isa = PBXFileReference; fileEncoding = 4; lastKnownFileType = sourcecode.c.c; name = image_DXT.c; path = ../../../../soil/image_DXT.c; sourceTree = "<group>"; };
		74D066D01A03CBF300D45F66 /* image_DXT.h */ = {isa = PBXFileReference; fileEncoding = 4; lastKnownFileType = sourcecode.c.h; name = image_DXT.h; path = ../../../../soil/image_DXT.h; sourceTree = "<group>"; };
		74D066D11A03CBF300D45F66 /* image_helper.c */ = {isa = PBXFileReference; fileEncoding = 4; lastKnownFileType = sourcecode.c.c; name = image_helper.c; path = ../../../../soil/image_helper.c; sourceTree = "<group>"; };
		74D066D21A03CBF300D45F66 /* image_helper.h */ = {isa = PBXFileReference; fileEncoding = 4; lastKnownFileType = sourcecode.c.h; name = image_helper.h; path = ../../../../soil/image_helper.h; sourceTree = "<group>"; };
		74D066D31A03CBF300D45F66 /* SOIL.c */ = {isa = PBXFileReference; fileEncoding = 4; lastKnownFileType = sourcecode.c.c; name = SOIL.c; path = ../../../../soil/SOIL.c; sourceTree = "<group>"; };
		74D066D41A03CBF300D45F66 /* SOIL.h */ = {isa = PBXFileReference; fileEncoding = 4; lastKnownFileType = sourcecode.c.h; name = SOIL.h; path = ../../../../soil/SOIL.h; sourceTree = "<group>"; };
		74D066D51A03CBF300D45F66 /* stb_image_aug.c */ = {isa = PBXFileReference; fileEncoding = 4; lastKnownFileType = sourcecode.c.c; name = stb_image_aug.c; path = ../../../../soil/stb_image_aug.c; sourceTree = "<group>"; };
		74D066D61A03CBF300D45F66 /* stb_image_aug.h */ = {isa = PBXFileReference; fileEncoding = 4; lastKnownFileType = sourcecode.c.h; name = stb_image_aug.h; path = ../../../../soil/stb_image_aug.h; sourceTree = "<group>"; };
		74D066D71A03CBF300D45F66 /* stbi_DDS_aug_c.h */ = {isa = PBXFileReference; fileEncoding = 4; lastKnownFileType = sourcecode.c.h; name = stbi_DDS_aug_c.h; path = ../../../../soil/stbi_DDS_aug_c.h; sourceTree = "<group>"; };
		74D066D81A03CBF300D45F66 /* stbi_DDS_aug.h */ = {isa = PBXFileReference; fileEncoding = 4; lastKnownFileType = sourcecode.c.h; name = stbi_DDS_aug.h; path = ../../../../soil/stbi_DDS_aug.h; sourceTree = "<group>"; };
		74D47C1217B40A5300E60B05 /* CDAudioContext.h */ = {isa = PBXFileReference; fileEncoding = 4; lastKnownFileType = sourcecode.c.h; name = CDAudioContext.h; path = ../../../src/Audio/CocosDenshion/CDAudioContext.h; sourceTree = "<group>"; };
		74D47C1317B40A5300E60B05 /* CDAudioContext.mm */ = {isa = PBXFileReference; fileEncoding = 4; lastKnownFileType = sourcecode.cpp.objcpp; name = CDAudioContext.mm; path = ../../../src/Audio/CocosDenshion/CDAudioContext.mm; sourceTree = "<group>"; };
		74D47C1617B40A5F00E60B05 /* CDAudioManager.h */ = {isa = PBXFileReference; fileEncoding = 4; lastKnownFileType = sourcecode.c.h; name = CDAudioManager.h; path = ../../../src/Audio/CocosDenshion/CocosDenshion/CDAudioManager.h; sourceTree = "<group>"; };
		74D47C1717B40A5F00E60B05 /* CDAudioManager.m */ = {isa = PBXFileReference; fileEncoding = 4; lastKnownFileType = sourcecode.c.objc; name = CDAudioManager.m; path = ../../../src/Audio/CocosDenshion/CocosDenshion/CDAudioManager.m; sourceTree = "<group>"; };
		74D47C1A17B40A5F00E60B05 /* CDConfig.h */ = {isa = PBXFileReference; fileEncoding = 4; lastKnownFileType = sourcecode.c.h; name = CDConfig.h; path = ../../../src/Audio/CocosDenshion/CocosDenshion/CDConfig.h; sourceTree = "<group>"; };
		74D47C1B17B40A5F00E60B05 /* CDOpenALSupport.h */ = {isa = PBXFileReference; fileEncoding = 4; lastKnownFileType = sourcecode.c.h; name = CDOpenALSupport.h; path = ../../../src/Audio/CocosDenshion/CocosDenshion/CDOpenALSupport.h; sourceTree = "<group>"; };
		74D47C1C17B40A5F00E60B05 /* CDOpenALSupport.m */ = {isa = PBXFileReference; fileEncoding = 4; lastKnownFileType = sourcecode.c.objc; name = CDOpenALSupport.m; path = ../../../src/Audio/CocosDenshion/CocosDenshion/CDOpenALSupport.m; sourceTree = "<group>"; };
		74D47C1D17B40A5F00E60B05 /* CocosDenshion.h */ = {isa = PBXFileReference; fileEncoding = 4; lastKnownFileType = sourcecode.c.h; name = CocosDenshion.h; path = ../../../src/Audio/CocosDenshion/CocosDenshion/CocosDenshion.h; sourceTree = "<group>"; };
		74D47C1E17B40A5F00E60B05 /* CocosDenshion.m */ = {isa = PBXFileReference; fileEncoding = 4; lastKnownFileType = sourcecode.c.objc; name = CocosDenshion.m; path = ../../../src/Audio/CocosDenshion/CocosDenshion/CocosDenshion.m; sourceTree = "<group>"; };
		74D47C1F17B40A5F00E60B05 /* SimpleAudioEngine.h */ = {isa = PBXFileReference; fileEncoding = 4; lastKnownFileType = sourcecode.c.h; name = SimpleAudioEngine.h; path = ../../../src/Audio/CocosDenshion/CocosDenshion/SimpleAudioEngine.h; sourceTree = "<group>"; };
		74D47C2017B40A5F00E60B05 /* SimpleAudioEngine.m */ = {isa = PBXFileReference; fileEncoding = 4; lastKnownFileType = sourcecode.c.objc; name = SimpleAudioEngine.m; path = ../../../src/Audio/CocosDenshion/CocosDenshion/SimpleAudioEngine.m; sourceTree = "<group>"; };
		74D47C3017B40B0800E60B05 /* CDAudioSample.h */ = {isa = PBXFileReference; fileEncoding = 4; lastKnownFileType = sourcecode.c.h; name = CDAudioSample.h; path = ../../../src/Audio/CocosDenshion/CDAudioSample.h; sourceTree = "<group>"; };
		74D47C3117B40B0800E60B05 /* CDAudioSample.mm */ = {isa = PBXFileReference; fileEncoding = 4; lastKnownFileType = sourcecode.cpp.objcpp; name = CDAudioSample.mm; path = ../../../src/Audio/CocosDenshion/CDAudioSample.mm; sourceTree = "<group>"; };
		74F3A4F61632E3870064C9A5 /* gs2d.framework */ = {isa = PBXFileReference; explicitFileType = wrapper.framework; includeInIndex = 0; path = gs2d.framework; sourceTree = BUILT_PRODUCTS_DIR; };
		74F3A4F91632E3870064C9A5 /* Cocoa.framework */ = {isa = PBXFileReference; lastKnownFileType = wrapper.framework; name = Cocoa.framework; path = System/Library/Frameworks/Cocoa.framework; sourceTree = SDKROOT; };
		74F3A4FC1632E3870064C9A5 /* AppKit.framework */ = {isa = PBXFileReference; lastKnownFileType = wrapper.framework; name = AppKit.framework; path = System/Library/Frameworks/AppKit.framework; sourceTree = SDKROOT; };
		74F3A4FD1632E3870064C9A5 /* CoreData.framework */ = {isa = PBXFileReference; lastKnownFileType = wrapper.framework; name = CoreData.framework; path = System/Library/Frameworks/CoreData.framework; sourceTree = SDKROOT; };
		74F3A4FE1632E3870064C9A5 /* Foundation.framework */ = {isa = PBXFileReference; lastKnownFileType = wrapper.framework; name = Foundation.framework; path = System/Library/Frameworks/Foundation.framework; sourceTree = SDKROOT; };
		74F3A5011632E3870064C9A5 /* gs2d-Info.plist */ = {isa = PBXFileReference; lastKnownFileType = text.plist.xml; path = "gs2d-Info.plist"; sourceTree = "<group>"; };
		74F3A5031632E3870064C9A5 /* en */ = {isa = PBXFileReference; lastKnownFileType = text.plist.strings; name = en; path = en.lproj/InfoPlist.strings; sourceTree = "<group>"; };
		74F3A5051632E3870064C9A5 /* gs2d-Prefix.pch */ = {isa = PBXFileReference; lastKnownFileType = sourcecode.c.h; path = "gs2d-Prefix.pch"; sourceTree = "<group>"; };
		74FF04E218046B23006D0F9F /* utf8 */ = {isa = PBXFileReference; lastKnownFileType = folder; name = utf8; path = ../../../../src/Unicode/utf8; sourceTree = "<group>"; };
/* End PBXFileReference section */

/* Begin PBXFrameworksBuildPhase section */
		74F3A4F21632E3870064C9A5 /* Frameworks */ = {
			isa = PBXFrameworksBuildPhase;
			buildActionMask = 2147483647;
			files = (
				7490C8D91835861000AC21C5 /* AVFoundation.framework in Frameworks */,
				7490C8C8183529C300AC21C5 /* SDL2.framework in Frameworks */,
				741E44B0181ADC5800E7ED3E /* AudioToolbox.framework in Frameworks */,
				741E44AE181ADC5100E7ED3E /* OpenAL.framework in Frameworks */,
				7486553816382B6A0096D869 /* Cg.framework in Frameworks */,
				7458F0801635F18300D48019 /* OpenGL.framework in Frameworks */,
				74F3A4FA1632E3870064C9A5 /* Cocoa.framework in Frameworks */,
			);
			runOnlyForDeploymentPostprocessing = 0;
		};
/* End PBXFrameworksBuildPhase section */

/* Begin PBXGroup section */
		7423B6A2165FF418008848EA /* SharedData */ = {
			isa = PBXGroup;
			children = (
				7423B699165FF413008848EA /* SharedData.cpp */,
				7423B69A165FF413008848EA /* SharedData.h */,
				7423B69B165FF413008848EA /* SharedDataManager.cpp */,
				7423B69C165FF413008848EA /* SharedDataManager.h */,
			);
			name = SharedData;
			sourceTree = "<group>";
		};
		7458968C167650D10012C1EF /* Unicode */ = {
			isa = PBXGroup;
			children = (
				74FF04E218046B23006D0F9F /* utf8 */,
			);
			name = Unicode;
			sourceTree = "<group>";
		};
		7473CA8716330318005DB920 /* Math */ = {
			isa = PBXGroup;
			children = (
				7473CA8A16330366005DB920 /* Color.cpp */,
				7473CA8B16330366005DB920 /* Color.h */,
				7473CA8C16330366005DB920 /* GameMath.cpp */,
				7473CA8D16330366005DB920 /* GameMath.h */,
				7473CA8E16330366005DB920 /* MersenneTwister.h */,
				7473CA8F16330366005DB920 /* OrientedBoundingBox.cpp */,
				7473CA9016330366005DB920 /* OrientedBoundingBox.h */,
				7473CA9116330366005DB920 /* Randomizer.cpp */,
				7473CA9216330366005DB920 /* Randomizer.h */,
			);
			name = Math;
			sourceTree = "<group>";
		};
		7473CA8816330323005DB920 /* Platform */ = {
			isa = PBXGroup;
			children = (
				7423B6A2165FF418008848EA /* SharedData */,
				7473CACE16331548005DB920 /* macosx */,
				7473CAC91633138B005DB920 /* sdl */,
				7473CAC516330E1C005DB920 /* Platform.cpp */,
				7473CAC616330E1C005DB920 /* Platform.h */,
				7473CA9C16330391005DB920 /* FileIOHub.cpp */,
				7473CA9D16330391005DB920 /* FileIOHub.h */,
				7473CA9E16330391005DB920 /* FileLogger.cpp */,
				7473CA9F16330391005DB920 /* FileLogger.h */,
				7473CAA016330391005DB920 /* FileManager.cpp */,
				7473CAA116330391005DB920 /* FileManager.h */,
				7473CAA316330391005DB920 /* Logger.h */,
				7421F2DD1648173000C55BAE /* StdFileManager.cpp */,
				7421F2DE1648173000C55BAE /* StdFileManager.h */,
			);
			name = Platform;
			sourceTree = "<group>";
		};
		7473CA891633032E005DB920 /* Enml */ = {
			isa = PBXGroup;
			children = (
				7473CABD1633045D005DB920 /* Enml.cpp */,
				7473CABE1633045D005DB920 /* Enml.h */,
			);
			name = Enml;
			sourceTree = "<group>";
		};
		7473CAAC16330431005DB920 /* Video */ = {
			isa = PBXGroup;
			children = (
				7473CAE21635AA97005DB920 /* GLSDL */,
				7473CADD16358A8F005DB920 /* GL */,
				7473CAAD1633044E005DB920 /* BitmapFont.cpp */,
				7473CAAE1633044E005DB920 /* BitmapFont.h */,
				7473CAAF1633044E005DB920 /* BitmapFontManager.cpp */,
				7473CAB01633044E005DB920 /* BitmapFontManager.h */,
				7473CAB11633044E005DB920 /* cgShaderCode.h */,
				7473CAB41633044E005DB920 /* Window.h */,
			);
			name = Video;
			sourceTree = "<group>";
		};
		7473CAC91633138B005DB920 /* sdl */ = {
			isa = PBXGroup;
			children = (
				7473CACA1633140B005DB920 /* SDLWindow.cpp */,
				7473CACB1633140B005DB920 /* SDLWindow.h */,
			);
			name = sdl;
			sourceTree = "<group>";
		};
		7473CACE16331548005DB920 /* macosx */ = {
			isa = PBXGroup;
			children = (
				7473CAC116330624005DB920 /* Platform.macosx.h */,
				7473CAC216330624005DB920 /* Platform.macosx.mm */,
				7458F0821636CFB200D48019 /* MacOSXFileIOHub.mm */,
				7458F0831636CFB200D48019 /* MacOSXFileIOHub.h */,
			);
			name = macosx;
			sourceTree = "<group>";
		};
		7473CADD16358A8F005DB920 /* GL */ = {
			isa = PBXGroup;
			children = (
				748655401638302E0096D869 /* Shaders */,
				7458F08E16377D9000D48019 /* GLRectRenderer.cpp */,
				7458F08F16377D9000D48019 /* GLRectRenderer.h */,
				7473CADE16358AC6005DB920 /* GLVideo.cpp */,
				7473CADF16358AC6005DB920 /* GLVideo.h */,
				7458F09216377E3A00D48019 /* GLInclude.h */,
				7486554516397C1C0096D869 /* GLTexture.cpp */,
				7486554616397C1D0096D869 /* GLTexture.h */,
				748655601639E15F0096D869 /* GLSprite.cpp */,
				748655611639E15F0096D869 /* GLSprite.h */,
			);
			name = GL;
			sourceTree = "<group>";
		};
		7473CAE21635AA97005DB920 /* GLSDL */ = {
			isa = PBXGroup;
			children = (
				7473CAE31635ABD9005DB920 /* GLSDLVideo.cpp */,
				7473CAE41635ABD9005DB920 /* GLSDLVideo.h */,
			);
			name = GLSDL;
			sourceTree = "<group>";
		};
		74838D29163C0C390027CFFC /* Utilities */ = {
			isa = PBXGroup;
			children = (
				74838D2C163C13E30027CFFC /* RecoverableResourceManager.cpp */,
				74838D2D163C13E30027CFFC /* RecoverableResourceManager.h */,
				74838D28163C0C2C0027CFFC /* RecoverableResource.h */,
				7473CA891633032E005DB920 /* Enml */,
			);
			name = Utilities;
			sourceTree = "<group>";
		};
		74838D38163F25C80027CFFC /* Input */ = {
			isa = PBXGroup;
			children = (
				74838D391640730A0027CFFC /* KeyStateManager.cpp */,
				74838D3A1640730C0027CFFC /* KeyStateManager.h */,
				74838D3D164073170027CFFC /* SDL */,
			);
			name = Input;
			sourceTree = "<group>";
		};
		74838D3D164073170027CFFC /* SDL */ = {
			isa = PBXGroup;
			children = (
				74838D34163F25AA0027CFFC /* SDLInput.cpp */,
				74838D35163F25AA0027CFFC /* SDLInput.h */,
				74838D3E16414F690027CFFC /* SDLJoystick.cpp */,
				74838D3F16414F690027CFFC /* SDLJoystick.h */,
			);
			name = SDL;
			sourceTree = "<group>";
		};
		74838D461641A86A0027CFFC /* Audio */ = {
			isa = PBXGroup;
			children = (
				74D47C3017B40B0800E60B05 /* CDAudioSample.h */,
				74D47C3117B40B0800E60B05 /* CDAudioSample.mm */,
				74D47C1217B40A5300E60B05 /* CDAudioContext.h */,
				74D47C1317B40A5300E60B05 /* CDAudioContext.mm */,
				74D47C1017B40A2800E60B05 /* CocosDenshion */,
			);
			name = Audio;
			path = ..;
			sourceTree = "<group>";
		};
		748655401638302E0096D869 /* Shaders */ = {
			isa = PBXGroup;
			children = (
				7486554116383A540096D869 /* GLCgShader.cpp */,
				7486554216383A540096D869 /* GLCgShader.h */,
				7486553C16382C000096D869 /* GLCgShaderContext.cpp */,
				7486553D16382C000096D869 /* GLCgShaderContext.h */,
			);
			name = Shaders;
			sourceTree = "<group>";
		};
		74865549163980EF0096D869 /* SOIL */ = {
			isa = PBXGroup;
			children = (
				74D066CF1A03CBF300D45F66 /* image_DXT.c */,
				74D066D01A03CBF300D45F66 /* image_DXT.h */,
				74D066D11A03CBF300D45F66 /* image_helper.c */,
				74D066D21A03CBF300D45F66 /* image_helper.h */,
				74D066D31A03CBF300D45F66 /* SOIL.c */,
				74D066D41A03CBF300D45F66 /* SOIL.h */,
				74D066D51A03CBF300D45F66 /* stb_image_aug.c */,
				74D066D61A03CBF300D45F66 /* stb_image_aug.h */,
				74D066D71A03CBF300D45F66 /* stbi_DDS_aug_c.h */,
				74D066D81A03CBF300D45F66 /* stbi_DDS_aug.h */,
			);
			name = SOIL;
			sourceTree = "<group>";
		};
		74D47C1017B40A2800E60B05 /* CocosDenshion */ = {
			isa = PBXGroup;
			children = (
				74D47C1617B40A5F00E60B05 /* CDAudioManager.h */,
				74D47C1717B40A5F00E60B05 /* CDAudioManager.m */,
				74D47C1A17B40A5F00E60B05 /* CDConfig.h */,
				74D47C1B17B40A5F00E60B05 /* CDOpenALSupport.h */,
				74D47C1C17B40A5F00E60B05 /* CDOpenALSupport.m */,
				74D47C1D17B40A5F00E60B05 /* CocosDenshion.h */,
				74D47C1E17B40A5F00E60B05 /* CocosDenshion.m */,
				74D47C1F17B40A5F00E60B05 /* SimpleAudioEngine.h */,
				74D47C2017B40A5F00E60B05 /* SimpleAudioEngine.m */,
				7490C8C31835299900AC21C5 /* CDXMacOSXSupport.h */,
				7490C8C41835299900AC21C5 /* CDXMacOSXSupport.m */,
			);
			name = CocosDenshion;
			sourceTree = "<group>";
		};
		74F3A4EA1632E3870064C9A5 = {
			isa = PBXGroup;
			children = (
				74F3A4FF1632E3870064C9A5 /* gs2d */,
				74865549163980EF0096D869 /* SOIL */,
				74F3A4F81632E3870064C9A5 /* Frameworks */,
				74F3A4F71632E3870064C9A5 /* Products */,
			);
			sourceTree = "<group>";
			usesTabs = 0;
		};
		74F3A4F71632E3870064C9A5 /* Products */ = {
			isa = PBXGroup;
			children = (
				74F3A4F61632E3870064C9A5 /* gs2d.framework */,
			);
			name = Products;
			sourceTree = "<group>";
		};
		74F3A4F81632E3870064C9A5 /* Frameworks */ = {
			isa = PBXGroup;
			children = (
				7490C8D81835861000AC21C5 /* AVFoundation.framework */,
				7490C8C7183529C300AC21C5 /* SDL2.framework */,
				741E44AF181ADC5800E7ED3E /* AudioToolbox.framework */,
				741E44AD181ADC5100E7ED3E /* OpenAL.framework */,
				7486553A16382B960096D869 /* Cg.framework */,
				7486553716382B6A0096D869 /* Cg.framework */,
				7458F07F1635F18300D48019 /* OpenGL.framework */,
				74F3A4F91632E3870064C9A5 /* Cocoa.framework */,
				74F3A4FB1632E3870064C9A5 /* Other Frameworks */,
			);
			name = Frameworks;
			sourceTree = "<group>";
		};
		74F3A4FB1632E3870064C9A5 /* Other Frameworks */ = {
			isa = PBXGroup;
			children = (
				74F3A4FC1632E3870064C9A5 /* AppKit.framework */,
				74F3A4FD1632E3870064C9A5 /* CoreData.framework */,
				74F3A4FE1632E3870064C9A5 /* Foundation.framework */,
			);
			name = "Other Frameworks";
			sourceTree = "<group>";
		};
		74F3A4FF1632E3870064C9A5 /* gs2d */ = {
			isa = PBXGroup;
			children = (
				74838D461641A86A0027CFFC /* Audio */,
				74838D38163F25C80027CFFC /* Input */,
				7473CAAC16330431005DB920 /* Video */,
				74838D29163C0C390027CFFC /* Utilities */,
				7473CA8816330323005DB920 /* Platform */,
				7473CA8716330318005DB920 /* Math */,
				7458968C167650D10012C1EF /* Unicode */,
				7473CA6B16330304005DB920 /* Application.cpp */,
				7473CA6C16330304005DB920 /* Application.h */,
				7473CA6D16330304005DB920 /* Audio.h */,
				7473CA6E16330304005DB920 /* BaseApplication.h */,
				7473CA6F16330304005DB920 /* Input.h */,
				7473CA7016330304005DB920 /* Player.h */,
				7473CA7116330304005DB920 /* Shader.h */,
				7473CA7216330304005DB920 /* Sprite.cpp */,
				7473CA7316330304005DB920 /* Sprite.h */,
				7473CA7416330304005DB920 /* Texture.h */,
				7473CA7516330304005DB920 /* Types.h */,
				7473CA7616330304005DB920 /* Video.cpp */,
				7473CA7716330304005DB920 /* Video.h */,
				7473CA7816330304005DB920 /* Window.h */,
				74F3A5001632E3870064C9A5 /* Supporting Files */,
			);
			path = gs2d;
			sourceTree = "<group>";
		};
		74F3A5001632E3870064C9A5 /* Supporting Files */ = {
			isa = PBXGroup;
			children = (
				74F3A5011632E3870064C9A5 /* gs2d-Info.plist */,
				74F3A5021632E3870064C9A5 /* InfoPlist.strings */,
				74F3A5051632E3870064C9A5 /* gs2d-Prefix.pch */,
			);
			name = "Supporting Files";
			sourceTree = "<group>";
		};
/* End PBXGroup section */

/* Begin PBXHeadersBuildPhase section */
		74F3A4F31632E3870064C9A5 /* Headers */ = {
			isa = PBXHeadersBuildPhase;
			buildActionMask = 2147483647;
			files = (
				7473CA7A16330304005DB920 /* Application.h in Headers */,
				7473CA7B16330304005DB920 /* Audio.h in Headers */,
				7473CA7C16330304005DB920 /* BaseApplication.h in Headers */,
				74D066DE1A03CBF300D45F66 /* SOIL.h in Headers */,
				7473CA7D16330304005DB920 /* Input.h in Headers */,
				7473CA7E16330304005DB920 /* Player.h in Headers */,
				7473CA7F16330304005DB920 /* Shader.h in Headers */,
				7473CA8116330304005DB920 /* Sprite.h in Headers */,
				7473CA8216330304005DB920 /* Texture.h in Headers */,
				7473CA8316330304005DB920 /* Types.h in Headers */,
				7473CA8516330304005DB920 /* Video.h in Headers */,
				7473CA8616330304005DB920 /* Window.h in Headers */,
				7473CA9416330366005DB920 /* Color.h in Headers */,
				7473CA9616330366005DB920 /* GameMath.h in Headers */,
				7473CA9716330366005DB920 /* MersenneTwister.h in Headers */,
				7473CA9916330366005DB920 /* OrientedBoundingBox.h in Headers */,
				74D066E01A03CBF300D45F66 /* stb_image_aug.h in Headers */,
				74D066DA1A03CBF300D45F66 /* image_DXT.h in Headers */,
				7473CA9B16330366005DB920 /* Randomizer.h in Headers */,
				7473CAA516330391005DB920 /* FileIOHub.h in Headers */,
				7473CAA716330391005DB920 /* FileLogger.h in Headers */,
				7473CAA916330391005DB920 /* FileManager.h in Headers */,
				7473CAAB16330391005DB920 /* Logger.h in Headers */,
				7473CAB61633044E005DB920 /* BitmapFont.h in Headers */,
				7473CAB81633044E005DB920 /* BitmapFontManager.h in Headers */,
				7473CAB91633044E005DB920 /* cgShaderCode.h in Headers */,
				7473CAC01633045D005DB920 /* Enml.h in Headers */,
				7473CAC316330624005DB920 /* Platform.macosx.h in Headers */,
				7473CAC816330E1C005DB920 /* Platform.h in Headers */,
				7473CACD1633140B005DB920 /* SDLWindow.h in Headers */,
				7473CAE116358AC6005DB920 /* GLVideo.h in Headers */,
				74D066E11A03CBF300D45F66 /* stbi_DDS_aug_c.h in Headers */,
				7473CAE61635ABD9005DB920 /* GLSDLVideo.h in Headers */,
				7458F0851636CFB200D48019 /* MacOSXFileIOHub.h in Headers */,
				7458F09116377D9000D48019 /* GLRectRenderer.h in Headers */,
				7486553F16382C000096D869 /* GLCgShaderContext.h in Headers */,
				7486554416383A540096D869 /* GLCgShader.h in Headers */,
				7486554816397C1D0096D869 /* GLTexture.h in Headers */,
				748655631639E1600096D869 /* GLSprite.h in Headers */,
				74D066DC1A03CBF300D45F66 /* image_helper.h in Headers */,
				74838D2F163C13E30027CFFC /* RecoverableResourceManager.h in Headers */,
				74838D37163F25AB0027CFFC /* SDLInput.h in Headers */,
				74838D3C1640730D0027CFFC /* KeyStateManager.h in Headers */,
				74838D4116414F6A0027CFFC /* SDLJoystick.h in Headers */,
				7421F2E01648173000C55BAE /* StdFileManager.h in Headers */,
				7423B69E165FF413008848EA /* SharedData.h in Headers */,
				7423B6A0165FF413008848EA /* SharedDataManager.h in Headers */,
				74D47C1417B40A5300E60B05 /* CDAudioContext.h in Headers */,
				74D47C2117B40A5F00E60B05 /* CDAudioManager.h in Headers */,
				74D47C2517B40A5F00E60B05 /* CDConfig.h in Headers */,
				74D47C2617B40A5F00E60B05 /* CDOpenALSupport.h in Headers */,
				74D47C2817B40A5F00E60B05 /* CocosDenshion.h in Headers */,
				7490C8C51835299900AC21C5 /* CDXMacOSXSupport.h in Headers */,
				74D066E21A03CBF300D45F66 /* stbi_DDS_aug.h in Headers */,
				74D47C2A17B40A5F00E60B05 /* SimpleAudioEngine.h in Headers */,
				74D47C3217B40B0800E60B05 /* CDAudioSample.h in Headers */,
			);
			runOnlyForDeploymentPostprocessing = 0;
		};
/* End PBXHeadersBuildPhase section */

/* Begin PBXNativeTarget section */
		74F3A4F51632E3870064C9A5 /* gs2d */ = {
			isa = PBXNativeTarget;
			buildConfigurationList = 74F3A50B1632E3870064C9A5 /* Build configuration list for PBXNativeTarget "gs2d" */;
			buildPhases = (
				74F3A4F11632E3870064C9A5 /* Sources */,
				74F3A4F21632E3870064C9A5 /* Frameworks */,
				74F3A4F31632E3870064C9A5 /* Headers */,
				74F3A4F41632E3870064C9A5 /* Resources */,
				742D34131637A62C00A447A2 /* CopyFiles */,
			);
			buildRules = (
			);
			dependencies = (
			);
			name = gs2d;
			productName = gs2d;
			productReference = 74F3A4F61632E3870064C9A5 /* gs2d.framework */;
			productType = "com.apple.product-type.framework";
		};
/* End PBXNativeTarget section */

/* Begin PBXProject section */
		74F3A4EC1632E3870064C9A5 /* Project object */ = {
			isa = PBXProject;
			attributes = {
				LastUpgradeCheck = 0620;
				ORGANIZATIONNAME = "Asantee Games";
			};
			buildConfigurationList = 74F3A4EF1632E3870064C9A5 /* Build configuration list for PBXProject "gs2d" */;
			compatibilityVersion = "Xcode 3.2";
			developmentRegion = English;
			hasScannedForEncodings = 0;
			knownRegions = (
				en,
			);
			mainGroup = 74F3A4EA1632E3870064C9A5;
			productRefGroup = 74F3A4F71632E3870064C9A5 /* Products */;
			projectDirPath = "";
			projectRoot = "";
			targets = (
				74F3A4F51632E3870064C9A5 /* gs2d */,
			);
		};
/* End PBXProject section */

/* Begin PBXResourcesBuildPhase section */
		74F3A4F41632E3870064C9A5 /* Resources */ = {
			isa = PBXResourcesBuildPhase;
			buildActionMask = 2147483647;
			files = (
				74F3A5041632E3870064C9A5 /* InfoPlist.strings in Resources */,
				74FF04E318046B23006D0F9F /* utf8 in Resources */,
			);
			runOnlyForDeploymentPostprocessing = 0;
		};
/* End PBXResourcesBuildPhase section */

/* Begin PBXSourcesBuildPhase section */
		74F3A4F11632E3870064C9A5 /* Sources */ = {
			isa = PBXSourcesBuildPhase;
			buildActionMask = 2147483647;
			files = (
				7473CA7916330304005DB920 /* Application.cpp in Sources */,
				7473CA8016330304005DB920 /* Sprite.cpp in Sources */,
				7473CA8416330304005DB920 /* Video.cpp in Sources */,
				7473CA9316330366005DB920 /* Color.cpp in Sources */,
				7473CA9516330366005DB920 /* GameMath.cpp in Sources */,
				7473CA9816330366005DB920 /* OrientedBoundingBox.cpp in Sources */,
				7473CA9A16330366005DB920 /* Randomizer.cpp in Sources */,
				7473CAA416330391005DB920 /* FileIOHub.cpp in Sources */,
				7473CAA616330391005DB920 /* FileLogger.cpp in Sources */,
				74D066DF1A03CBF300D45F66 /* stb_image_aug.c in Sources */,
				7473CAA816330391005DB920 /* FileManager.cpp in Sources */,
				7490C8C61835299900AC21C5 /* CDXMacOSXSupport.m in Sources */,
				7473CAB51633044E005DB920 /* BitmapFont.cpp in Sources */,
				7473CAB71633044E005DB920 /* BitmapFontManager.cpp in Sources */,
				7473CABF1633045D005DB920 /* Enml.cpp in Sources */,
				74D066D91A03CBF300D45F66 /* image_DXT.c in Sources */,
				7473CAC416330624005DB920 /* Platform.macosx.mm in Sources */,
				7473CAC716330E1C005DB920 /* Platform.cpp in Sources */,
				74D066DB1A03CBF300D45F66 /* image_helper.c in Sources */,
				7473CACC1633140B005DB920 /* SDLWindow.cpp in Sources */,
				7473CAE016358AC6005DB920 /* GLVideo.cpp in Sources */,
				7473CAE51635ABD9005DB920 /* GLSDLVideo.cpp in Sources */,
				7458F0841636CFB200D48019 /* MacOSXFileIOHub.mm in Sources */,
				7458F09016377D9000D48019 /* GLRectRenderer.cpp in Sources */,
				7486553E16382C000096D869 /* GLCgShaderContext.cpp in Sources */,
				7486554316383A540096D869 /* GLCgShader.cpp in Sources */,
				74D066DD1A03CBF300D45F66 /* SOIL.c in Sources */,
				7486554716397C1D0096D869 /* GLTexture.cpp in Sources */,
				748655621639E1600096D869 /* GLSprite.cpp in Sources */,
				74838D2E163C13E30027CFFC /* RecoverableResourceManager.cpp in Sources */,
				74838D36163F25AB0027CFFC /* SDLInput.cpp in Sources */,
				74838D3B1640730D0027CFFC /* KeyStateManager.cpp in Sources */,
				74838D4016414F6A0027CFFC /* SDLJoystick.cpp in Sources */,
				7421F2DF1648173000C55BAE /* StdFileManager.cpp in Sources */,
				7423B69D165FF413008848EA /* SharedData.cpp in Sources */,
				7423B69F165FF413008848EA /* SharedDataManager.cpp in Sources */,
				74D47C1517B40A5300E60B05 /* CDAudioContext.mm in Sources */,
				74D47C2217B40A5F00E60B05 /* CDAudioManager.m in Sources */,
				74D47C2717B40A5F00E60B05 /* CDOpenALSupport.m in Sources */,
				74D47C2917B40A5F00E60B05 /* CocosDenshion.m in Sources */,
				74D47C2B17B40A5F00E60B05 /* SimpleAudioEngine.m in Sources */,
				74D47C3317B40B0800E60B05 /* CDAudioSample.mm in Sources */,
			);
			runOnlyForDeploymentPostprocessing = 0;
		};
/* End PBXSourcesBuildPhase section */

/* Begin PBXVariantGroup section */
		74F3A5021632E3870064C9A5 /* InfoPlist.strings */ = {
			isa = PBXVariantGroup;
			children = (
				74F3A5031632E3870064C9A5 /* en */,
			);
			name = InfoPlist.strings;
			sourceTree = "<group>";
		};
/* End PBXVariantGroup section */

/* Begin XCBuildConfiguration section */
		74F3A5091632E3870064C9A5 /* Debug */ = {
			isa = XCBuildConfiguration;
			buildSettings = {
				ALWAYS_SEARCH_USER_PATHS = NO;
				CLANG_CXX_LANGUAGE_STANDARD = "gnu++0x";
				CLANG_CXX_LIBRARY = "libc++";
				CLANG_WARN_EMPTY_BODY = YES;
				CLANG_WARN__DUPLICATE_METHOD_MATCH = YES;
				COPY_PHASE_STRIP = NO;
				GCC_C_LANGUAGE_STANDARD = gnu99;
				GCC_DYNAMIC_NO_PIC = NO;
				GCC_ENABLE_OBJC_EXCEPTIONS = YES;
				GCC_OPTIMIZATION_LEVEL = 0;
				GCC_PREPROCESSOR_DEFINITIONS = (
					"DEBUG=1",
					"$(inherited)",
				);
				GCC_SYMBOLS_PRIVATE_EXTERN = NO;
				GCC_WARN_64_TO_32_BIT_CONVERSION = YES;
				GCC_WARN_ABOUT_RETURN_TYPE = YES;
				GCC_WARN_UNINITIALIZED_AUTOS = YES;
				GCC_WARN_UNUSED_VARIABLE = YES;
				MACOSX_DEPLOYMENT_TARGET = 10.7;
				ONLY_ACTIVE_ARCH = YES;
				SDKROOT = macosx;
			};
			name = Debug;
		};
		74F3A50A1632E3870064C9A5 /* Release */ = {
			isa = XCBuildConfiguration;
			buildSettings = {
				ALWAYS_SEARCH_USER_PATHS = NO;
				CLANG_CXX_LANGUAGE_STANDARD = "gnu++0x";
				CLANG_CXX_LIBRARY = "libc++";
				CLANG_WARN_EMPTY_BODY = YES;
				CLANG_WARN__DUPLICATE_METHOD_MATCH = YES;
				COPY_PHASE_STRIP = YES;
				DEBUG_INFORMATION_FORMAT = "dwarf-with-dsym";
				GCC_C_LANGUAGE_STANDARD = gnu99;
				GCC_ENABLE_OBJC_EXCEPTIONS = YES;
				GCC_WARN_64_TO_32_BIT_CONVERSION = YES;
				GCC_WARN_ABOUT_RETURN_TYPE = YES;
				GCC_WARN_UNINITIALIZED_AUTOS = YES;
				GCC_WARN_UNUSED_VARIABLE = YES;
				MACOSX_DEPLOYMENT_TARGET = 10.7;
				SDKROOT = macosx;
			};
			name = Release;
		};
		74F3A50C1632E3870064C9A5 /* Debug */ = {
			isa = XCBuildConfiguration;
			buildSettings = {
				CLANG_CXX_LIBRARY = "libstdc++";
				COMBINE_HIDPI_IMAGES = YES;
				DYLIB_COMPATIBILITY_VERSION = 1;
				DYLIB_CURRENT_VERSION = 1;
				FRAMEWORK_SEARCH_PATHS = (
					"$(inherited)",
					"\"$(SRCROOT)/../../../vendors\"",
				);
				FRAMEWORK_VERSION = A;
				GCC_PRECOMPILE_PREFIX_HEADER = YES;
				GCC_PREFIX_HEADER = "gs2d/gs2d-Prefix.pch";
				GCC_PREPROCESSOR_DEFINITIONS = (
					MACOSX,
					"$(inherited)",
					OPENGL,
					CD_USE_OWN_FILEUTILS,
				);
				GCC_WARN_UNUSED_PARAMETER = NO;
				HEADER_SEARCH_PATHS = (
					"\"$(SRCROOT)/../../../vendors/BoostSDK\"",
					"\"$(SRCROOT)/../../../../soil\"",
				);
				INFOPLIST_FILE = "gs2d/gs2d-Info.plist";
				INSTALL_PATH = "@executable_path/../Frameworks";
				LD_RUNPATH_SEARCH_PATHS = "@loader_path/../Frameworks";
				LIBRARY_SEARCH_PATHS = "$(inherited)";
				PRODUCT_NAME = "$(TARGET_NAME)";
				SDKROOT = macosx;
				WRAPPER_EXTENSION = framework;
			};
			name = Debug;
		};
		74F3A50D1632E3870064C9A5 /* Release */ = {
			isa = XCBuildConfiguration;
			buildSettings = {
				CLANG_CXX_LIBRARY = "libstdc++";
				COMBINE_HIDPI_IMAGES = YES;
				COPY_PHASE_STRIP = NO;
				DYLIB_COMPATIBILITY_VERSION = 1;
				DYLIB_CURRENT_VERSION = 1;
				FRAMEWORK_SEARCH_PATHS = (
					"$(inherited)",
					"\"$(SRCROOT)/../../../vendors\"",
				);
				FRAMEWORK_VERSION = A;
				GCC_PRECOMPILE_PREFIX_HEADER = YES;
				GCC_PREFIX_HEADER = "gs2d/gs2d-Prefix.pch";
				GCC_PREPROCESSOR_DEFINITIONS = (
					CD_USE_OWN_FILEUTILS,
					MACOSX,
					OPENGL,
				);
				GCC_WARN_UNUSED_PARAMETER = NO;
				HEADER_SEARCH_PATHS = (
					"\"$(SRCROOT)/../../../vendors/BoostSDK\"",
					"\"$(SRCROOT)/../../../../soil\"",
				);
				INFOPLIST_FILE = "gs2d/gs2d-Info.plist";
				INSTALL_PATH = "@executable_path/../Frameworks";
				LD_RUNPATH_SEARCH_PATHS = "@loader_path/../Frameworks";
				LIBRARY_SEARCH_PATHS = "$(inherited)";
				PRODUCT_NAME = "$(TARGET_NAME)";
				SDKROOT = macosx;
				WRAPPER_EXTENSION = framework;
			};
			name = Release;
		};
/* End XCBuildConfiguration section */

/* Begin XCConfigurationList section */
		74F3A4EF1632E3870064C9A5 /* Build configuration list for PBXProject "gs2d" */ = {
			isa = XCConfigurationList;
			buildConfigurations = (
				74F3A5091632E3870064C9A5 /* Debug */,
				74F3A50A1632E3870064C9A5 /* Release */,
			);
			defaultConfigurationIsVisible = 0;
			defaultConfigurationName = Release;
		};
		74F3A50B1632E3870064C9A5 /* Build configuration list for PBXNativeTarget "gs2d" */ = {
			isa = XCConfigurationList;
			buildConfigurations = (
				74F3A50C1632E3870064C9A5 /* Debug */,
				74F3A50D1632E3870064C9A5 /* Release */,
			);
			defaultConfigurationIsVisible = 0;
			defaultConfigurationName = Release;
		};
/* End XCConfigurationList section */
	};
	rootObject = 74F3A4EC1632E3870064C9A5 /* Project object */;
}
