// !$*UTF8*$!
{
	archiveVersion = 1;
	classes = {
	};
	objectVersion = 46;
	objects = {

/* Begin PBXBuildFile section */
		74E6E4EE1A30EFB500E89172 /* Application.h in CopyFiles */ = {isa = PBXBuildFile; fileRef = 74E6E4ED1A30EFB500E89172 /* Application.h */; };
		74E6E4F01A30EFB500E89172 /* Application.m in Sources */ = {isa = PBXBuildFile; fileRef = 74E6E4EF1A30EFB500E89172 /* Application.m */; };
		74E6E4F61A30EFB500E89172 /* libApplication.a in Frameworks */ = {isa = PBXBuildFile; fileRef = 74E6E4EA1A30EFB500E89172 /* libApplication.a */; };
		74E6E50D1A30F05A00E89172 /* Enml.cpp in Sources */ = {isa = PBXBuildFile; fileRef = 74E6E50B1A30F05A00E89172 /* Enml.cpp */; };
		74E6E5171A30F06900E89172 /* Color.cpp in Sources */ = {isa = PBXBuildFile; fileRef = 74E6E50E1A30F06900E89172 /* Color.cpp */; };
		74E6E5181A30F06900E89172 /* GameMath.cpp in Sources */ = {isa = PBXBuildFile; fileRef = 74E6E5101A30F06900E89172 /* GameMath.cpp */; };
		74E6E5191A30F06900E89172 /* OrientedBoundingBox.cpp in Sources */ = {isa = PBXBuildFile; fileRef = 74E6E5131A30F06900E89172 /* OrientedBoundingBox.cpp */; };
		74E6E51A1A30F06900E89172 /* Randomizer.cpp in Sources */ = {isa = PBXBuildFile; fileRef = 74E6E5151A30F06900E89172 /* Randomizer.cpp */; };
		74E6E52E1A30F19900E89172 /* FileIOHub.cpp in Sources */ = {isa = PBXBuildFile; fileRef = 74E6E51C1A30F19900E89172 /* FileIOHub.cpp */; };
		74E6E52F1A30F19900E89172 /* FileLogger.cpp in Sources */ = {isa = PBXBuildFile; fileRef = 74E6E51E1A30F19900E89172 /* FileLogger.cpp */; };
		74E6E5301A30F19900E89172 /* FileManager.cpp in Sources */ = {isa = PBXBuildFile; fileRef = 74E6E5201A30F19900E89172 /* FileManager.cpp */; };
		74E6E5311A30F19900E89172 /* Logger.cpp in Sources */ = {isa = PBXBuildFile; fileRef = 74E6E5221A30F19900E89172 /* Logger.cpp */; };
		74E6E5321A30F19900E89172 /* NativeCommandAssembler.cpp in Sources */ = {isa = PBXBuildFile; fileRef = 74E6E5251A30F19900E89172 /* NativeCommandAssembler.cpp */; };
		74E6E5331A30F19900E89172 /* NativeCommandForwarder.cpp in Sources */ = {isa = PBXBuildFile; fileRef = 74E6E5271A30F19900E89172 /* NativeCommandForwarder.cpp */; };
		74E6E5341A30F19900E89172 /* Platform.cpp in Sources */ = {isa = PBXBuildFile; fileRef = 74E6E52A1A30F19900E89172 /* Platform.cpp */; };
		74E6E5351A30F19900E89172 /* StdFileManager.cpp in Sources */ = {isa = PBXBuildFile; fileRef = 74E6E52C1A30F19900E89172 /* StdFileManager.cpp */; };
		74E6E53C1A30F1B300E89172 /* SharedData.cpp in Sources */ = {isa = PBXBuildFile; fileRef = 74E6E5381A30F1B300E89172 /* SharedData.cpp */; };
		74E6E53D1A30F1B300E89172 /* SharedDataManager.cpp in Sources */ = {isa = PBXBuildFile; fileRef = 74E6E53A1A30F1B300E89172 /* SharedDataManager.cpp */; };
		74E6E5441A30F1C600E89172 /* IOSFileIOHub.cpp in Sources */ = {isa = PBXBuildFile; fileRef = 74E6E53E1A30F1C600E89172 /* IOSFileIOHub.cpp */; };
		74E6E5451A30F1C600E89172 /* IOSNativeCommandListener.mm in Sources */ = {isa = PBXBuildFile; fileRef = 74E6E5411A30F1C600E89172 /* IOSNativeCommandListener.mm */; };
		74E6E5461A30F1C600E89172 /* Platform.ios.mm in Sources */ = {isa = PBXBuildFile; fileRef = 74E6E5431A30F1C600E89172 /* Platform.ios.mm */; };
		74E6E57C1A30FFB600E89172 /* Application.cpp in Sources */ = {isa = PBXBuildFile; fileRef = 74E6E56E1A30FFB500E89172 /* Application.cpp */; };
		74E6E57D1A30FFB600E89172 /* Sprite.cpp in Sources */ = {isa = PBXBuildFile; fileRef = 74E6E5751A30FFB500E89172 /* Sprite.cpp */; };
		74E6E57E1A30FFB600E89172 /* Video.cpp in Sources */ = {isa = PBXBuildFile; fileRef = 74E6E5791A30FFB600E89172 /* Video.cpp */; };
/* End PBXBuildFile section */

/* Begin PBXContainerItemProxy section */
		74E6E4F71A30EFB500E89172 /* PBXContainerItemProxy */ = {
			isa = PBXContainerItemProxy;
			containerPortal = 74E6E4E21A30EFB500E89172 /* Project object */;
			proxyType = 1;
			remoteGlobalIDString = 74E6E4E91A30EFB500E89172;
			remoteInfo = Application;
		};
/* End PBXContainerItemProxy section */

/* Begin PBXCopyFilesBuildPhase section */
		74E6E4E81A30EFB500E89172 /* CopyFiles */ = {
			isa = PBXCopyFilesBuildPhase;
			buildActionMask = 2147483647;
			dstPath = "include/$(PRODUCT_NAME)";
			dstSubfolderSpec = 16;
			files = (
				74E6E4EE1A30EFB500E89172 /* Application.h in CopyFiles */,
			);
			runOnlyForDeploymentPostprocessing = 0;
		};
/* End PBXCopyFilesBuildPhase section */

/* Begin PBXFileReference section */
		74E6E4EA1A30EFB500E89172 /* libApplication.a */ = {isa = PBXFileReference; explicitFileType = archive.ar; includeInIndex = 0; path = libApplication.a; sourceTree = BUILT_PRODUCTS_DIR; };
		74E6E4ED1A30EFB500E89172 /* Application.h */ = {isa = PBXFileReference; lastKnownFileType = sourcecode.c.h; path = Application.h; sourceTree = "<group>"; };
		74E6E4EF1A30EFB500E89172 /* Application.m */ = {isa = PBXFileReference; lastKnownFileType = sourcecode.c.objc; path = Application.m; sourceTree = "<group>"; };
		74E6E4F51A30EFB500E89172 /* ApplicationTests.xctest */ = {isa = PBXFileReference; explicitFileType = wrapper.cfbundle; includeInIndex = 0; path = ApplicationTests.xctest; sourceTree = BUILT_PRODUCTS_DIR; };
		74E6E4FB1A30EFB500E89172 /* Info.plist */ = {isa = PBXFileReference; lastKnownFileType = text.plist.xml; path = Info.plist; sourceTree = "<group>"; };
		74E6E50B1A30F05A00E89172 /* Enml.cpp */ = {isa = PBXFileReference; fileEncoding = 4; lastKnownFileType = sourcecode.cpp.cpp; name = Enml.cpp; path = ../../../../src/gs2d/src/Enml/Enml.cpp; sourceTree = "<group>"; };
		74E6E50C1A30F05A00E89172 /* Enml.h */ = {isa = PBXFileReference; fileEncoding = 4; lastKnownFileType = sourcecode.c.h; name = Enml.h; path = ../../../../src/gs2d/src/Enml/Enml.h; sourceTree = "<group>"; };
		74E6E50E1A30F06900E89172 /* Color.cpp */ = {isa = PBXFileReference; fileEncoding = 4; lastKnownFileType = sourcecode.cpp.cpp; name = Color.cpp; path = ../../../../src/gs2d/src/Math/Color.cpp; sourceTree = "<group>"; };
		74E6E50F1A30F06900E89172 /* Color.h */ = {isa = PBXFileReference; fileEncoding = 4; lastKnownFileType = sourcecode.c.h; name = Color.h; path = ../../../../src/gs2d/src/Math/Color.h; sourceTree = "<group>"; };
		74E6E5101A30F06900E89172 /* GameMath.cpp */ = {isa = PBXFileReference; fileEncoding = 4; lastKnownFileType = sourcecode.cpp.cpp; name = GameMath.cpp; path = ../../../../src/gs2d/src/Math/GameMath.cpp; sourceTree = "<group>"; };
		74E6E5111A30F06900E89172 /* GameMath.h */ = {isa = PBXFileReference; fileEncoding = 4; lastKnownFileType = sourcecode.c.h; name = GameMath.h; path = ../../../../src/gs2d/src/Math/GameMath.h; sourceTree = "<group>"; };
		74E6E5121A30F06900E89172 /* MersenneTwister.h */ = {isa = PBXFileReference; fileEncoding = 4; lastKnownFileType = sourcecode.c.h; name = MersenneTwister.h; path = ../../../../src/gs2d/src/Math/MersenneTwister.h; sourceTree = "<group>"; };
		74E6E5131A30F06900E89172 /* OrientedBoundingBox.cpp */ = {isa = PBXFileReference; fileEncoding = 4; lastKnownFileType = sourcecode.cpp.cpp; name = OrientedBoundingBox.cpp; path = ../../../../src/gs2d/src/Math/OrientedBoundingBox.cpp; sourceTree = "<group>"; };
		74E6E5141A30F06900E89172 /* OrientedBoundingBox.h */ = {isa = PBXFileReference; fileEncoding = 4; lastKnownFileType = sourcecode.c.h; name = OrientedBoundingBox.h; path = ../../../../src/gs2d/src/Math/OrientedBoundingBox.h; sourceTree = "<group>"; };
		74E6E5151A30F06900E89172 /* Randomizer.cpp */ = {isa = PBXFileReference; fileEncoding = 4; lastKnownFileType = sourcecode.cpp.cpp; name = Randomizer.cpp; path = ../../../../src/gs2d/src/Math/Randomizer.cpp; sourceTree = "<group>"; };
		74E6E5161A30F06900E89172 /* Randomizer.h */ = {isa = PBXFileReference; fileEncoding = 4; lastKnownFileType = sourcecode.c.h; name = Randomizer.h; path = ../../../../src/gs2d/src/Math/Randomizer.h; sourceTree = "<group>"; };
		74E6E51C1A30F19900E89172 /* FileIOHub.cpp */ = {isa = PBXFileReference; fileEncoding = 4; lastKnownFileType = sourcecode.cpp.cpp; name = FileIOHub.cpp; path = ../../../../src/gs2d/src/Platform/FileIOHub.cpp; sourceTree = "<group>"; };
		74E6E51D1A30F19900E89172 /* FileIOHub.h */ = {isa = PBXFileReference; fileEncoding = 4; lastKnownFileType = sourcecode.c.h; name = FileIOHub.h; path = ../../../../src/gs2d/src/Platform/FileIOHub.h; sourceTree = "<group>"; };
		74E6E51E1A30F19900E89172 /* FileLogger.cpp */ = {isa = PBXFileReference; fileEncoding = 4; lastKnownFileType = sourcecode.cpp.cpp; name = FileLogger.cpp; path = ../../../../src/gs2d/src/Platform/FileLogger.cpp; sourceTree = "<group>"; };
		74E6E51F1A30F19900E89172 /* FileLogger.h */ = {isa = PBXFileReference; fileEncoding = 4; lastKnownFileType = sourcecode.c.h; name = FileLogger.h; path = ../../../../src/gs2d/src/Platform/FileLogger.h; sourceTree = "<group>"; };
		74E6E5201A30F19900E89172 /* FileManager.cpp */ = {isa = PBXFileReference; fileEncoding = 4; lastKnownFileType = sourcecode.cpp.cpp; name = FileManager.cpp; path = ../../../../src/gs2d/src/Platform/FileManager.cpp; sourceTree = "<group>"; };
		74E6E5211A30F19900E89172 /* FileManager.h */ = {isa = PBXFileReference; fileEncoding = 4; lastKnownFileType = sourcecode.c.h; name = FileManager.h; path = ../../../../src/gs2d/src/Platform/FileManager.h; sourceTree = "<group>"; };
		74E6E5221A30F19900E89172 /* Logger.cpp */ = {isa = PBXFileReference; fileEncoding = 4; lastKnownFileType = sourcecode.cpp.cpp; name = Logger.cpp; path = ../../../../src/gs2d/src/Platform/Logger.cpp; sourceTree = "<group>"; };
		74E6E5231A30F19900E89172 /* Logger.h */ = {isa = PBXFileReference; fileEncoding = 4; lastKnownFileType = sourcecode.c.h; name = Logger.h; path = ../../../../src/gs2d/src/Platform/Logger.h; sourceTree = "<group>"; };
		74E6E5241A30F19900E89172 /* MainSharedHeader.h */ = {isa = PBXFileReference; fileEncoding = 4; lastKnownFileType = sourcecode.c.h; name = MainSharedHeader.h; path = ../../../../src/gs2d/src/Platform/MainSharedHeader.h; sourceTree = "<group>"; };
		74E6E5251A30F19900E89172 /* NativeCommandAssembler.cpp */ = {isa = PBXFileReference; fileEncoding = 4; lastKnownFileType = sourcecode.cpp.cpp; name = NativeCommandAssembler.cpp; path = ../../../../src/gs2d/src/Platform/NativeCommandAssembler.cpp; sourceTree = "<group>"; };
		74E6E5261A30F19900E89172 /* NativeCommandAssembler.h */ = {isa = PBXFileReference; fileEncoding = 4; lastKnownFileType = sourcecode.c.h; name = NativeCommandAssembler.h; path = ../../../../src/gs2d/src/Platform/NativeCommandAssembler.h; sourceTree = "<group>"; };
		74E6E5271A30F19900E89172 /* NativeCommandForwarder.cpp */ = {isa = PBXFileReference; fileEncoding = 4; lastKnownFileType = sourcecode.cpp.cpp; name = NativeCommandForwarder.cpp; path = ../../../../src/gs2d/src/Platform/NativeCommandForwarder.cpp; sourceTree = "<group>"; };
		74E6E5281A30F19900E89172 /* NativeCommandForwarder.h */ = {isa = PBXFileReference; fileEncoding = 4; lastKnownFileType = sourcecode.c.h; name = NativeCommandForwarder.h; path = ../../../../src/gs2d/src/Platform/NativeCommandForwarder.h; sourceTree = "<group>"; };
		74E6E5291A30F19900E89172 /* NativeCommandListener.h */ = {isa = PBXFileReference; fileEncoding = 4; lastKnownFileType = sourcecode.c.h; name = NativeCommandListener.h; path = ../../../../src/gs2d/src/Platform/NativeCommandListener.h; sourceTree = "<group>"; };
		74E6E52A1A30F19900E89172 /* Platform.cpp */ = {isa = PBXFileReference; fileEncoding = 4; lastKnownFileType = sourcecode.cpp.cpp; name = Platform.cpp; path = ../../../../src/gs2d/src/Platform/Platform.cpp; sourceTree = "<group>"; };
		74E6E52B1A30F19900E89172 /* Platform.h */ = {isa = PBXFileReference; fileEncoding = 4; lastKnownFileType = sourcecode.c.h; name = Platform.h; path = ../../../../src/gs2d/src/Platform/Platform.h; sourceTree = "<group>"; };
		74E6E52C1A30F19900E89172 /* StdFileManager.cpp */ = {isa = PBXFileReference; fileEncoding = 4; lastKnownFileType = sourcecode.cpp.cpp; name = StdFileManager.cpp; path = ../../../../src/gs2d/src/Platform/StdFileManager.cpp; sourceTree = "<group>"; };
		74E6E52D1A30F19900E89172 /* StdFileManager.h */ = {isa = PBXFileReference; fileEncoding = 4; lastKnownFileType = sourcecode.c.h; name = StdFileManager.h; path = ../../../../src/gs2d/src/Platform/StdFileManager.h; sourceTree = "<group>"; };
		74E6E5381A30F1B300E89172 /* SharedData.cpp */ = {isa = PBXFileReference; fileEncoding = 4; lastKnownFileType = sourcecode.cpp.cpp; name = SharedData.cpp; path = ../../../../src/gs2d/src/Platform/SharedData/SharedData.cpp; sourceTree = "<group>"; };
		74E6E5391A30F1B300E89172 /* SharedData.h */ = {isa = PBXFileReference; fileEncoding = 4; lastKnownFileType = sourcecode.c.h; name = SharedData.h; path = ../../../../src/gs2d/src/Platform/SharedData/SharedData.h; sourceTree = "<group>"; };
		74E6E53A1A30F1B300E89172 /* SharedDataManager.cpp */ = {isa = PBXFileReference; fileEncoding = 4; lastKnownFileType = sourcecode.cpp.cpp; name = SharedDataManager.cpp; path = ../../../../src/gs2d/src/Platform/SharedData/SharedDataManager.cpp; sourceTree = "<group>"; };
		74E6E53B1A30F1B300E89172 /* SharedDataManager.h */ = {isa = PBXFileReference; fileEncoding = 4; lastKnownFileType = sourcecode.c.h; name = SharedDataManager.h; path = ../../../../src/gs2d/src/Platform/SharedData/SharedDataManager.h; sourceTree = "<group>"; };
		74E6E53E1A30F1C600E89172 /* IOSFileIOHub.cpp */ = {isa = PBXFileReference; fileEncoding = 4; lastKnownFileType = sourcecode.cpp.cpp; name = IOSFileIOHub.cpp; path = ../../../../src/gs2d/src/Platform/ios/IOSFileIOHub.cpp; sourceTree = "<group>"; };
		74E6E53F1A30F1C600E89172 /* IOSFileIOHub.h */ = {isa = PBXFileReference; fileEncoding = 4; lastKnownFileType = sourcecode.c.h; name = IOSFileIOHub.h; path = ../../../../src/gs2d/src/Platform/ios/IOSFileIOHub.h; sourceTree = "<group>"; };
		74E6E5401A30F1C600E89172 /* IOSNativeCommandListener.h */ = {isa = PBXFileReference; fileEncoding = 4; lastKnownFileType = sourcecode.c.h; name = IOSNativeCommandListener.h; path = ../../../../src/gs2d/src/Platform/ios/IOSNativeCommandListener.h; sourceTree = "<group>"; };
		74E6E5411A30F1C600E89172 /* IOSNativeCommandListener.mm */ = {isa = PBXFileReference; fileEncoding = 4; lastKnownFileType = sourcecode.cpp.objcpp; name = IOSNativeCommandListener.mm; path = ../../../../src/gs2d/src/Platform/ios/IOSNativeCommandListener.mm; sourceTree = "<group>"; };
		74E6E5421A30F1C600E89172 /* Platform.ios.h */ = {isa = PBXFileReference; fileEncoding = 4; lastKnownFileType = sourcecode.c.h; name = Platform.ios.h; path = ../../../../src/gs2d/src/Platform/ios/Platform.ios.h; sourceTree = "<group>"; };
		74E6E5431A30F1C600E89172 /* Platform.ios.mm */ = {isa = PBXFileReference; fileEncoding = 4; lastKnownFileType = sourcecode.cpp.objcpp; name = Platform.ios.mm; path = ../../../../src/gs2d/src/Platform/ios/Platform.ios.mm; sourceTree = "<group>"; };
		74E6E5471A30F3DD00E89172 /* Foundation.framework */ = {isa = PBXFileReference; lastKnownFileType = wrapper.framework; name = Foundation.framework; path = System/Library/Frameworks/Foundation.framework; sourceTree = SDKROOT; };
		74E6E5491A30F41100E89172 /* CoreFoundation.framework */ = {isa = PBXFileReference; lastKnownFileType = wrapper.framework; name = CoreFoundation.framework; path = System/Library/Frameworks/CoreFoundation.framework; sourceTree = SDKROOT; };
		74E6E56E1A30FFB500E89172 /* Application.cpp */ = {isa = PBXFileReference; fileEncoding = 4; lastKnownFileType = sourcecode.cpp.cpp; name = Application.cpp; path = ../../../../src/gs2d/src/Application.cpp; sourceTree = "<group>"; };
		74E6E56F1A30FFB500E89172 /* Application.h */ = {isa = PBXFileReference; fileEncoding = 4; lastKnownFileType = sourcecode.c.h; name = Application.h; path = ../../../../src/gs2d/src/Application.h; sourceTree = "<group>"; };
		74E6E5701A30FFB500E89172 /* Audio.h */ = {isa = PBXFileReference; fileEncoding = 4; lastKnownFileType = sourcecode.c.h; name = Audio.h; path = ../../../../src/gs2d/src/Audio.h; sourceTree = "<group>"; };
		74E6E5711A30FFB500E89172 /* BaseApplication.h */ = {isa = PBXFileReference; fileEncoding = 4; lastKnownFileType = sourcecode.c.h; name = BaseApplication.h; path = ../../../../src/gs2d/src/BaseApplication.h; sourceTree = "<group>"; };
		74E6E5721A30FFB500E89172 /* Input.h */ = {isa = PBXFileReference; fileEncoding = 4; lastKnownFileType = sourcecode.c.h; name = Input.h; path = ../../../../src/gs2d/src/Input.h; sourceTree = "<group>"; };
		74E6E5731A30FFB500E89172 /* Player.h */ = {isa = PBXFileReference; fileEncoding = 4; lastKnownFileType = sourcecode.c.h; name = Player.h; path = ../../../../src/gs2d/src/Player.h; sourceTree = "<group>"; };
		74E6E5741A30FFB500E89172 /* Shader.h */ = {isa = PBXFileReference; fileEncoding = 4; lastKnownFileType = sourcecode.c.h; name = Shader.h; path = ../../../../src/gs2d/src/Shader.h; sourceTree = "<group>"; };
		74E6E5751A30FFB500E89172 /* Sprite.cpp */ = {isa = PBXFileReference; fileEncoding = 4; lastKnownFileType = sourcecode.cpp.cpp; name = Sprite.cpp; path = ../../../../src/gs2d/src/Sprite.cpp; sourceTree = "<group>"; };
		74E6E5761A30FFB600E89172 /* Sprite.h */ = {isa = PBXFileReference; fileEncoding = 4; lastKnownFileType = sourcecode.c.h; name = Sprite.h; path = ../../../../src/gs2d/src/Sprite.h; sourceTree = "<group>"; };
		74E6E5771A30FFB600E89172 /* Texture.h */ = {isa = PBXFileReference; fileEncoding = 4; lastKnownFileType = sourcecode.c.h; name = Texture.h; path = ../../../../src/gs2d/src/Texture.h; sourceTree = "<group>"; };
		74E6E5781A30FFB600E89172 /* Types.h */ = {isa = PBXFileReference; fileEncoding = 4; lastKnownFileType = sourcecode.c.h; name = Types.h; path = ../../../../src/gs2d/src/Types.h; sourceTree = "<group>"; };
		74E6E5791A30FFB600E89172 /* Video.cpp */ = {isa = PBXFileReference; fileEncoding = 4; lastKnownFileType = sourcecode.cpp.cpp; name = Video.cpp; path = ../../../../src/gs2d/src/Video.cpp; sourceTree = "<group>"; };
		74E6E57A1A30FFB600E89172 /* Video.h */ = {isa = PBXFileReference; fileEncoding = 4; lastKnownFileType = sourcecode.c.h; name = Video.h; path = ../../../../src/gs2d/src/Video.h; sourceTree = "<group>"; };
		74E6E57B1A30FFB600E89172 /* Window.h */ = {isa = PBXFileReference; fileEncoding = 4; lastKnownFileType = sourcecode.c.h; name = Window.h; path = ../../../../src/gs2d/src/Window.h; sourceTree = "<group>"; };
/* End PBXFileReference section */

/* Begin PBXFrameworksBuildPhase section */
		74E6E4E71A30EFB500E89172 /* Frameworks */ = {
			isa = PBXFrameworksBuildPhase;
			buildActionMask = 2147483647;
			files = (
			);
			runOnlyForDeploymentPostprocessing = 0;
		};
		74E6E4F21A30EFB500E89172 /* Frameworks */ = {
			isa = PBXFrameworksBuildPhase;
			buildActionMask = 2147483647;
			files = (
				74E6E4F61A30EFB500E89172 /* libApplication.a in Frameworks */,
			);
			runOnlyForDeploymentPostprocessing = 0;
		};
/* End PBXFrameworksBuildPhase section */

/* Begin PBXGroup section */
		74E6E4E11A30EFB500E89172 = {
			isa = PBXGroup;
			children = (
				74E6E5491A30F41100E89172 /* CoreFoundation.framework */,
				74E6E5471A30F3DD00E89172 /* Foundation.framework */,
				74E6E5081A30F04300E89172 /* GS2D */,
				74E6E4EC1A30EFB500E89172 /* Application */,
				74E6E4F91A30EFB500E89172 /* ApplicationTests */,
				74E6E4EB1A30EFB500E89172 /* Products */,
			);
			sourceTree = "<group>";
		};
		74E6E4EB1A30EFB500E89172 /* Products */ = {
			isa = PBXGroup;
			children = (
				74E6E4EA1A30EFB500E89172 /* libApplication.a */,
				74E6E4F51A30EFB500E89172 /* ApplicationTests.xctest */,
			);
			name = Products;
			sourceTree = "<group>";
		};
		74E6E4EC1A30EFB500E89172 /* Application */ = {
			isa = PBXGroup;
			children = (
				74E6E4ED1A30EFB500E89172 /* Application.h */,
				74E6E4EF1A30EFB500E89172 /* Application.m */,
			);
			path = Application;
			sourceTree = "<group>";
		};
		74E6E4F91A30EFB500E89172 /* ApplicationTests */ = {
			isa = PBXGroup;
			children = (
				74E6E4FA1A30EFB500E89172 /* Supporting Files */,
			);
			path = ApplicationTests;
			sourceTree = "<group>";
		};
		74E6E4FA1A30EFB500E89172 /* Supporting Files */ = {
			isa = PBXGroup;
			children = (
				74E6E4FB1A30EFB500E89172 /* Info.plist */,
			);
			name = "Supporting Files";
			sourceTree = "<group>";
		};
		74E6E5081A30F04300E89172 /* GS2D */ = {
			isa = PBXGroup;
			children = (
				74E6E51B1A30F0EA00E89172 /* Platform */,
				74E6E50A1A30F04D00E89172 /* Math */,
				74E6E5091A30F04800E89172 /* Enml */,
				74E6E56E1A30FFB500E89172 /* Application.cpp */,
				74E6E56F1A30FFB500E89172 /* Application.h */,
				74E6E5701A30FFB500E89172 /* Audio.h */,
				74E6E5711A30FFB500E89172 /* BaseApplication.h */,
				74E6E5721A30FFB500E89172 /* Input.h */,
				74E6E5731A30FFB500E89172 /* Player.h */,
				74E6E5741A30FFB500E89172 /* Shader.h */,
				74E6E5751A30FFB500E89172 /* Sprite.cpp */,
				74E6E5761A30FFB600E89172 /* Sprite.h */,
				74E6E5771A30FFB600E89172 /* Texture.h */,
				74E6E5781A30FFB600E89172 /* Types.h */,
				74E6E5791A30FFB600E89172 /* Video.cpp */,
				74E6E57A1A30FFB600E89172 /* Video.h */,
				74E6E57B1A30FFB600E89172 /* Window.h */,
			);
			name = GS2D;
			sourceTree = "<group>";
		};
		74E6E5091A30F04800E89172 /* Enml */ = {
			isa = PBXGroup;
			children = (
				74E6E50B1A30F05A00E89172 /* Enml.cpp */,
				74E6E50C1A30F05A00E89172 /* Enml.h */,
			);
			name = Enml;
			sourceTree = "<group>";
		};
		74E6E50A1A30F04D00E89172 /* Math */ = {
			isa = PBXGroup;
			children = (
				74E6E50E1A30F06900E89172 /* Color.cpp */,
				74E6E50F1A30F06900E89172 /* Color.h */,
				74E6E5101A30F06900E89172 /* GameMath.cpp */,
				74E6E5111A30F06900E89172 /* GameMath.h */,
				74E6E5121A30F06900E89172 /* MersenneTwister.h */,
				74E6E5131A30F06900E89172 /* OrientedBoundingBox.cpp */,
				74E6E5141A30F06900E89172 /* OrientedBoundingBox.h */,
				74E6E5151A30F06900E89172 /* Randomizer.cpp */,
				74E6E5161A30F06900E89172 /* Randomizer.h */,
			);
			name = Math;
			sourceTree = "<group>";
		};
		74E6E51B1A30F0EA00E89172 /* Platform */ = {
			isa = PBXGroup;
			children = (
				74E6E5371A30F1A000E89172 /* SharedData */,
				74E6E5361A30F19C00E89172 /* iOS */,
				74E6E51C1A30F19900E89172 /* FileIOHub.cpp */,
				74E6E51D1A30F19900E89172 /* FileIOHub.h */,
				74E6E51E1A30F19900E89172 /* FileLogger.cpp */,
				74E6E51F1A30F19900E89172 /* FileLogger.h */,
				74E6E5201A30F19900E89172 /* FileManager.cpp */,
				74E6E5211A30F19900E89172 /* FileManager.h */,
				74E6E5221A30F19900E89172 /* Logger.cpp */,
				74E6E5231A30F19900E89172 /* Logger.h */,
				74E6E5241A30F19900E89172 /* MainSharedHeader.h */,
				74E6E5251A30F19900E89172 /* NativeCommandAssembler.cpp */,
				74E6E5261A30F19900E89172 /* NativeCommandAssembler.h */,
				74E6E5271A30F19900E89172 /* NativeCommandForwarder.cpp */,
				74E6E5281A30F19900E89172 /* NativeCommandForwarder.h */,
				74E6E5291A30F19900E89172 /* NativeCommandListener.h */,
				74E6E52A1A30F19900E89172 /* Platform.cpp */,
				74E6E52B1A30F19900E89172 /* Platform.h */,
				74E6E52C1A30F19900E89172 /* StdFileManager.cpp */,
				74E6E52D1A30F19900E89172 /* StdFileManager.h */,
			);
			name = Platform;
			sourceTree = "<group>";
		};
		74E6E5361A30F19C00E89172 /* iOS */ = {
			isa = PBXGroup;
			children = (
				74E6E53E1A30F1C600E89172 /* IOSFileIOHub.cpp */,
				74E6E53F1A30F1C600E89172 /* IOSFileIOHub.h */,
				74E6E5401A30F1C600E89172 /* IOSNativeCommandListener.h */,
				74E6E5411A30F1C600E89172 /* IOSNativeCommandListener.mm */,
				74E6E5421A30F1C600E89172 /* Platform.ios.h */,
				74E6E5431A30F1C600E89172 /* Platform.ios.mm */,
			);
			name = iOS;
			sourceTree = "<group>";
		};
		74E6E5371A30F1A000E89172 /* SharedData */ = {
			isa = PBXGroup;
			children = (
				74E6E5381A30F1B300E89172 /* SharedData.cpp */,
				74E6E5391A30F1B300E89172 /* SharedData.h */,
				74E6E53A1A30F1B300E89172 /* SharedDataManager.cpp */,
				74E6E53B1A30F1B300E89172 /* SharedDataManager.h */,
			);
			name = SharedData;
			sourceTree = "<group>";
		};
/* End PBXGroup section */

/* Begin PBXNativeTarget section */
		74E6E4E91A30EFB500E89172 /* Application */ = {
			isa = PBXNativeTarget;
			buildConfigurationList = 74E6E4FE1A30EFB500E89172 /* Build configuration list for PBXNativeTarget "Application" */;
			buildPhases = (
				74E6E4E61A30EFB500E89172 /* Sources */,
				74E6E4E71A30EFB500E89172 /* Frameworks */,
				74E6E4E81A30EFB500E89172 /* CopyFiles */,
			);
			buildRules = (
			);
			dependencies = (
			);
			name = Application;
			productName = Application;
			productReference = 74E6E4EA1A30EFB500E89172 /* libApplication.a */;
			productType = "com.apple.product-type.library.static";
		};
		74E6E4F41A30EFB500E89172 /* ApplicationTests */ = {
			isa = PBXNativeTarget;
			buildConfigurationList = 74E6E5011A30EFB500E89172 /* Build configuration list for PBXNativeTarget "ApplicationTests" */;
			buildPhases = (
				74E6E4F11A30EFB500E89172 /* Sources */,
				74E6E4F21A30EFB500E89172 /* Frameworks */,
				74E6E4F31A30EFB500E89172 /* Resources */,
			);
			buildRules = (
			);
			dependencies = (
				74E6E4F81A30EFB500E89172 /* PBXTargetDependency */,
			);
			name = ApplicationTests;
			productName = ApplicationTests;
			productReference = 74E6E4F51A30EFB500E89172 /* ApplicationTests.xctest */;
			productType = "com.apple.product-type.bundle.unit-test";
		};
/* End PBXNativeTarget section */

/* Begin PBXProject section */
		74E6E4E21A30EFB500E89172 /* Project object */ = {
			isa = PBXProject;
			attributes = {
				LastUpgradeCheck = 0610;
				ORGANIZATIONNAME = "Asantee Games";
				TargetAttributes = {
					74E6E4E91A30EFB500E89172 = {
						CreatedOnToolsVersion = 6.1.1;
					};
					74E6E4F41A30EFB500E89172 = {
						CreatedOnToolsVersion = 6.1.1;
					};
				};
			};
			buildConfigurationList = 74E6E4E51A30EFB500E89172 /* Build configuration list for PBXProject "Application" */;
			compatibilityVersion = "Xcode 3.2";
			developmentRegion = English;
			hasScannedForEncodings = 0;
			knownRegions = (
				en,
			);
			mainGroup = 74E6E4E11A30EFB500E89172;
			productRefGroup = 74E6E4EB1A30EFB500E89172 /* Products */;
			projectDirPath = "";
			projectRoot = "";
			targets = (
				74E6E4E91A30EFB500E89172 /* Application */,
				74E6E4F41A30EFB500E89172 /* ApplicationTests */,
			);
		};
/* End PBXProject section */

/* Begin PBXResourcesBuildPhase section */
		74E6E4F31A30EFB500E89172 /* Resources */ = {
			isa = PBXResourcesBuildPhase;
			buildActionMask = 2147483647;
			files = (
			);
			runOnlyForDeploymentPostprocessing = 0;
		};
/* End PBXResourcesBuildPhase section */

/* Begin PBXSourcesBuildPhase section */
		74E6E4E61A30EFB500E89172 /* Sources */ = {
			isa = PBXSourcesBuildPhase;
			buildActionMask = 2147483647;
			files = (
				74E6E52E1A30F19900E89172 /* FileIOHub.cpp in Sources */,
				74E6E5331A30F19900E89172 /* NativeCommandForwarder.cpp in Sources */,
				74E6E53D1A30F1B300E89172 /* SharedDataManager.cpp in Sources */,
				74E6E57E1A30FFB600E89172 /* Video.cpp in Sources */,
				74E6E5441A30F1C600E89172 /* IOSFileIOHub.cpp in Sources */,
				74E6E5311A30F19900E89172 /* Logger.cpp in Sources */,
				74E6E57D1A30FFB600E89172 /* Sprite.cpp in Sources */,
				74E6E5351A30F19900E89172 /* StdFileManager.cpp in Sources */,
				74E6E5451A30F1C600E89172 /* IOSNativeCommandListener.mm in Sources */,
				74E6E5341A30F19900E89172 /* Platform.cpp in Sources */,
				74E6E5191A30F06900E89172 /* OrientedBoundingBox.cpp in Sources */,
				74E6E5321A30F19900E89172 /* NativeCommandAssembler.cpp in Sources */,
				74E6E4F01A30EFB500E89172 /* Application.m in Sources */,
				74E6E53C1A30F1B300E89172 /* SharedData.cpp in Sources */,
				74E6E57C1A30FFB600E89172 /* Application.cpp in Sources */,
				74E6E5301A30F19900E89172 /* FileManager.cpp in Sources */,
				74E6E5181A30F06900E89172 /* GameMath.cpp in Sources */,
				74E6E5461A30F1C600E89172 /* Platform.ios.mm in Sources */,
				74E6E5171A30F06900E89172 /* Color.cpp in Sources */,
				74E6E51A1A30F06900E89172 /* Randomizer.cpp in Sources */,
				74E6E50D1A30F05A00E89172 /* Enml.cpp in Sources */,
				74E6E52F1A30F19900E89172 /* FileLogger.cpp in Sources */,
			);
			runOnlyForDeploymentPostprocessing = 0;
		};
		74E6E4F11A30EFB500E89172 /* Sources */ = {
			isa = PBXSourcesBuildPhase;
			buildActionMask = 2147483647;
			files = (
			);
			runOnlyForDeploymentPostprocessing = 0;
		};
/* End PBXSourcesBuildPhase section */

/* Begin PBXTargetDependency section */
		74E6E4F81A30EFB500E89172 /* PBXTargetDependency */ = {
			isa = PBXTargetDependency;
			target = 74E6E4E91A30EFB500E89172 /* Application */;
			targetProxy = 74E6E4F71A30EFB500E89172 /* PBXContainerItemProxy */;
		};
/* End PBXTargetDependency section */

/* Begin XCBuildConfiguration section */
		74E6E4FC1A30EFB500E89172 /* Debug */ = {
			isa = XCBuildConfiguration;
			buildSettings = {
				ALWAYS_SEARCH_USER_PATHS = NO;
				CLANG_CXX_LANGUAGE_STANDARD = "gnu++0x";
				CLANG_CXX_LIBRARY = "libc++";
				CLANG_ENABLE_MODULES = YES;
				CLANG_ENABLE_OBJC_ARC = YES;
				CLANG_WARN_BOOL_CONVERSION = YES;
				CLANG_WARN_CONSTANT_CONVERSION = YES;
				CLANG_WARN_DIRECT_OBJC_ISA_USAGE = YES_ERROR;
				CLANG_WARN_EMPTY_BODY = YES;
				CLANG_WARN_ENUM_CONVERSION = YES;
				CLANG_WARN_INT_CONVERSION = YES;
				CLANG_WARN_OBJC_ROOT_CLASS = YES_ERROR;
				CLANG_WARN_UNREACHABLE_CODE = YES;
				CLANG_WARN__DUPLICATE_METHOD_MATCH = YES;
				COPY_PHASE_STRIP = NO;
				ENABLE_STRICT_OBJC_MSGSEND = YES;
				GCC_C_LANGUAGE_STANDARD = gnu99;
				GCC_DYNAMIC_NO_PIC = NO;
				GCC_OPTIMIZATION_LEVEL = 0;
				GCC_PRECOMPILE_PREFIX_HEADER = NO;
				GCC_PREPROCESSOR_DEFINITIONS = (
					"DEBUG=1",
					"$(inherited)",
				);
				GCC_SYMBOLS_PRIVATE_EXTERN = NO;
				GCC_WARN_64_TO_32_BIT_CONVERSION = YES;
				GCC_WARN_ABOUT_RETURN_TYPE = YES_ERROR;
				GCC_WARN_UNDECLARED_SELECTOR = YES;
				GCC_WARN_UNINITIALIZED_AUTOS = YES_AGGRESSIVE;
				GCC_WARN_UNUSED_FUNCTION = YES;
				GCC_WARN_UNUSED_VARIABLE = YES;
				HEADER_SEARCH_PATHS = (
					"$(inherited)",
					/Applications/Xcode.app/Contents/Developer/Toolchains/XcodeDefault.xctoolchain/usr/include,
					../../../../src/gs2d/vendors/BoostSDK,
				);
				IPHONEOS_DEPLOYMENT_TARGET = 8.1;
				MTL_ENABLE_DEBUG_INFO = YES;
				ONLY_ACTIVE_ARCH = YES;
				SDKROOT = iphoneos;
			};
			name = Debug;
		};
		74E6E4FD1A30EFB500E89172 /* Release */ = {
			isa = XCBuildConfiguration;
			buildSettings = {
				ALWAYS_SEARCH_USER_PATHS = NO;
				CLANG_CXX_LANGUAGE_STANDARD = "gnu++0x";
				CLANG_CXX_LIBRARY = "libc++";
				CLANG_ENABLE_MODULES = YES;
				CLANG_ENABLE_OBJC_ARC = YES;
				CLANG_WARN_BOOL_CONVERSION = YES;
				CLANG_WARN_CONSTANT_CONVERSION = YES;
				CLANG_WARN_DIRECT_OBJC_ISA_USAGE = YES_ERROR;
				CLANG_WARN_EMPTY_BODY = YES;
				CLANG_WARN_ENUM_CONVERSION = YES;
				CLANG_WARN_INT_CONVERSION = YES;
				CLANG_WARN_OBJC_ROOT_CLASS = YES_ERROR;
				CLANG_WARN_UNREACHABLE_CODE = YES;
				CLANG_WARN__DUPLICATE_METHOD_MATCH = YES;
				COPY_PHASE_STRIP = YES;
				ENABLE_NS_ASSERTIONS = NO;
				ENABLE_STRICT_OBJC_MSGSEND = YES;
				GCC_C_LANGUAGE_STANDARD = gnu99;
				GCC_PRECOMPILE_PREFIX_HEADER = NO;
				GCC_WARN_64_TO_32_BIT_CONVERSION = YES;
				GCC_WARN_ABOUT_RETURN_TYPE = YES_ERROR;
				GCC_WARN_UNDECLARED_SELECTOR = YES;
				GCC_WARN_UNINITIALIZED_AUTOS = YES_AGGRESSIVE;
				GCC_WARN_UNUSED_FUNCTION = YES;
				GCC_WARN_UNUSED_VARIABLE = YES;
				HEADER_SEARCH_PATHS = (
					"$(inherited)",
					/Applications/Xcode.app/Contents/Developer/Toolchains/XcodeDefault.xctoolchain/usr/include,
					../../../../src/gs2d/vendors/BoostSDK,
				);
				IPHONEOS_DEPLOYMENT_TARGET = 8.1;
				MTL_ENABLE_DEBUG_INFO = NO;
				SDKROOT = iphoneos;
				VALIDATE_PRODUCT = YES;
			};
			name = Release;
		};
		74E6E4FF1A30EFB500E89172 /* Debug */ = {
			isa = XCBuildConfiguration;
			buildSettings = {
				CLANG_ENABLE_OBJC_ARC = YES;
				GCC_PRECOMPILE_PREFIX_HEADER = NO;
				GCC_PREPROCESSOR_DEFINITIONS = (
					GS2D_FORCE_HANDHELD_LANDSCAPE,
					APPLE_IOS,
					GLES2,
					GS2D_WARN_SLOWDRAWING,
					AS_MAX_PORTABILITY,
					AS_NO_THREADS,
					"DEBUG=1",
					"$(inherited)",
				);
				OTHER_LDFLAGS = "-ObjC";
				PRODUCT_NAME = "$(TARGET_NAME)";
				SKIP_INSTALL = YES;
			};
			name = Debug;
		};
		74E6E5001A30EFB500E89172 /* Release */ = {
			isa = XCBuildConfiguration;
			buildSettings = {
				CLANG_ENABLE_OBJC_ARC = YES;
				GCC_PRECOMPILE_PREFIX_HEADER = NO;
				GCC_PREPROCESSOR_DEFINITIONS = (
					GS2D_FORCE_HANDHELD_LANDSCAPE,
					APPLE_IOS,
					GLES2,
					GS2D_WARN_SLOWDRAWING,
					AS_MAX_PORTABILITY,
					AS_NO_THREADS,
				);
				OTHER_LDFLAGS = "-ObjC";
				PRODUCT_NAME = "$(TARGET_NAME)";
				SKIP_INSTALL = YES;
			};
			name = Release;
		};
		74E6E5021A30EFB500E89172 /* Debug */ = {
			isa = XCBuildConfiguration;
			buildSettings = {
				FRAMEWORK_SEARCH_PATHS = (
					"$(SDKROOT)/Developer/Library/Frameworks",
					"$(inherited)",
				);
				GCC_PREPROCESSOR_DEFINITIONS = (
					"DEBUG=1",
					"$(inherited)",
				);
				INFOPLIST_FILE = ApplicationTests/Info.plist;
				LD_RUNPATH_SEARCH_PATHS = "$(inherited) @executable_path/Frameworks @loader_path/Frameworks";
				PRODUCT_NAME = "$(TARGET_NAME)";
			};
			name = Debug;
		};
		74E6E5031A30EFB500E89172 /* Release */ = {
			isa = XCBuildConfiguration;
			buildSettings = {
				FRAMEWORK_SEARCH_PATHS = (
					"$(SDKROOT)/Developer/Library/Frameworks",
					"$(inherited)",
				);
				INFOPLIST_FILE = ApplicationTests/Info.plist;
				LD_RUNPATH_SEARCH_PATHS = "$(inherited) @executable_path/Frameworks @loader_path/Frameworks";
				PRODUCT_NAME = "$(TARGET_NAME)";
			};
			name = Release;
		};
/* End XCBuildConfiguration section */

/* Begin XCConfigurationList section */
		74E6E4E51A30EFB500E89172 /* Build configuration list for PBXProject "Application" */ = {
			isa = XCConfigurationList;
			buildConfigurations = (
				74E6E4FC1A30EFB500E89172 /* Debug */,
				74E6E4FD1A30EFB500E89172 /* Release */,
			);
			defaultConfigurationIsVisible = 0;
			defaultConfigurationName = Release;
		};
		74E6E4FE1A30EFB500E89172 /* Build configuration list for PBXNativeTarget "Application" */ = {
			isa = XCConfigurationList;
			buildConfigurations = (
				74E6E4FF1A30EFB500E89172 /* Debug */,
				74E6E5001A30EFB500E89172 /* Release */,
			);
			defaultConfigurationIsVisible = 0;
			defaultConfigurationName = Release;
		};
		74E6E5011A30EFB500E89172 /* Build configuration list for PBXNativeTarget "ApplicationTests" */ = {
			isa = XCConfigurationList;
			buildConfigurations = (
				74E6E5021A30EFB500E89172 /* Debug */,
				74E6E5031A30EFB500E89172 /* Release */,
			);
			defaultConfigurationIsVisible = 0;
			defaultConfigurationName = Release;
		};
/* End XCConfigurationList section */
	};
	rootObject = 74E6E4E21A30EFB500E89172 /* Project object */;
}
