// !$*UTF8*$!
{
	archiveVersion = 1;
	classes = {
	};
	objectVersion = 46;
	objects = {

/* Begin PBXBuildFile section */
		74E6E4EE1A30EFB500E89172 /* Application.h in CopyFiles */ = {isa = PBXBuildFile; fileRef = 74E6E4ED1A30EFB500E89172 /* Application.h */; };
		74E6E4F01A30EFB500E89172 /* Application.m in Sources */ = {isa = PBXBuildFile; fileRef = 74E6E4EF1A30EFB500E89172 /* Application.m */; };
		74E6E4F61A30EFB500E89172 /* libApplication.a in Frameworks */ = {isa = PBXBuildFile; fileRef = 74E6E4EA1A30EFB500E89172 /* libApplication.a */; };
		74E6E50D1A30F05A00E89172 /* Enml.cpp in Sources */ = {isa = PBXBuildFile; fileRef = 74E6E50B1A30F05A00E89172 /* Enml.cpp */; };
		74E6E5171A30F06900E89172 /* Color.cpp in Sources */ = {isa = PBXBuildFile; fileRef = 74E6E50E1A30F06900E89172 /* Color.cpp */; };
		74E6E5181A30F06900E89172 /* GameMath.cpp in Sources */ = {isa = PBXBuildFile; fileRef = 74E6E5101A30F06900E89172 /* GameMath.cpp */; };
		74E6E5191A30F06900E89172 /* OrientedBoundingBox.cpp in Sources */ = {isa = PBXBuildFile; fileRef = 74E6E5131A30F06900E89172 /* OrientedBoundingBox.cpp */; };
		74E6E51A1A30F06900E89172 /* Randomizer.cpp in Sources */ = {isa = PBXBuildFile; fileRef = 74E6E5151A30F06900E89172 /* Randomizer.cpp */; };
		74E6E52E1A30F19900E89172 /* FileIOHub.cpp in Sources */ = {isa = PBXBuildFile; fileRef = 74E6E51C1A30F19900E89172 /* FileIOHub.cpp */; };
		74E6E52F1A30F19900E89172 /* FileLogger.cpp in Sources */ = {isa = PBXBuildFile; fileRef = 74E6E51E1A30F19900E89172 /* FileLogger.cpp */; };
		74E6E5301A30F19900E89172 /* FileManager.cpp in Sources */ = {isa = PBXBuildFile; fileRef = 74E6E5201A30F19900E89172 /* FileManager.cpp */; };
		74E6E5311A30F19900E89172 /* Logger.cpp in Sources */ = {isa = PBXBuildFile; fileRef = 74E6E5221A30F19900E89172 /* Logger.cpp */; };
		74E6E5321A30F19900E89172 /* NativeCommandAssembler.cpp in Sources */ = {isa = PBXBuildFile; fileRef = 74E6E5251A30F19900E89172 /* NativeCommandAssembler.cpp */; };
		74E6E5331A30F19900E89172 /* NativeCommandForwarder.cpp in Sources */ = {isa = PBXBuildFile; fileRef = 74E6E5271A30F19900E89172 /* NativeCommandForwarder.cpp */; };
		74E6E5341A30F19900E89172 /* Platform.cpp in Sources */ = {isa = PBXBuildFile; fileRef = 74E6E52A1A30F19900E89172 /* Platform.cpp */; };
		74E6E5351A30F19900E89172 /* StdFileManager.cpp in Sources */ = {isa = PBXBuildFile; fileRef = 74E6E52C1A30F19900E89172 /* StdFileManager.cpp */; };
		74E6E53C1A30F1B300E89172 /* SharedData.cpp in Sources */ = {isa = PBXBuildFile; fileRef = 74E6E5381A30F1B300E89172 /* SharedData.cpp */; };
		74E6E53D1A30F1B300E89172 /* SharedDataManager.cpp in Sources */ = {isa = PBXBuildFile; fileRef = 74E6E53A1A30F1B300E89172 /* SharedDataManager.cpp */; };
		74E6E5441A30F1C600E89172 /* IOSFileIOHub.cpp in Sources */ = {isa = PBXBuildFile; fileRef = 74E6E53E1A30F1C600E89172 /* IOSFileIOHub.cpp */; };
		74E6E5451A30F1C600E89172 /* IOSNativeCommandListener.mm in Sources */ = {isa = PBXBuildFile; fileRef = 74E6E5411A30F1C600E89172 /* IOSNativeCommandListener.mm */; };
		74E6E5461A30F1C600E89172 /* Platform.ios.mm in Sources */ = {isa = PBXBuildFile; fileRef = 74E6E5431A30F1C600E89172 /* Platform.ios.mm */; };
		74E6E57C1A30FFB600E89172 /* Application.cpp in Sources */ = {isa = PBXBuildFile; fileRef = 74E6E56E1A30FFB500E89172 /* Application.cpp */; };
		74E6E57D1A30FFB600E89172 /* Sprite.cpp in Sources */ = {isa = PBXBuildFile; fileRef = 74E6E5751A30FFB500E89172 /* Sprite.cpp */; };
		74E6E57E1A30FFB600E89172 /* Video.cpp in Sources */ = {isa = PBXBuildFile; fileRef = 74E6E5791A30FFB600E89172 /* Video.cpp */; };
		74E6E5851A31006700E89172 /* BitmapFont.cpp in Sources */ = {isa = PBXBuildFile; fileRef = 74E6E5801A31006700E89172 /* BitmapFont.cpp */; };
		74E6E5861A31006700E89172 /* BitmapFontManager.cpp in Sources */ = {isa = PBXBuildFile; fileRef = 74E6E5821A31006700E89172 /* BitmapFontManager.cpp */; };
		74E6E5941A3101DC00E89172 /* GLES2RectRenderer.cpp in Sources */ = {isa = PBXBuildFile; fileRef = 74E6E5881A3101DC00E89172 /* GLES2RectRenderer.cpp */; };
		74E6E5951A3101DC00E89172 /* GLES2Shader.cpp in Sources */ = {isa = PBXBuildFile; fileRef = 74E6E58A1A3101DC00E89172 /* GLES2Shader.cpp */; };
		74E6E5961A3101DC00E89172 /* GLES2Sprite.cpp in Sources */ = {isa = PBXBuildFile; fileRef = 74E6E58C1A3101DC00E89172 /* GLES2Sprite.cpp */; };
		74E6E5971A3101DC00E89172 /* GLES2Texture.cpp in Sources */ = {isa = PBXBuildFile; fileRef = 74E6E58E1A3101DC00E89172 /* GLES2Texture.cpp */; };
		74E6E5981A3101DC00E89172 /* GLES2UniformParameter.cpp in Sources */ = {isa = PBXBuildFile; fileRef = 74E6E5901A3101DC00E89172 /* GLES2UniformParameter.cpp */; };
		74E6E5991A3101DC00E89172 /* GLES2Video.cpp in Sources */ = {isa = PBXBuildFile; fileRef = 74E6E5921A3101DC00E89172 /* GLES2Video.cpp */; };
		74E6E59D1A3101F000E89172 /* IOSGLES2Video.mm in Sources */ = {isa = PBXBuildFile; fileRef = 74E6E59C1A3101F000E89172 /* IOSGLES2Video.mm */; };
		74E6E5A31A310C6100E89172 /* KeyStateManager.cpp in Sources */ = {isa = PBXBuildFile; fileRef = 74E6E59F1A310C6100E89172 /* KeyStateManager.cpp */; };
		74E6E5A41A310C6100E89172 /* MobileInput.cpp in Sources */ = {isa = PBXBuildFile; fileRef = 74E6E5A11A310C6100E89172 /* MobileInput.cpp */; };
		74E6E5A81A310C7300E89172 /* IOSInput.cpp in Sources */ = {isa = PBXBuildFile; fileRef = 74E6E5A61A310C7300E89172 /* IOSInput.cpp */; };
		74E6E6491A31DD9900E89172 /* as_atomic.cpp in Sources */ = {isa = PBXBuildFile; fileRef = 74E6E6031A31DD9900E89172 /* as_atomic.cpp */; };
		74E6E64A1A31DD9900E89172 /* as_builder.cpp in Sources */ = {isa = PBXBuildFile; fileRef = 74E6E6051A31DD9900E89172 /* as_builder.cpp */; };
		74E6E64B1A31DD9900E89172 /* as_bytecode.cpp in Sources */ = {isa = PBXBuildFile; fileRef = 74E6E6071A31DD9900E89172 /* as_bytecode.cpp */; };
		74E6E64C1A31DD9900E89172 /* as_callfunc_arm_gcc.S in Sources */ = {isa = PBXBuildFile; fileRef = 74E6E6091A31DD9900E89172 /* as_callfunc_arm_gcc.S */; };
		74E6E64D1A31DD9900E89172 /* as_callfunc_arm_xcode.S in Sources */ = {isa = PBXBuildFile; fileRef = 74E6E60A1A31DD9900E89172 /* as_callfunc_arm_xcode.S */; };
		74E6E64E1A31DD9900E89172 /* as_callfunc_arm.cpp in Sources */ = {isa = PBXBuildFile; fileRef = 74E6E60B1A31DD9900E89172 /* as_callfunc_arm.cpp */; };
		74E6E6521A31DD9900E89172 /* as_callfunc.cpp in Sources */ = {isa = PBXBuildFile; fileRef = 74E6E60F1A31DD9900E89172 /* as_callfunc.cpp */; };
		74E6E6531A31DD9900E89172 /* as_compiler.cpp in Sources */ = {isa = PBXBuildFile; fileRef = 74E6E6111A31DD9900E89172 /* as_compiler.cpp */; };
		74E6E6541A31DD9900E89172 /* as_configgroup.cpp in Sources */ = {isa = PBXBuildFile; fileRef = 74E6E6141A31DD9900E89172 /* as_configgroup.cpp */; };
		74E6E6551A31DD9900E89172 /* as_context.cpp in Sources */ = {isa = PBXBuildFile; fileRef = 74E6E6161A31DD9900E89172 /* as_context.cpp */; };
		74E6E6561A31DD9900E89172 /* as_datatype.cpp in Sources */ = {isa = PBXBuildFile; fileRef = 74E6E6191A31DD9900E89172 /* as_datatype.cpp */; };
		74E6E6571A31DD9900E89172 /* as_gc.cpp in Sources */ = {isa = PBXBuildFile; fileRef = 74E6E61C1A31DD9900E89172 /* as_gc.cpp */; };
		74E6E6581A31DD9900E89172 /* as_generic.cpp in Sources */ = {isa = PBXBuildFile; fileRef = 74E6E61E1A31DD9900E89172 /* as_generic.cpp */; };
		74E6E6591A31DD9900E89172 /* as_globalproperty.cpp in Sources */ = {isa = PBXBuildFile; fileRef = 74E6E6201A31DD9900E89172 /* as_globalproperty.cpp */; };
		74E6E65A1A31DD9900E89172 /* as_memory.cpp in Sources */ = {isa = PBXBuildFile; fileRef = 74E6E6221A31DD9900E89172 /* as_memory.cpp */; };
		74E6E65B1A31DD9900E89172 /* as_module.cpp in Sources */ = {isa = PBXBuildFile; fileRef = 74E6E6241A31DD9900E89172 /* as_module.cpp */; };
		74E6E65C1A31DD9900E89172 /* as_objecttype.cpp in Sources */ = {isa = PBXBuildFile; fileRef = 74E6E6271A31DD9900E89172 /* as_objecttype.cpp */; };
		74E6E65D1A31DD9900E89172 /* as_outputbuffer.cpp in Sources */ = {isa = PBXBuildFile; fileRef = 74E6E6291A31DD9900E89172 /* as_outputbuffer.cpp */; };
		74E6E65E1A31DD9900E89172 /* as_parser.cpp in Sources */ = {isa = PBXBuildFile; fileRef = 74E6E62B1A31DD9900E89172 /* as_parser.cpp */; };
		74E6E65F1A31DD9900E89172 /* as_restore.cpp in Sources */ = {isa = PBXBuildFile; fileRef = 74E6E62E1A31DD9900E89172 /* as_restore.cpp */; };
		74E6E6601A31DD9900E89172 /* as_scriptcode.cpp in Sources */ = {isa = PBXBuildFile; fileRef = 74E6E6301A31DD9900E89172 /* as_scriptcode.cpp */; };
		74E6E6611A31DD9900E89172 /* as_scriptengine.cpp in Sources */ = {isa = PBXBuildFile; fileRef = 74E6E6321A31DD9900E89172 /* as_scriptengine.cpp */; };
		74E6E6621A31DD9900E89172 /* as_scriptfunction.cpp in Sources */ = {isa = PBXBuildFile; fileRef = 74E6E6341A31DD9900E89172 /* as_scriptfunction.cpp */; };
		74E6E6631A31DD9900E89172 /* as_scriptnode.cpp in Sources */ = {isa = PBXBuildFile; fileRef = 74E6E6361A31DD9900E89172 /* as_scriptnode.cpp */; };
		74E6E6641A31DD9900E89172 /* as_scriptobject.cpp in Sources */ = {isa = PBXBuildFile; fileRef = 74E6E6381A31DD9900E89172 /* as_scriptobject.cpp */; };
		74E6E6651A31DD9900E89172 /* as_string_util.cpp in Sources */ = {isa = PBXBuildFile; fileRef = 74E6E63A1A31DD9900E89172 /* as_string_util.cpp */; };
		74E6E6661A31DD9900E89172 /* as_string.cpp in Sources */ = {isa = PBXBuildFile; fileRef = 74E6E63C1A31DD9900E89172 /* as_string.cpp */; };
		74E6E6671A31DD9900E89172 /* as_thread.cpp in Sources */ = {isa = PBXBuildFile; fileRef = 74E6E6401A31DD9900E89172 /* as_thread.cpp */; };
		74E6E6681A31DD9900E89172 /* as_tokenizer.cpp in Sources */ = {isa = PBXBuildFile; fileRef = 74E6E6431A31DD9900E89172 /* as_tokenizer.cpp */; };
		74E6E6691A31DD9900E89172 /* as_typeinfo.cpp in Sources */ = {isa = PBXBuildFile; fileRef = 74E6E6451A31DD9900E89172 /* as_typeinfo.cpp */; };
		74E6E66A1A31DD9900E89172 /* as_variablescope.cpp in Sources */ = {isa = PBXBuildFile; fileRef = 74E6E6471A31DD9900E89172 /* as_variablescope.cpp */; };
		74E6E67D1A31DE1C00E89172 /* scriptarray.cpp in Sources */ = {isa = PBXBuildFile; fileRef = 74E6E66D1A31DE1C00E89172 /* scriptarray.cpp */; };
		74E6E67E1A31DE1C00E89172 /* scriptbuilder.cpp in Sources */ = {isa = PBXBuildFile; fileRef = 74E6E66F1A31DE1C00E89172 /* scriptbuilder.cpp */; };
		74E6E67F1A31DE1C00E89172 /* scriptdictionary.cpp in Sources */ = {isa = PBXBuildFile; fileRef = 74E6E6711A31DE1C00E89172 /* scriptdictionary.cpp */; };
		74E6E6801A31DE1C00E89172 /* scriptfile.cpp in Sources */ = {isa = PBXBuildFile; fileRef = 74E6E6731A31DE1C00E89172 /* scriptfile.cpp */; };
		74E6E6811A31DE1C00E89172 /* scriptmath.cpp in Sources */ = {isa = PBXBuildFile; fileRef = 74E6E6751A31DE1C00E89172 /* scriptmath.cpp */; };
		74E6E6821A31DE1C00E89172 /* scriptmath2d.cpp in Sources */ = {isa = PBXBuildFile; fileRef = 74E6E6771A31DE1C00E89172 /* scriptmath2d.cpp */; };
		74E6E6831A31DE1C00E89172 /* scriptmath3d.cpp in Sources */ = {isa = PBXBuildFile; fileRef = 74E6E6791A31DE1C00E89172 /* scriptmath3d.cpp */; };
		74E6E6841A31DE1C00E89172 /* scriptstdstring.cpp in Sources */ = {isa = PBXBuildFile; fileRef = 74E6E67B1A31DE1C00E89172 /* scriptstdstring.cpp */; };
/* End PBXBuildFile section */

/* Begin PBXContainerItemProxy section */
		74E6E4F71A30EFB500E89172 /* PBXContainerItemProxy */ = {
			isa = PBXContainerItemProxy;
			containerPortal = 74E6E4E21A30EFB500E89172 /* Project object */;
			proxyType = 1;
			remoteGlobalIDString = 74E6E4E91A30EFB500E89172;
			remoteInfo = Application;
		};
		74E6E5E71A31108600E89172 /* PBXContainerItemProxy */ = {
			isa = PBXContainerItemProxy;
			containerPortal = 74E6E5E21A31108500E89172 /* CocosDenshion.xcodeproj */;
			proxyType = 2;
			remoteGlobalIDString = 74E6E5C81A31108400E89172;
			remoteInfo = CocosDenshion;
		};
		74E6E5E91A31108600E89172 /* PBXContainerItemProxy */ = {
			isa = PBXContainerItemProxy;
			containerPortal = 74E6E5E21A31108500E89172 /* CocosDenshion.xcodeproj */;
			proxyType = 2;
			remoteGlobalIDString = 74E6E5D31A31108500E89172;
			remoteInfo = CocosDenshionTests;
		};
		74E6E5F81A3110D200E89172 /* PBXContainerItemProxy */ = {
			isa = PBXContainerItemProxy;
			containerPortal = 74E6E5E21A31108500E89172 /* CocosDenshion.xcodeproj */;
			proxyType = 1;
			remoteGlobalIDString = 74E6E5C71A31108400E89172;
			remoteInfo = CocosDenshion;
		};
/* End PBXContainerItemProxy section */

/* Begin PBXCopyFilesBuildPhase section */
		74E6E4E81A30EFB500E89172 /* CopyFiles */ = {
			isa = PBXCopyFilesBuildPhase;
			buildActionMask = 2147483647;
			dstPath = "include/$(PRODUCT_NAME)";
			dstSubfolderSpec = 16;
			files = (
				74E6E4EE1A30EFB500E89172 /* Application.h in CopyFiles */,
			);
			runOnlyForDeploymentPostprocessing = 0;
		};
/* End PBXCopyFilesBuildPhase section */

/* Begin PBXFileReference section */
		74E6E4EA1A30EFB500E89172 /* libApplication.a */ = {isa = PBXFileReference; explicitFileType = archive.ar; includeInIndex = 0; path = libApplication.a; sourceTree = BUILT_PRODUCTS_DIR; };
		74E6E4ED1A30EFB500E89172 /* Application.h */ = {isa = PBXFileReference; lastKnownFileType = sourcecode.c.h; path = Application.h; sourceTree = "<group>"; };
		74E6E4EF1A30EFB500E89172 /* Application.m */ = {isa = PBXFileReference; lastKnownFileType = sourcecode.c.objc; path = Application.m; sourceTree = "<group>"; };
		74E6E4F51A30EFB500E89172 /* ApplicationTests.xctest */ = {isa = PBXFileReference; explicitFileType = wrapper.cfbundle; includeInIndex = 0; path = ApplicationTests.xctest; sourceTree = BUILT_PRODUCTS_DIR; };
		74E6E4FB1A30EFB500E89172 /* Info.plist */ = {isa = PBXFileReference; lastKnownFileType = text.plist.xml; path = Info.plist; sourceTree = "<group>"; };
		74E6E50B1A30F05A00E89172 /* Enml.cpp */ = {isa = PBXFileReference; fileEncoding = 4; lastKnownFileType = sourcecode.cpp.cpp; name = Enml.cpp; path = ../../../../src/gs2d/src/Enml/Enml.cpp; sourceTree = "<group>"; };
		74E6E50C1A30F05A00E89172 /* Enml.h */ = {isa = PBXFileReference; fileEncoding = 4; lastKnownFileType = sourcecode.c.h; name = Enml.h; path = ../../../../src/gs2d/src/Enml/Enml.h; sourceTree = "<group>"; };
		74E6E50E1A30F06900E89172 /* Color.cpp */ = {isa = PBXFileReference; fileEncoding = 4; lastKnownFileType = sourcecode.cpp.cpp; name = Color.cpp; path = ../../../../src/gs2d/src/Math/Color.cpp; sourceTree = "<group>"; };
		74E6E50F1A30F06900E89172 /* Color.h */ = {isa = PBXFileReference; fileEncoding = 4; lastKnownFileType = sourcecode.c.h; name = Color.h; path = ../../../../src/gs2d/src/Math/Color.h; sourceTree = "<group>"; };
		74E6E5101A30F06900E89172 /* GameMath.cpp */ = {isa = PBXFileReference; fileEncoding = 4; lastKnownFileType = sourcecode.cpp.cpp; name = GameMath.cpp; path = ../../../../src/gs2d/src/Math/GameMath.cpp; sourceTree = "<group>"; };
		74E6E5111A30F06900E89172 /* GameMath.h */ = {isa = PBXFileReference; fileEncoding = 4; lastKnownFileType = sourcecode.c.h; name = GameMath.h; path = ../../../../src/gs2d/src/Math/GameMath.h; sourceTree = "<group>"; };
		74E6E5121A30F06900E89172 /* MersenneTwister.h */ = {isa = PBXFileReference; fileEncoding = 4; lastKnownFileType = sourcecode.c.h; name = MersenneTwister.h; path = ../../../../src/gs2d/src/Math/MersenneTwister.h; sourceTree = "<group>"; };
		74E6E5131A30F06900E89172 /* OrientedBoundingBox.cpp */ = {isa = PBXFileReference; fileEncoding = 4; lastKnownFileType = sourcecode.cpp.cpp; name = OrientedBoundingBox.cpp; path = ../../../../src/gs2d/src/Math/OrientedBoundingBox.cpp; sourceTree = "<group>"; };
		74E6E5141A30F06900E89172 /* OrientedBoundingBox.h */ = {isa = PBXFileReference; fileEncoding = 4; lastKnownFileType = sourcecode.c.h; name = OrientedBoundingBox.h; path = ../../../../src/gs2d/src/Math/OrientedBoundingBox.h; sourceTree = "<group>"; };
		74E6E5151A30F06900E89172 /* Randomizer.cpp */ = {isa = PBXFileReference; fileEncoding = 4; lastKnownFileType = sourcecode.cpp.cpp; name = Randomizer.cpp; path = ../../../../src/gs2d/src/Math/Randomizer.cpp; sourceTree = "<group>"; };
		74E6E5161A30F06900E89172 /* Randomizer.h */ = {isa = PBXFileReference; fileEncoding = 4; lastKnownFileType = sourcecode.c.h; name = Randomizer.h; path = ../../../../src/gs2d/src/Math/Randomizer.h; sourceTree = "<group>"; };
		74E6E51C1A30F19900E89172 /* FileIOHub.cpp */ = {isa = PBXFileReference; fileEncoding = 4; lastKnownFileType = sourcecode.cpp.cpp; name = FileIOHub.cpp; path = ../../../../src/gs2d/src/Platform/FileIOHub.cpp; sourceTree = "<group>"; };
		74E6E51D1A30F19900E89172 /* FileIOHub.h */ = {isa = PBXFileReference; fileEncoding = 4; lastKnownFileType = sourcecode.c.h; name = FileIOHub.h; path = ../../../../src/gs2d/src/Platform/FileIOHub.h; sourceTree = "<group>"; };
		74E6E51E1A30F19900E89172 /* FileLogger.cpp */ = {isa = PBXFileReference; fileEncoding = 4; lastKnownFileType = sourcecode.cpp.cpp; name = FileLogger.cpp; path = ../../../../src/gs2d/src/Platform/FileLogger.cpp; sourceTree = "<group>"; };
		74E6E51F1A30F19900E89172 /* FileLogger.h */ = {isa = PBXFileReference; fileEncoding = 4; lastKnownFileType = sourcecode.c.h; name = FileLogger.h; path = ../../../../src/gs2d/src/Platform/FileLogger.h; sourceTree = "<group>"; };
		74E6E5201A30F19900E89172 /* FileManager.cpp */ = {isa = PBXFileReference; fileEncoding = 4; lastKnownFileType = sourcecode.cpp.cpp; name = FileManager.cpp; path = ../../../../src/gs2d/src/Platform/FileManager.cpp; sourceTree = "<group>"; };
		74E6E5211A30F19900E89172 /* FileManager.h */ = {isa = PBXFileReference; fileEncoding = 4; lastKnownFileType = sourcecode.c.h; name = FileManager.h; path = ../../../../src/gs2d/src/Platform/FileManager.h; sourceTree = "<group>"; };
		74E6E5221A30F19900E89172 /* Logger.cpp */ = {isa = PBXFileReference; fileEncoding = 4; lastKnownFileType = sourcecode.cpp.cpp; name = Logger.cpp; path = ../../../../src/gs2d/src/Platform/Logger.cpp; sourceTree = "<group>"; };
		74E6E5231A30F19900E89172 /* Logger.h */ = {isa = PBXFileReference; fileEncoding = 4; lastKnownFileType = sourcecode.c.h; name = Logger.h; path = ../../../../src/gs2d/src/Platform/Logger.h; sourceTree = "<group>"; };
		74E6E5241A30F19900E89172 /* MainSharedHeader.h */ = {isa = PBXFileReference; fileEncoding = 4; lastKnownFileType = sourcecode.c.h; name = MainSharedHeader.h; path = ../../../../src/gs2d/src/Platform/MainSharedHeader.h; sourceTree = "<group>"; };
		74E6E5251A30F19900E89172 /* NativeCommandAssembler.cpp */ = {isa = PBXFileReference; fileEncoding = 4; lastKnownFileType = sourcecode.cpp.cpp; name = NativeCommandAssembler.cpp; path = ../../../../src/gs2d/src/Platform/NativeCommandAssembler.cpp; sourceTree = "<group>"; };
		74E6E5261A30F19900E89172 /* NativeCommandAssembler.h */ = {isa = PBXFileReference; fileEncoding = 4; lastKnownFileType = sourcecode.c.h; name = NativeCommandAssembler.h; path = ../../../../src/gs2d/src/Platform/NativeCommandAssembler.h; sourceTree = "<group>"; };
		74E6E5271A30F19900E89172 /* NativeCommandForwarder.cpp */ = {isa = PBXFileReference; fileEncoding = 4; lastKnownFileType = sourcecode.cpp.cpp; name = NativeCommandForwarder.cpp; path = ../../../../src/gs2d/src/Platform/NativeCommandForwarder.cpp; sourceTree = "<group>"; };
		74E6E5281A30F19900E89172 /* NativeCommandForwarder.h */ = {isa = PBXFileReference; fileEncoding = 4; lastKnownFileType = sourcecode.c.h; name = NativeCommandForwarder.h; path = ../../../../src/gs2d/src/Platform/NativeCommandForwarder.h; sourceTree = "<group>"; };
		74E6E5291A30F19900E89172 /* NativeCommandListener.h */ = {isa = PBXFileReference; fileEncoding = 4; lastKnownFileType = sourcecode.c.h; name = NativeCommandListener.h; path = ../../../../src/gs2d/src/Platform/NativeCommandListener.h; sourceTree = "<group>"; };
		74E6E52A1A30F19900E89172 /* Platform.cpp */ = {isa = PBXFileReference; fileEncoding = 4; lastKnownFileType = sourcecode.cpp.cpp; name = Platform.cpp; path = ../../../../src/gs2d/src/Platform/Platform.cpp; sourceTree = "<group>"; };
		74E6E52B1A30F19900E89172 /* Platform.h */ = {isa = PBXFileReference; fileEncoding = 4; lastKnownFileType = sourcecode.c.h; name = Platform.h; path = ../../../../src/gs2d/src/Platform/Platform.h; sourceTree = "<group>"; };
		74E6E52C1A30F19900E89172 /* StdFileManager.cpp */ = {isa = PBXFileReference; fileEncoding = 4; lastKnownFileType = sourcecode.cpp.cpp; name = StdFileManager.cpp; path = ../../../../src/gs2d/src/Platform/StdFileManager.cpp; sourceTree = "<group>"; };
		74E6E52D1A30F19900E89172 /* StdFileManager.h */ = {isa = PBXFileReference; fileEncoding = 4; lastKnownFileType = sourcecode.c.h; name = StdFileManager.h; path = ../../../../src/gs2d/src/Platform/StdFileManager.h; sourceTree = "<group>"; };
		74E6E5381A30F1B300E89172 /* SharedData.cpp */ = {isa = PBXFileReference; fileEncoding = 4; lastKnownFileType = sourcecode.cpp.cpp; name = SharedData.cpp; path = ../../../../src/gs2d/src/Platform/SharedData/SharedData.cpp; sourceTree = "<group>"; };
		74E6E5391A30F1B300E89172 /* SharedData.h */ = {isa = PBXFileReference; fileEncoding = 4; lastKnownFileType = sourcecode.c.h; name = SharedData.h; path = ../../../../src/gs2d/src/Platform/SharedData/SharedData.h; sourceTree = "<group>"; };
		74E6E53A1A30F1B300E89172 /* SharedDataManager.cpp */ = {isa = PBXFileReference; fileEncoding = 4; lastKnownFileType = sourcecode.cpp.cpp; name = SharedDataManager.cpp; path = ../../../../src/gs2d/src/Platform/SharedData/SharedDataManager.cpp; sourceTree = "<group>"; };
		74E6E53B1A30F1B300E89172 /* SharedDataManager.h */ = {isa = PBXFileReference; fileEncoding = 4; lastKnownFileType = sourcecode.c.h; name = SharedDataManager.h; path = ../../../../src/gs2d/src/Platform/SharedData/SharedDataManager.h; sourceTree = "<group>"; };
		74E6E53E1A30F1C600E89172 /* IOSFileIOHub.cpp */ = {isa = PBXFileReference; fileEncoding = 4; lastKnownFileType = sourcecode.cpp.cpp; name = IOSFileIOHub.cpp; path = ../../../../src/gs2d/src/Platform/ios/IOSFileIOHub.cpp; sourceTree = "<group>"; };
		74E6E53F1A30F1C600E89172 /* IOSFileIOHub.h */ = {isa = PBXFileReference; fileEncoding = 4; lastKnownFileType = sourcecode.c.h; name = IOSFileIOHub.h; path = ../../../../src/gs2d/src/Platform/ios/IOSFileIOHub.h; sourceTree = "<group>"; };
		74E6E5401A30F1C600E89172 /* IOSNativeCommandListener.h */ = {isa = PBXFileReference; fileEncoding = 4; lastKnownFileType = sourcecode.c.h; name = IOSNativeCommandListener.h; path = ../../../../src/gs2d/src/Platform/ios/IOSNativeCommandListener.h; sourceTree = "<group>"; };
		74E6E5411A30F1C600E89172 /* IOSNativeCommandListener.mm */ = {isa = PBXFileReference; fileEncoding = 4; lastKnownFileType = sourcecode.cpp.objcpp; name = IOSNativeCommandListener.mm; path = ../../../../src/gs2d/src/Platform/ios/IOSNativeCommandListener.mm; sourceTree = "<group>"; };
		74E6E5421A30F1C600E89172 /* Platform.ios.h */ = {isa = PBXFileReference; fileEncoding = 4; lastKnownFileType = sourcecode.c.h; name = Platform.ios.h; path = ../../../../src/gs2d/src/Platform/ios/Platform.ios.h; sourceTree = "<group>"; };
		74E6E5431A30F1C600E89172 /* Platform.ios.mm */ = {isa = PBXFileReference; fileEncoding = 4; lastKnownFileType = sourcecode.cpp.objcpp; name = Platform.ios.mm; path = ../../../../src/gs2d/src/Platform/ios/Platform.ios.mm; sourceTree = "<group>"; };
		74E6E5471A30F3DD00E89172 /* Foundation.framework */ = {isa = PBXFileReference; lastKnownFileType = wrapper.framework; name = Foundation.framework; path = System/Library/Frameworks/Foundation.framework; sourceTree = SDKROOT; };
		74E6E5491A30F41100E89172 /* CoreFoundation.framework */ = {isa = PBXFileReference; lastKnownFileType = wrapper.framework; name = CoreFoundation.framework; path = System/Library/Frameworks/CoreFoundation.framework; sourceTree = SDKROOT; };
		74E6E56E1A30FFB500E89172 /* Application.cpp */ = {isa = PBXFileReference; fileEncoding = 4; lastKnownFileType = sourcecode.cpp.cpp; name = Application.cpp; path = ../../../../src/gs2d/src/Application.cpp; sourceTree = "<group>"; };
		74E6E56F1A30FFB500E89172 /* Application.h */ = {isa = PBXFileReference; fileEncoding = 4; lastKnownFileType = sourcecode.c.h; name = Application.h; path = ../../../../src/gs2d/src/Application.h; sourceTree = "<group>"; };
		74E6E5701A30FFB500E89172 /* Audio.h */ = {isa = PBXFileReference; fileEncoding = 4; lastKnownFileType = sourcecode.c.h; name = Audio.h; path = ../../../../src/gs2d/src/Audio.h; sourceTree = "<group>"; };
		74E6E5711A30FFB500E89172 /* BaseApplication.h */ = {isa = PBXFileReference; fileEncoding = 4; lastKnownFileType = sourcecode.c.h; name = BaseApplication.h; path = ../../../../src/gs2d/src/BaseApplication.h; sourceTree = "<group>"; };
		74E6E5721A30FFB500E89172 /* Input.h */ = {isa = PBXFileReference; fileEncoding = 4; lastKnownFileType = sourcecode.c.h; name = Input.h; path = ../../../../src/gs2d/src/Input.h; sourceTree = "<group>"; };
		74E6E5731A30FFB500E89172 /* Player.h */ = {isa = PBXFileReference; fileEncoding = 4; lastKnownFileType = sourcecode.c.h; name = Player.h; path = ../../../../src/gs2d/src/Player.h; sourceTree = "<group>"; };
		74E6E5741A30FFB500E89172 /* Shader.h */ = {isa = PBXFileReference; fileEncoding = 4; lastKnownFileType = sourcecode.c.h; name = Shader.h; path = ../../../../src/gs2d/src/Shader.h; sourceTree = "<group>"; };
		74E6E5751A30FFB500E89172 /* Sprite.cpp */ = {isa = PBXFileReference; fileEncoding = 4; lastKnownFileType = sourcecode.cpp.cpp; name = Sprite.cpp; path = ../../../../src/gs2d/src/Sprite.cpp; sourceTree = "<group>"; };
		74E6E5761A30FFB600E89172 /* Sprite.h */ = {isa = PBXFileReference; fileEncoding = 4; lastKnownFileType = sourcecode.c.h; name = Sprite.h; path = ../../../../src/gs2d/src/Sprite.h; sourceTree = "<group>"; };
		74E6E5771A30FFB600E89172 /* Texture.h */ = {isa = PBXFileReference; fileEncoding = 4; lastKnownFileType = sourcecode.c.h; name = Texture.h; path = ../../../../src/gs2d/src/Texture.h; sourceTree = "<group>"; };
		74E6E5781A30FFB600E89172 /* Types.h */ = {isa = PBXFileReference; fileEncoding = 4; lastKnownFileType = sourcecode.c.h; name = Types.h; path = ../../../../src/gs2d/src/Types.h; sourceTree = "<group>"; };
		74E6E5791A30FFB600E89172 /* Video.cpp */ = {isa = PBXFileReference; fileEncoding = 4; lastKnownFileType = sourcecode.cpp.cpp; name = Video.cpp; path = ../../../../src/gs2d/src/Video.cpp; sourceTree = "<group>"; };
		74E6E57A1A30FFB600E89172 /* Video.h */ = {isa = PBXFileReference; fileEncoding = 4; lastKnownFileType = sourcecode.c.h; name = Video.h; path = ../../../../src/gs2d/src/Video.h; sourceTree = "<group>"; };
		74E6E57B1A30FFB600E89172 /* Window.h */ = {isa = PBXFileReference; fileEncoding = 4; lastKnownFileType = sourcecode.c.h; name = Window.h; path = ../../../../src/gs2d/src/Window.h; sourceTree = "<group>"; };
		74E6E5801A31006700E89172 /* BitmapFont.cpp */ = {isa = PBXFileReference; fileEncoding = 4; lastKnownFileType = sourcecode.cpp.cpp; name = BitmapFont.cpp; path = ../../../../src/gs2d/src/Video/BitmapFont.cpp; sourceTree = "<group>"; };
		74E6E5811A31006700E89172 /* BitmapFont.h */ = {isa = PBXFileReference; fileEncoding = 4; lastKnownFileType = sourcecode.c.h; name = BitmapFont.h; path = ../../../../src/gs2d/src/Video/BitmapFont.h; sourceTree = "<group>"; };
		74E6E5821A31006700E89172 /* BitmapFontManager.cpp */ = {isa = PBXFileReference; fileEncoding = 4; lastKnownFileType = sourcecode.cpp.cpp; name = BitmapFontManager.cpp; path = ../../../../src/gs2d/src/Video/BitmapFontManager.cpp; sourceTree = "<group>"; };
		74E6E5831A31006700E89172 /* BitmapFontManager.h */ = {isa = PBXFileReference; fileEncoding = 4; lastKnownFileType = sourcecode.c.h; name = BitmapFontManager.h; path = ../../../../src/gs2d/src/Video/BitmapFontManager.h; sourceTree = "<group>"; };
		74E6E5841A31006700E89172 /* glslShaderCode.h */ = {isa = PBXFileReference; fileEncoding = 4; lastKnownFileType = sourcecode.c.h; name = glslShaderCode.h; path = ../../../../src/gs2d/src/Video/glslShaderCode.h; sourceTree = "<group>"; };
		74E6E5881A3101DC00E89172 /* GLES2RectRenderer.cpp */ = {isa = PBXFileReference; fileEncoding = 4; lastKnownFileType = sourcecode.cpp.cpp; name = GLES2RectRenderer.cpp; path = ../../../../src/gs2d/src/Video/GLES2/GLES2RectRenderer.cpp; sourceTree = "<group>"; };
		74E6E5891A3101DC00E89172 /* GLES2RectRenderer.h */ = {isa = PBXFileReference; fileEncoding = 4; lastKnownFileType = sourcecode.c.h; name = GLES2RectRenderer.h; path = ../../../../src/gs2d/src/Video/GLES2/GLES2RectRenderer.h; sourceTree = "<group>"; };
		74E6E58A1A3101DC00E89172 /* GLES2Shader.cpp */ = {isa = PBXFileReference; fileEncoding = 4; lastKnownFileType = sourcecode.cpp.cpp; name = GLES2Shader.cpp; path = ../../../../src/gs2d/src/Video/GLES2/GLES2Shader.cpp; sourceTree = "<group>"; };
		74E6E58B1A3101DC00E89172 /* GLES2Shader.h */ = {isa = PBXFileReference; fileEncoding = 4; lastKnownFileType = sourcecode.c.h; name = GLES2Shader.h; path = ../../../../src/gs2d/src/Video/GLES2/GLES2Shader.h; sourceTree = "<group>"; };
		74E6E58C1A3101DC00E89172 /* GLES2Sprite.cpp */ = {isa = PBXFileReference; fileEncoding = 4; lastKnownFileType = sourcecode.cpp.cpp; name = GLES2Sprite.cpp; path = ../../../../src/gs2d/src/Video/GLES2/GLES2Sprite.cpp; sourceTree = "<group>"; };
		74E6E58D1A3101DC00E89172 /* GLES2Sprite.h */ = {isa = PBXFileReference; fileEncoding = 4; lastKnownFileType = sourcecode.c.h; name = GLES2Sprite.h; path = ../../../../src/gs2d/src/Video/GLES2/GLES2Sprite.h; sourceTree = "<group>"; };
		74E6E58E1A3101DC00E89172 /* GLES2Texture.cpp */ = {isa = PBXFileReference; fileEncoding = 4; lastKnownFileType = sourcecode.cpp.cpp; name = GLES2Texture.cpp; path = ../../../../src/gs2d/src/Video/GLES2/GLES2Texture.cpp; sourceTree = "<group>"; };
		74E6E58F1A3101DC00E89172 /* GLES2Texture.h */ = {isa = PBXFileReference; fileEncoding = 4; lastKnownFileType = sourcecode.c.h; name = GLES2Texture.h; path = ../../../../src/gs2d/src/Video/GLES2/GLES2Texture.h; sourceTree = "<group>"; };
		74E6E5901A3101DC00E89172 /* GLES2UniformParameter.cpp */ = {isa = PBXFileReference; fileEncoding = 4; lastKnownFileType = sourcecode.cpp.cpp; name = GLES2UniformParameter.cpp; path = ../../../../src/gs2d/src/Video/GLES2/GLES2UniformParameter.cpp; sourceTree = "<group>"; };
		74E6E5911A3101DC00E89172 /* GLES2UniformParameter.h */ = {isa = PBXFileReference; fileEncoding = 4; lastKnownFileType = sourcecode.c.h; name = GLES2UniformParameter.h; path = ../../../../src/gs2d/src/Video/GLES2/GLES2UniformParameter.h; sourceTree = "<group>"; };
		74E6E5921A3101DC00E89172 /* GLES2Video.cpp */ = {isa = PBXFileReference; fileEncoding = 4; lastKnownFileType = sourcecode.cpp.cpp; name = GLES2Video.cpp; path = ../../../../src/gs2d/src/Video/GLES2/GLES2Video.cpp; sourceTree = "<group>"; };
		74E6E5931A3101DC00E89172 /* GLES2Video.h */ = {isa = PBXFileReference; fileEncoding = 4; lastKnownFileType = sourcecode.c.h; name = GLES2Video.h; path = ../../../../src/gs2d/src/Video/GLES2/GLES2Video.h; sourceTree = "<group>"; };
		74E6E59B1A3101F000E89172 /* IOSGLES2Video.h */ = {isa = PBXFileReference; fileEncoding = 4; lastKnownFileType = sourcecode.c.h; name = IOSGLES2Video.h; path = ../../../../src/gs2d/src/Video/GLES2/ios/IOSGLES2Video.h; sourceTree = "<group>"; };
		74E6E59C1A3101F000E89172 /* IOSGLES2Video.mm */ = {isa = PBXFileReference; fileEncoding = 4; lastKnownFileType = sourcecode.cpp.objcpp; name = IOSGLES2Video.mm; path = ../../../../src/gs2d/src/Video/GLES2/ios/IOSGLES2Video.mm; sourceTree = "<group>"; };
		74E6E59F1A310C6100E89172 /* KeyStateManager.cpp */ = {isa = PBXFileReference; fileEncoding = 4; lastKnownFileType = sourcecode.cpp.cpp; name = KeyStateManager.cpp; path = ../../../../src/gs2d/src/Input/KeyStateManager.cpp; sourceTree = "<group>"; };
		74E6E5A01A310C6100E89172 /* KeyStateManager.h */ = {isa = PBXFileReference; fileEncoding = 4; lastKnownFileType = sourcecode.c.h; name = KeyStateManager.h; path = ../../../../src/gs2d/src/Input/KeyStateManager.h; sourceTree = "<group>"; };
		74E6E5A11A310C6100E89172 /* MobileInput.cpp */ = {isa = PBXFileReference; fileEncoding = 4; lastKnownFileType = sourcecode.cpp.cpp; name = MobileInput.cpp; path = ../../../../src/gs2d/src/Input/MobileInput.cpp; sourceTree = "<group>"; };
		74E6E5A21A310C6100E89172 /* MobileInput.h */ = {isa = PBXFileReference; fileEncoding = 4; lastKnownFileType = sourcecode.c.h; name = MobileInput.h; path = ../../../../src/gs2d/src/Input/MobileInput.h; sourceTree = "<group>"; };
		74E6E5A61A310C7300E89172 /* IOSInput.cpp */ = {isa = PBXFileReference; fileEncoding = 4; lastKnownFileType = sourcecode.cpp.cpp; name = IOSInput.cpp; path = ../../../../src/gs2d/src/Input/iOS/IOSInput.cpp; sourceTree = "<group>"; };
		74E6E5A71A310C7300E89172 /* IOSInput.h */ = {isa = PBXFileReference; fileEncoding = 4; lastKnownFileType = sourcecode.c.h; name = IOSInput.h; path = ../../../../src/gs2d/src/Input/iOS/IOSInput.h; sourceTree = "<group>"; };
		74E6E5E21A31108500E89172 /* CocosDenshion.xcodeproj */ = {isa = PBXFileReference; lastKnownFileType = "wrapper.pb-project"; name = CocosDenshion.xcodeproj; path = CocosDenshion/CocosDenshion.xcodeproj; sourceTree = "<group>"; };
		74E6E6021A31DD9900E89172 /* as_array.h */ = {isa = PBXFileReference; fileEncoding = 4; lastKnownFileType = sourcecode.c.h; name = as_array.h; path = ../../../../src/angelscript/source/as_array.h; sourceTree = "<group>"; };
		74E6E6031A31DD9900E89172 /* as_atomic.cpp */ = {isa = PBXFileReference; fileEncoding = 4; lastKnownFileType = sourcecode.cpp.cpp; name = as_atomic.cpp; path = ../../../../src/angelscript/source/as_atomic.cpp; sourceTree = "<group>"; };
		74E6E6041A31DD9900E89172 /* as_atomic.h */ = {isa = PBXFileReference; fileEncoding = 4; lastKnownFileType = sourcecode.c.h; name = as_atomic.h; path = ../../../../src/angelscript/source/as_atomic.h; sourceTree = "<group>"; };
		74E6E6051A31DD9900E89172 /* as_builder.cpp */ = {isa = PBXFileReference; fileEncoding = 4; lastKnownFileType = sourcecode.cpp.cpp; name = as_builder.cpp; path = ../../../../src/angelscript/source/as_builder.cpp; sourceTree = "<group>"; };
		74E6E6061A31DD9900E89172 /* as_builder.h */ = {isa = PBXFileReference; fileEncoding = 4; lastKnownFileType = sourcecode.c.h; name = as_builder.h; path = ../../../../src/angelscript/source/as_builder.h; sourceTree = "<group>"; };
		74E6E6071A31DD9900E89172 /* as_bytecode.cpp */ = {isa = PBXFileReference; fileEncoding = 4; lastKnownFileType = sourcecode.cpp.cpp; name = as_bytecode.cpp; path = ../../../../src/angelscript/source/as_bytecode.cpp; sourceTree = "<group>"; };
		74E6E6081A31DD9900E89172 /* as_bytecode.h */ = {isa = PBXFileReference; fileEncoding = 4; lastKnownFileType = sourcecode.c.h; name = as_bytecode.h; path = ../../../../src/angelscript/source/as_bytecode.h; sourceTree = "<group>"; };
		74E6E6091A31DD9900E89172 /* as_callfunc_arm_gcc.S */ = {isa = PBXFileReference; fileEncoding = 4; lastKnownFileType = sourcecode.asm; name = as_callfunc_arm_gcc.S; path = ../../../../src/angelscript/source/as_callfunc_arm_gcc.S; sourceTree = "<group>"; };
		74E6E60A1A31DD9900E89172 /* as_callfunc_arm_xcode.S */ = {isa = PBXFileReference; fileEncoding = 4; lastKnownFileType = sourcecode.asm; name = as_callfunc_arm_xcode.S; path = ../../../../src/angelscript/source/as_callfunc_arm_xcode.S; sourceTree = "<group>"; };
		74E6E60B1A31DD9900E89172 /* as_callfunc_arm.cpp */ = {isa = PBXFileReference; fileEncoding = 4; lastKnownFileType = sourcecode.cpp.cpp; name = as_callfunc_arm.cpp; path = ../../../../src/angelscript/source/as_callfunc_arm.cpp; sourceTree = "<group>"; };
		74E6E60F1A31DD9900E89172 /* as_callfunc.cpp */ = {isa = PBXFileReference; fileEncoding = 4; lastKnownFileType = sourcecode.cpp.cpp; name = as_callfunc.cpp; path = ../../../../src/angelscript/source/as_callfunc.cpp; sourceTree = "<group>"; };
		74E6E6101A31DD9900E89172 /* as_callfunc.h */ = {isa = PBXFileReference; fileEncoding = 4; lastKnownFileType = sourcecode.c.h; name = as_callfunc.h; path = ../../../../src/angelscript/source/as_callfunc.h; sourceTree = "<group>"; };
		74E6E6111A31DD9900E89172 /* as_compiler.cpp */ = {isa = PBXFileReference; fileEncoding = 4; lastKnownFileType = sourcecode.cpp.cpp; name = as_compiler.cpp; path = ../../../../src/angelscript/source/as_compiler.cpp; sourceTree = "<group>"; };
		74E6E6121A31DD9900E89172 /* as_compiler.h */ = {isa = PBXFileReference; fileEncoding = 4; lastKnownFileType = sourcecode.c.h; name = as_compiler.h; path = ../../../../src/angelscript/source/as_compiler.h; sourceTree = "<group>"; };
		74E6E6131A31DD9900E89172 /* as_config.h */ = {isa = PBXFileReference; fileEncoding = 4; lastKnownFileType = sourcecode.c.h; name = as_config.h; path = ../../../../src/angelscript/source/as_config.h; sourceTree = "<group>"; };
		74E6E6141A31DD9900E89172 /* as_configgroup.cpp */ = {isa = PBXFileReference; fileEncoding = 4; lastKnownFileType = sourcecode.cpp.cpp; name = as_configgroup.cpp; path = ../../../../src/angelscript/source/as_configgroup.cpp; sourceTree = "<group>"; };
		74E6E6151A31DD9900E89172 /* as_configgroup.h */ = {isa = PBXFileReference; fileEncoding = 4; lastKnownFileType = sourcecode.c.h; name = as_configgroup.h; path = ../../../../src/angelscript/source/as_configgroup.h; sourceTree = "<group>"; };
		74E6E6161A31DD9900E89172 /* as_context.cpp */ = {isa = PBXFileReference; fileEncoding = 4; lastKnownFileType = sourcecode.cpp.cpp; name = as_context.cpp; path = ../../../../src/angelscript/source/as_context.cpp; sourceTree = "<group>"; };
		74E6E6171A31DD9900E89172 /* as_context.h */ = {isa = PBXFileReference; fileEncoding = 4; lastKnownFileType = sourcecode.c.h; name = as_context.h; path = ../../../../src/angelscript/source/as_context.h; sourceTree = "<group>"; };
		74E6E6181A31DD9900E89172 /* as_criticalsection.h */ = {isa = PBXFileReference; fileEncoding = 4; lastKnownFileType = sourcecode.c.h; name = as_criticalsection.h; path = ../../../../src/angelscript/source/as_criticalsection.h; sourceTree = "<group>"; };
		74E6E6191A31DD9900E89172 /* as_datatype.cpp */ = {isa = PBXFileReference; fileEncoding = 4; lastKnownFileType = sourcecode.cpp.cpp; name = as_datatype.cpp; path = ../../../../src/angelscript/source/as_datatype.cpp; sourceTree = "<group>"; };
		74E6E61A1A31DD9900E89172 /* as_datatype.h */ = {isa = PBXFileReference; fileEncoding = 4; lastKnownFileType = sourcecode.c.h; name = as_datatype.h; path = ../../../../src/angelscript/source/as_datatype.h; sourceTree = "<group>"; };
		74E6E61B1A31DD9900E89172 /* as_debug.h */ = {isa = PBXFileReference; fileEncoding = 4; lastKnownFileType = sourcecode.c.h; name = as_debug.h; path = ../../../../src/angelscript/source/as_debug.h; sourceTree = "<group>"; };
		74E6E61C1A31DD9900E89172 /* as_gc.cpp */ = {isa = PBXFileReference; fileEncoding = 4; lastKnownFileType = sourcecode.cpp.cpp; name = as_gc.cpp; path = ../../../../src/angelscript/source/as_gc.cpp; sourceTree = "<group>"; };
		74E6E61D1A31DD9900E89172 /* as_gc.h */ = {isa = PBXFileReference; fileEncoding = 4; lastKnownFileType = sourcecode.c.h; name = as_gc.h; path = ../../../../src/angelscript/source/as_gc.h; sourceTree = "<group>"; };
		74E6E61E1A31DD9900E89172 /* as_generic.cpp */ = {isa = PBXFileReference; fileEncoding = 4; lastKnownFileType = sourcecode.cpp.cpp; name = as_generic.cpp; path = ../../../../src/angelscript/source/as_generic.cpp; sourceTree = "<group>"; };
		74E6E61F1A31DD9900E89172 /* as_generic.h */ = {isa = PBXFileReference; fileEncoding = 4; lastKnownFileType = sourcecode.c.h; name = as_generic.h; path = ../../../../src/angelscript/source/as_generic.h; sourceTree = "<group>"; };
		74E6E6201A31DD9900E89172 /* as_globalproperty.cpp */ = {isa = PBXFileReference; fileEncoding = 4; lastKnownFileType = sourcecode.cpp.cpp; name = as_globalproperty.cpp; path = ../../../../src/angelscript/source/as_globalproperty.cpp; sourceTree = "<group>"; };
		74E6E6211A31DD9900E89172 /* as_map.h */ = {isa = PBXFileReference; fileEncoding = 4; lastKnownFileType = sourcecode.c.h; name = as_map.h; path = ../../../../src/angelscript/source/as_map.h; sourceTree = "<group>"; };
		74E6E6221A31DD9900E89172 /* as_memory.cpp */ = {isa = PBXFileReference; fileEncoding = 4; lastKnownFileType = sourcecode.cpp.cpp; name = as_memory.cpp; path = ../../../../src/angelscript/source/as_memory.cpp; sourceTree = "<group>"; };
		74E6E6231A31DD9900E89172 /* as_memory.h */ = {isa = PBXFileReference; fileEncoding = 4; lastKnownFileType = sourcecode.c.h; name = as_memory.h; path = ../../../../src/angelscript/source/as_memory.h; sourceTree = "<group>"; };
		74E6E6241A31DD9900E89172 /* as_module.cpp */ = {isa = PBXFileReference; fileEncoding = 4; lastKnownFileType = sourcecode.cpp.cpp; name = as_module.cpp; path = ../../../../src/angelscript/source/as_module.cpp; sourceTree = "<group>"; };
		74E6E6251A31DD9900E89172 /* as_module.h */ = {isa = PBXFileReference; fileEncoding = 4; lastKnownFileType = sourcecode.c.h; name = as_module.h; path = ../../../../src/angelscript/source/as_module.h; sourceTree = "<group>"; };
		74E6E6261A31DD9900E89172 /* as_namespace.h */ = {isa = PBXFileReference; fileEncoding = 4; lastKnownFileType = sourcecode.c.h; name = as_namespace.h; path = ../../../../src/angelscript/source/as_namespace.h; sourceTree = "<group>"; };
		74E6E6271A31DD9900E89172 /* as_objecttype.cpp */ = {isa = PBXFileReference; fileEncoding = 4; lastKnownFileType = sourcecode.cpp.cpp; name = as_objecttype.cpp; path = ../../../../src/angelscript/source/as_objecttype.cpp; sourceTree = "<group>"; };
		74E6E6281A31DD9900E89172 /* as_objecttype.h */ = {isa = PBXFileReference; fileEncoding = 4; lastKnownFileType = sourcecode.c.h; name = as_objecttype.h; path = ../../../../src/angelscript/source/as_objecttype.h; sourceTree = "<group>"; };
		74E6E6291A31DD9900E89172 /* as_outputbuffer.cpp */ = {isa = PBXFileReference; fileEncoding = 4; lastKnownFileType = sourcecode.cpp.cpp; name = as_outputbuffer.cpp; path = ../../../../src/angelscript/source/as_outputbuffer.cpp; sourceTree = "<group>"; };
		74E6E62A1A31DD9900E89172 /* as_outputbuffer.h */ = {isa = PBXFileReference; fileEncoding = 4; lastKnownFileType = sourcecode.c.h; name = as_outputbuffer.h; path = ../../../../src/angelscript/source/as_outputbuffer.h; sourceTree = "<group>"; };
		74E6E62B1A31DD9900E89172 /* as_parser.cpp */ = {isa = PBXFileReference; fileEncoding = 4; lastKnownFileType = sourcecode.cpp.cpp; name = as_parser.cpp; path = ../../../../src/angelscript/source/as_parser.cpp; sourceTree = "<group>"; };
		74E6E62C1A31DD9900E89172 /* as_parser.h */ = {isa = PBXFileReference; fileEncoding = 4; lastKnownFileType = sourcecode.c.h; name = as_parser.h; path = ../../../../src/angelscript/source/as_parser.h; sourceTree = "<group>"; };
		74E6E62D1A31DD9900E89172 /* as_property.h */ = {isa = PBXFileReference; fileEncoding = 4; lastKnownFileType = sourcecode.c.h; name = as_property.h; path = ../../../../src/angelscript/source/as_property.h; sourceTree = "<group>"; };
		74E6E62E1A31DD9900E89172 /* as_restore.cpp */ = {isa = PBXFileReference; fileEncoding = 4; lastKnownFileType = sourcecode.cpp.cpp; name = as_restore.cpp; path = ../../../../src/angelscript/source/as_restore.cpp; sourceTree = "<group>"; };
		74E6E62F1A31DD9900E89172 /* as_restore.h */ = {isa = PBXFileReference; fileEncoding = 4; lastKnownFileType = sourcecode.c.h; name = as_restore.h; path = ../../../../src/angelscript/source/as_restore.h; sourceTree = "<group>"; };
		74E6E6301A31DD9900E89172 /* as_scriptcode.cpp */ = {isa = PBXFileReference; fileEncoding = 4; lastKnownFileType = sourcecode.cpp.cpp; name = as_scriptcode.cpp; path = ../../../../src/angelscript/source/as_scriptcode.cpp; sourceTree = "<group>"; };
		74E6E6311A31DD9900E89172 /* as_scriptcode.h */ = {isa = PBXFileReference; fileEncoding = 4; lastKnownFileType = sourcecode.c.h; name = as_scriptcode.h; path = ../../../../src/angelscript/source/as_scriptcode.h; sourceTree = "<group>"; };
		74E6E6321A31DD9900E89172 /* as_scriptengine.cpp */ = {isa = PBXFileReference; fileEncoding = 4; lastKnownFileType = sourcecode.cpp.cpp; name = as_scriptengine.cpp; path = ../../../../src/angelscript/source/as_scriptengine.cpp; sourceTree = "<group>"; };
		74E6E6331A31DD9900E89172 /* as_scriptengine.h */ = {isa = PBXFileReference; fileEncoding = 4; lastKnownFileType = sourcecode.c.h; name = as_scriptengine.h; path = ../../../../src/angelscript/source/as_scriptengine.h; sourceTree = "<group>"; };
		74E6E6341A31DD9900E89172 /* as_scriptfunction.cpp */ = {isa = PBXFileReference; fileEncoding = 4; lastKnownFileType = sourcecode.cpp.cpp; name = as_scriptfunction.cpp; path = ../../../../src/angelscript/source/as_scriptfunction.cpp; sourceTree = "<group>"; };
		74E6E6351A31DD9900E89172 /* as_scriptfunction.h */ = {isa = PBXFileReference; fileEncoding = 4; lastKnownFileType = sourcecode.c.h; name = as_scriptfunction.h; path = ../../../../src/angelscript/source/as_scriptfunction.h; sourceTree = "<group>"; };
		74E6E6361A31DD9900E89172 /* as_scriptnode.cpp */ = {isa = PBXFileReference; fileEncoding = 4; lastKnownFileType = sourcecode.cpp.cpp; name = as_scriptnode.cpp; path = ../../../../src/angelscript/source/as_scriptnode.cpp; sourceTree = "<group>"; };
		74E6E6371A31DD9900E89172 /* as_scriptnode.h */ = {isa = PBXFileReference; fileEncoding = 4; lastKnownFileType = sourcecode.c.h; name = as_scriptnode.h; path = ../../../../src/angelscript/source/as_scriptnode.h; sourceTree = "<group>"; };
		74E6E6381A31DD9900E89172 /* as_scriptobject.cpp */ = {isa = PBXFileReference; fileEncoding = 4; lastKnownFileType = sourcecode.cpp.cpp; name = as_scriptobject.cpp; path = ../../../../src/angelscript/source/as_scriptobject.cpp; sourceTree = "<group>"; };
		74E6E6391A31DD9900E89172 /* as_scriptobject.h */ = {isa = PBXFileReference; fileEncoding = 4; lastKnownFileType = sourcecode.c.h; name = as_scriptobject.h; path = ../../../../src/angelscript/source/as_scriptobject.h; sourceTree = "<group>"; };
		74E6E63A1A31DD9900E89172 /* as_string_util.cpp */ = {isa = PBXFileReference; fileEncoding = 4; lastKnownFileType = sourcecode.cpp.cpp; name = as_string_util.cpp; path = ../../../../src/angelscript/source/as_string_util.cpp; sourceTree = "<group>"; };
		74E6E63B1A31DD9900E89172 /* as_string_util.h */ = {isa = PBXFileReference; fileEncoding = 4; lastKnownFileType = sourcecode.c.h; name = as_string_util.h; path = ../../../../src/angelscript/source/as_string_util.h; sourceTree = "<group>"; };
		74E6E63C1A31DD9900E89172 /* as_string.cpp */ = {isa = PBXFileReference; fileEncoding = 4; lastKnownFileType = sourcecode.cpp.cpp; name = as_string.cpp; path = ../../../../src/angelscript/source/as_string.cpp; sourceTree = "<group>"; };
		74E6E63D1A31DD9900E89172 /* as_string.h */ = {isa = PBXFileReference; fileEncoding = 4; lastKnownFileType = sourcecode.c.h; name = as_string.h; path = ../../../../src/angelscript/source/as_string.h; sourceTree = "<group>"; };
		74E6E63E1A31DD9900E89172 /* as_symboltable.h */ = {isa = PBXFileReference; fileEncoding = 4; lastKnownFileType = sourcecode.c.h; name = as_symboltable.h; path = ../../../../src/angelscript/source/as_symboltable.h; sourceTree = "<group>"; };
		74E6E63F1A31DD9900E89172 /* as_texts.h */ = {isa = PBXFileReference; fileEncoding = 4; lastKnownFileType = sourcecode.c.h; name = as_texts.h; path = ../../../../src/angelscript/source/as_texts.h; sourceTree = "<group>"; };
		74E6E6401A31DD9900E89172 /* as_thread.cpp */ = {isa = PBXFileReference; fileEncoding = 4; lastKnownFileType = sourcecode.cpp.cpp; name = as_thread.cpp; path = ../../../../src/angelscript/source/as_thread.cpp; sourceTree = "<group>"; };
		74E6E6411A31DD9900E89172 /* as_thread.h */ = {isa = PBXFileReference; fileEncoding = 4; lastKnownFileType = sourcecode.c.h; name = as_thread.h; path = ../../../../src/angelscript/source/as_thread.h; sourceTree = "<group>"; };
		74E6E6421A31DD9900E89172 /* as_tokendef.h */ = {isa = PBXFileReference; fileEncoding = 4; lastKnownFileType = sourcecode.c.h; name = as_tokendef.h; path = ../../../../src/angelscript/source/as_tokendef.h; sourceTree = "<group>"; };
		74E6E6431A31DD9900E89172 /* as_tokenizer.cpp */ = {isa = PBXFileReference; fileEncoding = 4; lastKnownFileType = sourcecode.cpp.cpp; name = as_tokenizer.cpp; path = ../../../../src/angelscript/source/as_tokenizer.cpp; sourceTree = "<group>"; };
		74E6E6441A31DD9900E89172 /* as_tokenizer.h */ = {isa = PBXFileReference; fileEncoding = 4; lastKnownFileType = sourcecode.c.h; name = as_tokenizer.h; path = ../../../../src/angelscript/source/as_tokenizer.h; sourceTree = "<group>"; };
		74E6E6451A31DD9900E89172 /* as_typeinfo.cpp */ = {isa = PBXFileReference; fileEncoding = 4; lastKnownFileType = sourcecode.cpp.cpp; name = as_typeinfo.cpp; path = ../../../../src/angelscript/source/as_typeinfo.cpp; sourceTree = "<group>"; };
		74E6E6461A31DD9900E89172 /* as_typeinfo.h */ = {isa = PBXFileReference; fileEncoding = 4; lastKnownFileType = sourcecode.c.h; name = as_typeinfo.h; path = ../../../../src/angelscript/source/as_typeinfo.h; sourceTree = "<group>"; };
		74E6E6471A31DD9900E89172 /* as_variablescope.cpp */ = {isa = PBXFileReference; fileEncoding = 4; lastKnownFileType = sourcecode.cpp.cpp; name = as_variablescope.cpp; path = ../../../../src/angelscript/source/as_variablescope.cpp; sourceTree = "<group>"; };
		74E6E6481A31DD9900E89172 /* as_variablescope.h */ = {isa = PBXFileReference; fileEncoding = 4; lastKnownFileType = sourcecode.c.h; name = as_variablescope.h; path = ../../../../src/angelscript/source/as_variablescope.h; sourceTree = "<group>"; };
		74E6E66C1A31DE1C00E89172 /* aswrappedcall.h */ = {isa = PBXFileReference; fileEncoding = 4; lastKnownFileType = sourcecode.c.h; name = aswrappedcall.h; path = ../../../../src/addons/aswrappedcall.h; sourceTree = "<group>"; };
		74E6E66D1A31DE1C00E89172 /* scriptarray.cpp */ = {isa = PBXFileReference; fileEncoding = 4; lastKnownFileType = sourcecode.cpp.cpp; name = scriptarray.cpp; path = ../../../../src/addons/scriptarray.cpp; sourceTree = "<group>"; };
		74E6E66E1A31DE1C00E89172 /* scriptarray.h */ = {isa = PBXFileReference; fileEncoding = 4; lastKnownFileType = sourcecode.c.h; name = scriptarray.h; path = ../../../../src/addons/scriptarray.h; sourceTree = "<group>"; };
		74E6E66F1A31DE1C00E89172 /* scriptbuilder.cpp */ = {isa = PBXFileReference; fileEncoding = 4; lastKnownFileType = sourcecode.cpp.cpp; name = scriptbuilder.cpp; path = ../../../../src/addons/scriptbuilder.cpp; sourceTree = "<group>"; };
		74E6E6701A31DE1C00E89172 /* scriptbuilder.h */ = {isa = PBXFileReference; fileEncoding = 4; lastKnownFileType = sourcecode.c.h; name = scriptbuilder.h; path = ../../../../src/addons/scriptbuilder.h; sourceTree = "<group>"; };
		74E6E6711A31DE1C00E89172 /* scriptdictionary.cpp */ = {isa = PBXFileReference; fileEncoding = 4; lastKnownFileType = sourcecode.cpp.cpp; name = scriptdictionary.cpp; path = ../../../../src/addons/scriptdictionary.cpp; sourceTree = "<group>"; };
		74E6E6721A31DE1C00E89172 /* scriptdictionary.h */ = {isa = PBXFileReference; fileEncoding = 4; lastKnownFileType = sourcecode.c.h; name = scriptdictionary.h; path = ../../../../src/addons/scriptdictionary.h; sourceTree = "<group>"; };
		74E6E6731A31DE1C00E89172 /* scriptfile.cpp */ = {isa = PBXFileReference; fileEncoding = 4; lastKnownFileType = sourcecode.cpp.cpp; name = scriptfile.cpp; path = ../../../../src/addons/scriptfile.cpp; sourceTree = "<group>"; };
		74E6E6741A31DE1C00E89172 /* scriptfile.h */ = {isa = PBXFileReference; fileEncoding = 4; lastKnownFileType = sourcecode.c.h; name = scriptfile.h; path = ../../../../src/addons/scriptfile.h; sourceTree = "<group>"; };
		74E6E6751A31DE1C00E89172 /* scriptmath.cpp */ = {isa = PBXFileReference; fileEncoding = 4; lastKnownFileType = sourcecode.cpp.cpp; name = scriptmath.cpp; path = ../../../../src/addons/scriptmath.cpp; sourceTree = "<group>"; };
		74E6E6761A31DE1C00E89172 /* scriptmath.h */ = {isa = PBXFileReference; fileEncoding = 4; lastKnownFileType = sourcecode.c.h; name = scriptmath.h; path = ../../../../src/addons/scriptmath.h; sourceTree = "<group>"; };
		74E6E6771A31DE1C00E89172 /* scriptmath2d.cpp */ = {isa = PBXFileReference; fileEncoding = 4; lastKnownFileType = sourcecode.cpp.cpp; name = scriptmath2d.cpp; path = ../../../../src/addons/scriptmath2d.cpp; sourceTree = "<group>"; };
		74E6E6781A31DE1C00E89172 /* scriptmath2d.h */ = {isa = PBXFileReference; fileEncoding = 4; lastKnownFileType = sourcecode.c.h; name = scriptmath2d.h; path = ../../../../src/addons/scriptmath2d.h; sourceTree = "<group>"; };
		74E6E6791A31DE1C00E89172 /* scriptmath3d.cpp */ = {isa = PBXFileReference; fileEncoding = 4; lastKnownFileType = sourcecode.cpp.cpp; name = scriptmath3d.cpp; path = ../../../../src/addons/scriptmath3d.cpp; sourceTree = "<group>"; };
		74E6E67A1A31DE1C00E89172 /* scriptmath3d.h */ = {isa = PBXFileReference; fileEncoding = 4; lastKnownFileType = sourcecode.c.h; name = scriptmath3d.h; path = ../../../../src/addons/scriptmath3d.h; sourceTree = "<group>"; };
		74E6E67B1A31DE1C00E89172 /* scriptstdstring.cpp */ = {isa = PBXFileReference; fileEncoding = 4; lastKnownFileType = sourcecode.cpp.cpp; name = scriptstdstring.cpp; path = ../../../../src/addons/scriptstdstring.cpp; sourceTree = "<group>"; };
		74E6E67C1A31DE1C00E89172 /* scriptstdstring.h */ = {isa = PBXFileReference; fileEncoding = 4; lastKnownFileType = sourcecode.c.h; name = scriptstdstring.h; path = ../../../../src/addons/scriptstdstring.h; sourceTree = "<group>"; };
		74E6E6851A31DE7700E89172 /* angelscript.h */ = {isa = PBXFileReference; lastKnownFileType = sourcecode.c.h; name = angelscript.h; path = ../../../../src/angelscript/include/angelscript.h; sourceTree = "<group>"; };
/* End PBXFileReference section */

/* Begin PBXFrameworksBuildPhase section */
		74E6E4E71A30EFB500E89172 /* Frameworks */ = {
			isa = PBXFrameworksBuildPhase;
			buildActionMask = 2147483647;
			files = (
			);
			runOnlyForDeploymentPostprocessing = 0;
		};
		74E6E4F21A30EFB500E89172 /* Frameworks */ = {
			isa = PBXFrameworksBuildPhase;
			buildActionMask = 2147483647;
			files = (
				74E6E4F61A30EFB500E89172 /* libApplication.a in Frameworks */,
			);
			runOnlyForDeploymentPostprocessing = 0;
		};
/* End PBXFrameworksBuildPhase section */

/* Begin PBXGroup section */
		74E6E4E11A30EFB500E89172 = {
			isa = PBXGroup;
			children = (
				74E6E5E21A31108500E89172 /* CocosDenshion.xcodeproj */,
				74E6E5491A30F41100E89172 /* CoreFoundation.framework */,
				74E6E5471A30F3DD00E89172 /* Foundation.framework */,
				74E6E5081A30F04300E89172 /* GS2D */,
				74E6E6011A31DD4C00E89172 /* AngelScript */,
				74E6E4EC1A30EFB500E89172 /* Application */,
				74E6E4F91A30EFB500E89172 /* ApplicationTests */,
				74E6E4EB1A30EFB500E89172 /* Products */,
			);
			sourceTree = "<group>";
		};
		74E6E4EB1A30EFB500E89172 /* Products */ = {
			isa = PBXGroup;
			children = (
				74E6E4EA1A30EFB500E89172 /* libApplication.a */,
				74E6E4F51A30EFB500E89172 /* ApplicationTests.xctest */,
			);
			name = Products;
			sourceTree = "<group>";
		};
		74E6E4EC1A30EFB500E89172 /* Application */ = {
			isa = PBXGroup;
			children = (
				74E6E4ED1A30EFB500E89172 /* Application.h */,
				74E6E4EF1A30EFB500E89172 /* Application.m */,
			);
			path = Application;
			sourceTree = "<group>";
		};
		74E6E4F91A30EFB500E89172 /* ApplicationTests */ = {
			isa = PBXGroup;
			children = (
				74E6E4FA1A30EFB500E89172 /* Supporting Files */,
			);
			path = ApplicationTests;
			sourceTree = "<group>";
		};
		74E6E4FA1A30EFB500E89172 /* Supporting Files */ = {
			isa = PBXGroup;
			children = (
				74E6E4FB1A30EFB500E89172 /* Info.plist */,
			);
			name = "Supporting Files";
			sourceTree = "<group>";
		};
		74E6E5081A30F04300E89172 /* GS2D */ = {
			isa = PBXGroup;
			children = (
				74E6E59E1A310C4600E89172 /* Input */,
				74E6E57F1A31004500E89172 /* Video */,
				74E6E51B1A30F0EA00E89172 /* Platform */,
				74E6E50A1A30F04D00E89172 /* Math */,
				74E6E5091A30F04800E89172 /* Enml */,
				74E6E56E1A30FFB500E89172 /* Application.cpp */,
				74E6E56F1A30FFB500E89172 /* Application.h */,
				74E6E5701A30FFB500E89172 /* Audio.h */,
				74E6E5711A30FFB500E89172 /* BaseApplication.h */,
				74E6E5721A30FFB500E89172 /* Input.h */,
				74E6E5731A30FFB500E89172 /* Player.h */,
				74E6E5741A30FFB500E89172 /* Shader.h */,
				74E6E5751A30FFB500E89172 /* Sprite.cpp */,
				74E6E5761A30FFB600E89172 /* Sprite.h */,
				74E6E5771A30FFB600E89172 /* Texture.h */,
				74E6E5781A30FFB600E89172 /* Types.h */,
				74E6E5791A30FFB600E89172 /* Video.cpp */,
				74E6E57A1A30FFB600E89172 /* Video.h */,
				74E6E57B1A30FFB600E89172 /* Window.h */,
			);
			name = GS2D;
			sourceTree = "<group>";
		};
		74E6E5091A30F04800E89172 /* Enml */ = {
			isa = PBXGroup;
			children = (
				74E6E50B1A30F05A00E89172 /* Enml.cpp */,
				74E6E50C1A30F05A00E89172 /* Enml.h */,
			);
			name = Enml;
			sourceTree = "<group>";
		};
		74E6E50A1A30F04D00E89172 /* Math */ = {
			isa = PBXGroup;
			children = (
				74E6E50E1A30F06900E89172 /* Color.cpp */,
				74E6E50F1A30F06900E89172 /* Color.h */,
				74E6E5101A30F06900E89172 /* GameMath.cpp */,
				74E6E5111A30F06900E89172 /* GameMath.h */,
				74E6E5121A30F06900E89172 /* MersenneTwister.h */,
				74E6E5131A30F06900E89172 /* OrientedBoundingBox.cpp */,
				74E6E5141A30F06900E89172 /* OrientedBoundingBox.h */,
				74E6E5151A30F06900E89172 /* Randomizer.cpp */,
				74E6E5161A30F06900E89172 /* Randomizer.h */,
			);
			name = Math;
			sourceTree = "<group>";
		};
		74E6E51B1A30F0EA00E89172 /* Platform */ = {
			isa = PBXGroup;
			children = (
				74E6E5371A30F1A000E89172 /* SharedData */,
				74E6E5361A30F19C00E89172 /* iOS */,
				74E6E51C1A30F19900E89172 /* FileIOHub.cpp */,
				74E6E51D1A30F19900E89172 /* FileIOHub.h */,
				74E6E51E1A30F19900E89172 /* FileLogger.cpp */,
				74E6E51F1A30F19900E89172 /* FileLogger.h */,
				74E6E5201A30F19900E89172 /* FileManager.cpp */,
				74E6E5211A30F19900E89172 /* FileManager.h */,
				74E6E5221A30F19900E89172 /* Logger.cpp */,
				74E6E5231A30F19900E89172 /* Logger.h */,
				74E6E5241A30F19900E89172 /* MainSharedHeader.h */,
				74E6E5251A30F19900E89172 /* NativeCommandAssembler.cpp */,
				74E6E5261A30F19900E89172 /* NativeCommandAssembler.h */,
				74E6E5271A30F19900E89172 /* NativeCommandForwarder.cpp */,
				74E6E5281A30F19900E89172 /* NativeCommandForwarder.h */,
				74E6E5291A30F19900E89172 /* NativeCommandListener.h */,
				74E6E52A1A30F19900E89172 /* Platform.cpp */,
				74E6E52B1A30F19900E89172 /* Platform.h */,
				74E6E52C1A30F19900E89172 /* StdFileManager.cpp */,
				74E6E52D1A30F19900E89172 /* StdFileManager.h */,
			);
			name = Platform;
			sourceTree = "<group>";
		};
		74E6E5361A30F19C00E89172 /* iOS */ = {
			isa = PBXGroup;
			children = (
				74E6E53E1A30F1C600E89172 /* IOSFileIOHub.cpp */,
				74E6E53F1A30F1C600E89172 /* IOSFileIOHub.h */,
				74E6E5401A30F1C600E89172 /* IOSNativeCommandListener.h */,
				74E6E5411A30F1C600E89172 /* IOSNativeCommandListener.mm */,
				74E6E5421A30F1C600E89172 /* Platform.ios.h */,
				74E6E5431A30F1C600E89172 /* Platform.ios.mm */,
			);
			name = iOS;
			sourceTree = "<group>";
		};
		74E6E5371A30F1A000E89172 /* SharedData */ = {
			isa = PBXGroup;
			children = (
				74E6E5381A30F1B300E89172 /* SharedData.cpp */,
				74E6E5391A30F1B300E89172 /* SharedData.h */,
				74E6E53A1A30F1B300E89172 /* SharedDataManager.cpp */,
				74E6E53B1A30F1B300E89172 /* SharedDataManager.h */,
			);
			name = SharedData;
			sourceTree = "<group>";
		};
		74E6E57F1A31004500E89172 /* Video */ = {
			isa = PBXGroup;
			children = (
				74E6E59A1A3101E000E89172 /* ios */,
				74E6E5871A31007400E89172 /* GLES2 */,
				74E6E5801A31006700E89172 /* BitmapFont.cpp */,
				74E6E5811A31006700E89172 /* BitmapFont.h */,
				74E6E5821A31006700E89172 /* BitmapFontManager.cpp */,
				74E6E5831A31006700E89172 /* BitmapFontManager.h */,
				74E6E5841A31006700E89172 /* glslShaderCode.h */,
			);
			name = Video;
			sourceTree = "<group>";
		};
		74E6E5871A31007400E89172 /* GLES2 */ = {
			isa = PBXGroup;
			children = (
				74E6E5881A3101DC00E89172 /* GLES2RectRenderer.cpp */,
				74E6E5891A3101DC00E89172 /* GLES2RectRenderer.h */,
				74E6E58A1A3101DC00E89172 /* GLES2Shader.cpp */,
				74E6E58B1A3101DC00E89172 /* GLES2Shader.h */,
				74E6E58C1A3101DC00E89172 /* GLES2Sprite.cpp */,
				74E6E58D1A3101DC00E89172 /* GLES2Sprite.h */,
				74E6E58E1A3101DC00E89172 /* GLES2Texture.cpp */,
				74E6E58F1A3101DC00E89172 /* GLES2Texture.h */,
				74E6E5901A3101DC00E89172 /* GLES2UniformParameter.cpp */,
				74E6E5911A3101DC00E89172 /* GLES2UniformParameter.h */,
				74E6E5921A3101DC00E89172 /* GLES2Video.cpp */,
				74E6E5931A3101DC00E89172 /* GLES2Video.h */,
			);
			name = GLES2;
			sourceTree = "<group>";
		};
		74E6E59A1A3101E000E89172 /* ios */ = {
			isa = PBXGroup;
			children = (
				74E6E59B1A3101F000E89172 /* IOSGLES2Video.h */,
				74E6E59C1A3101F000E89172 /* IOSGLES2Video.mm */,
			);
			name = ios;
			sourceTree = "<group>";
		};
		74E6E59E1A310C4600E89172 /* Input */ = {
			isa = PBXGroup;
			children = (
				74E6E5A51A310C6500E89172 /* iOS */,
				74E6E59F1A310C6100E89172 /* KeyStateManager.cpp */,
				74E6E5A01A310C6100E89172 /* KeyStateManager.h */,
				74E6E5A11A310C6100E89172 /* MobileInput.cpp */,
				74E6E5A21A310C6100E89172 /* MobileInput.h */,
			);
			name = Input;
			sourceTree = "<group>";
		};
		74E6E5A51A310C6500E89172 /* iOS */ = {
			isa = PBXGroup;
			children = (
				74E6E5A61A310C7300E89172 /* IOSInput.cpp */,
				74E6E5A71A310C7300E89172 /* IOSInput.h */,
			);
			name = iOS;
			sourceTree = "<group>";
		};
		74E6E5E31A31108500E89172 /* Products */ = {
			isa = PBXGroup;
			children = (
				74E6E5E81A31108600E89172 /* libCocosDenshion.a */,
				74E6E5EA1A31108600E89172 /* CocosDenshionTests.xctest */,
			);
			name = Products;
			sourceTree = "<group>";
		};
		74E6E6011A31DD4C00E89172 /* AngelScript */ = {
			isa = PBXGroup;
			children = (
				74E6E66B1A31DD9F00E89172 /* addons */,
				74E6E6851A31DE7700E89172 /* angelscript.h */,
				74E6E6021A31DD9900E89172 /* as_array.h */,
				74E6E6031A31DD9900E89172 /* as_atomic.cpp */,
				74E6E6041A31DD9900E89172 /* as_atomic.h */,
				74E6E6051A31DD9900E89172 /* as_builder.cpp */,
				74E6E6061A31DD9900E89172 /* as_builder.h */,
				74E6E6071A31DD9900E89172 /* as_bytecode.cpp */,
				74E6E6081A31DD9900E89172 /* as_bytecode.h */,
				74E6E6091A31DD9900E89172 /* as_callfunc_arm_gcc.S */,
				74E6E60A1A31DD9900E89172 /* as_callfunc_arm_xcode.S */,
				74E6E60B1A31DD9900E89172 /* as_callfunc_arm.cpp */,
				74E6E60F1A31DD9900E89172 /* as_callfunc.cpp */,
				74E6E6101A31DD9900E89172 /* as_callfunc.h */,
				74E6E6111A31DD9900E89172 /* as_compiler.cpp */,
				74E6E6121A31DD9900E89172 /* as_compiler.h */,
				74E6E6131A31DD9900E89172 /* as_config.h */,
				74E6E6141A31DD9900E89172 /* as_configgroup.cpp */,
				74E6E6151A31DD9900E89172 /* as_configgroup.h */,
				74E6E6161A31DD9900E89172 /* as_context.cpp */,
				74E6E6171A31DD9900E89172 /* as_context.h */,
				74E6E6181A31DD9900E89172 /* as_criticalsection.h */,
				74E6E6191A31DD9900E89172 /* as_datatype.cpp */,
				74E6E61A1A31DD9900E89172 /* as_datatype.h */,
				74E6E61B1A31DD9900E89172 /* as_debug.h */,
				74E6E61C1A31DD9900E89172 /* as_gc.cpp */,
				74E6E61D1A31DD9900E89172 /* as_gc.h */,
				74E6E61E1A31DD9900E89172 /* as_generic.cpp */,
				74E6E61F1A31DD9900E89172 /* as_generic.h */,
				74E6E6201A31DD9900E89172 /* as_globalproperty.cpp */,
				74E6E6211A31DD9900E89172 /* as_map.h */,
				74E6E6221A31DD9900E89172 /* as_memory.cpp */,
				74E6E6231A31DD9900E89172 /* as_memory.h */,
				74E6E6241A31DD9900E89172 /* as_module.cpp */,
				74E6E6251A31DD9900E89172 /* as_module.h */,
				74E6E6261A31DD9900E89172 /* as_namespace.h */,
				74E6E6271A31DD9900E89172 /* as_objecttype.cpp */,
				74E6E6281A31DD9900E89172 /* as_objecttype.h */,
				74E6E6291A31DD9900E89172 /* as_outputbuffer.cpp */,
				74E6E62A1A31DD9900E89172 /* as_outputbuffer.h */,
				74E6E62B1A31DD9900E89172 /* as_parser.cpp */,
				74E6E62C1A31DD9900E89172 /* as_parser.h */,
				74E6E62D1A31DD9900E89172 /* as_property.h */,
				74E6E62E1A31DD9900E89172 /* as_restore.cpp */,
				74E6E62F1A31DD9900E89172 /* as_restore.h */,
				74E6E6301A31DD9900E89172 /* as_scriptcode.cpp */,
				74E6E6311A31DD9900E89172 /* as_scriptcode.h */,
				74E6E6321A31DD9900E89172 /* as_scriptengine.cpp */,
				74E6E6331A31DD9900E89172 /* as_scriptengine.h */,
				74E6E6341A31DD9900E89172 /* as_scriptfunction.cpp */,
				74E6E6351A31DD9900E89172 /* as_scriptfunction.h */,
				74E6E6361A31DD9900E89172 /* as_scriptnode.cpp */,
				74E6E6371A31DD9900E89172 /* as_scriptnode.h */,
				74E6E6381A31DD9900E89172 /* as_scriptobject.cpp */,
				74E6E6391A31DD9900E89172 /* as_scriptobject.h */,
				74E6E63A1A31DD9900E89172 /* as_string_util.cpp */,
				74E6E63B1A31DD9900E89172 /* as_string_util.h */,
				74E6E63C1A31DD9900E89172 /* as_string.cpp */,
				74E6E63D1A31DD9900E89172 /* as_string.h */,
				74E6E63E1A31DD9900E89172 /* as_symboltable.h */,
				74E6E63F1A31DD9900E89172 /* as_texts.h */,
				74E6E6401A31DD9900E89172 /* as_thread.cpp */,
				74E6E6411A31DD9900E89172 /* as_thread.h */,
				74E6E6421A31DD9900E89172 /* as_tokendef.h */,
				74E6E6431A31DD9900E89172 /* as_tokenizer.cpp */,
				74E6E6441A31DD9900E89172 /* as_tokenizer.h */,
				74E6E6451A31DD9900E89172 /* as_typeinfo.cpp */,
				74E6E6461A31DD9900E89172 /* as_typeinfo.h */,
				74E6E6471A31DD9900E89172 /* as_variablescope.cpp */,
				74E6E6481A31DD9900E89172 /* as_variablescope.h */,
			);
			name = AngelScript;
			sourceTree = "<group>";
		};
		74E6E66B1A31DD9F00E89172 /* addons */ = {
			isa = PBXGroup;
			children = (
				74E6E66C1A31DE1C00E89172 /* aswrappedcall.h */,
				74E6E66D1A31DE1C00E89172 /* scriptarray.cpp */,
				74E6E66E1A31DE1C00E89172 /* scriptarray.h */,
				74E6E66F1A31DE1C00E89172 /* scriptbuilder.cpp */,
				74E6E6701A31DE1C00E89172 /* scriptbuilder.h */,
				74E6E6711A31DE1C00E89172 /* scriptdictionary.cpp */,
				74E6E6721A31DE1C00E89172 /* scriptdictionary.h */,
				74E6E6731A31DE1C00E89172 /* scriptfile.cpp */,
				74E6E6741A31DE1C00E89172 /* scriptfile.h */,
				74E6E6751A31DE1C00E89172 /* scriptmath.cpp */,
				74E6E6761A31DE1C00E89172 /* scriptmath.h */,
				74E6E6771A31DE1C00E89172 /* scriptmath2d.cpp */,
				74E6E6781A31DE1C00E89172 /* scriptmath2d.h */,
				74E6E6791A31DE1C00E89172 /* scriptmath3d.cpp */,
				74E6E67A1A31DE1C00E89172 /* scriptmath3d.h */,
				74E6E67B1A31DE1C00E89172 /* scriptstdstring.cpp */,
				74E6E67C1A31DE1C00E89172 /* scriptstdstring.h */,
			);
			name = addons;
			sourceTree = "<group>";
		};
/* End PBXGroup section */

/* Begin PBXNativeTarget section */
		74E6E4E91A30EFB500E89172 /* Application */ = {
			isa = PBXNativeTarget;
			buildConfigurationList = 74E6E4FE1A30EFB500E89172 /* Build configuration list for PBXNativeTarget "Application" */;
			buildPhases = (
				74E6E4E61A30EFB500E89172 /* Sources */,
				74E6E4E71A30EFB500E89172 /* Frameworks */,
				74E6E4E81A30EFB500E89172 /* CopyFiles */,
			);
			buildRules = (
			);
			dependencies = (
				74E6E5F91A3110D200E89172 /* PBXTargetDependency */,
			);
			name = Application;
			productName = Application;
			productReference = 74E6E4EA1A30EFB500E89172 /* libApplication.a */;
			productType = "com.apple.product-type.library.static";
		};
		74E6E4F41A30EFB500E89172 /* ApplicationTests */ = {
			isa = PBXNativeTarget;
			buildConfigurationList = 74E6E5011A30EFB500E89172 /* Build configuration list for PBXNativeTarget "ApplicationTests" */;
			buildPhases = (
				74E6E4F11A30EFB500E89172 /* Sources */,
				74E6E4F21A30EFB500E89172 /* Frameworks */,
				74E6E4F31A30EFB500E89172 /* Resources */,
			);
			buildRules = (
			);
			dependencies = (
				74E6E4F81A30EFB500E89172 /* PBXTargetDependency */,
			);
			name = ApplicationTests;
			productName = ApplicationTests;
			productReference = 74E6E4F51A30EFB500E89172 /* ApplicationTests.xctest */;
			productType = "com.apple.product-type.bundle.unit-test";
		};
/* End PBXNativeTarget section */

/* Begin PBXProject section */
		74E6E4E21A30EFB500E89172 /* Project object */ = {
			isa = PBXProject;
			attributes = {
				LastUpgradeCheck = 0610;
				ORGANIZATIONNAME = "Asantee Games";
				TargetAttributes = {
					74E6E4E91A30EFB500E89172 = {
						CreatedOnToolsVersion = 6.1.1;
					};
					74E6E4F41A30EFB500E89172 = {
						CreatedOnToolsVersion = 6.1.1;
					};
				};
			};
			buildConfigurationList = 74E6E4E51A30EFB500E89172 /* Build configuration list for PBXProject "Application" */;
			compatibilityVersion = "Xcode 3.2";
			developmentRegion = English;
			hasScannedForEncodings = 0;
			knownRegions = (
				en,
			);
			mainGroup = 74E6E4E11A30EFB500E89172;
			productRefGroup = 74E6E4EB1A30EFB500E89172 /* Products */;
			projectDirPath = "";
			projectReferences = (
				{
					ProductGroup = 74E6E5E31A31108500E89172 /* Products */;
					ProjectRef = 74E6E5E21A31108500E89172 /* CocosDenshion.xcodeproj */;
				},
			);
			projectRoot = "";
			targets = (
				74E6E4E91A30EFB500E89172 /* Application */,
				74E6E4F41A30EFB500E89172 /* ApplicationTests */,
			);
		};
/* End PBXProject section */

/* Begin PBXReferenceProxy section */
		74E6E5E81A31108600E89172 /* libCocosDenshion.a */ = {
			isa = PBXReferenceProxy;
			fileType = archive.ar;
			path = libCocosDenshion.a;
			remoteRef = 74E6E5E71A31108600E89172 /* PBXContainerItemProxy */;
			sourceTree = BUILT_PRODUCTS_DIR;
		};
		74E6E5EA1A31108600E89172 /* CocosDenshionTests.xctest */ = {
			isa = PBXReferenceProxy;
			fileType = wrapper.cfbundle;
			path = CocosDenshionTests.xctest;
			remoteRef = 74E6E5E91A31108600E89172 /* PBXContainerItemProxy */;
			sourceTree = BUILT_PRODUCTS_DIR;
		};
/* End PBXReferenceProxy section */

/* Begin PBXResourcesBuildPhase section */
		74E6E4F31A30EFB500E89172 /* Resources */ = {
			isa = PBXResourcesBuildPhase;
			buildActionMask = 2147483647;
			files = (
			);
			runOnlyForDeploymentPostprocessing = 0;
		};
/* End PBXResourcesBuildPhase section */

/* Begin PBXSourcesBuildPhase section */
		74E6E4E61A30EFB500E89172 /* Sources */ = {
			isa = PBXSourcesBuildPhase;
			buildActionMask = 2147483647;
			files = (
				74E6E6641A31DD9900E89172 /* as_scriptobject.cpp in Sources */,
				74E6E52E1A30F19900E89172 /* FileIOHub.cpp in Sources */,
				74E6E65C1A31DD9900E89172 /* as_objecttype.cpp in Sources */,
				74E6E5961A3101DC00E89172 /* GLES2Sprite.cpp in Sources */,
				74E6E6521A31DD9900E89172 /* as_callfunc.cpp in Sources */,
				74E6E5331A30F19900E89172 /* NativeCommandForwarder.cpp in Sources */,
				74E6E6531A31DD9900E89172 /* as_compiler.cpp in Sources */,
				74E6E6661A31DD9900E89172 /* as_string.cpp in Sources */,
				74E6E5971A3101DC00E89172 /* GLES2Texture.cpp in Sources */,
				74E6E5981A3101DC00E89172 /* GLES2UniformParameter.cpp in Sources */,
				74E6E64D1A31DD9900E89172 /* as_callfunc_arm_xcode.S in Sources */,
				74E6E65B1A31DD9900E89172 /* as_module.cpp in Sources */,
				74E6E5941A3101DC00E89172 /* GLES2RectRenderer.cpp in Sources */,
				74E6E5A81A310C7300E89172 /* IOSInput.cpp in Sources */,
				74E6E65D1A31DD9900E89172 /* as_outputbuffer.cpp in Sources */,
				74E6E53D1A30F1B300E89172 /* SharedDataManager.cpp in Sources */,
				74E6E5A41A310C6100E89172 /* MobileInput.cpp in Sources */,
				74E6E57E1A30FFB600E89172 /* Video.cpp in Sources */,
				74E6E67D1A31DE1C00E89172 /* scriptarray.cpp in Sources */,
				74E6E5441A30F1C600E89172 /* IOSFileIOHub.cpp in Sources */,
				74E6E5A31A310C6100E89172 /* KeyStateManager.cpp in Sources */,
				74E6E5311A30F19900E89172 /* Logger.cpp in Sources */,
				74E6E57D1A30FFB600E89172 /* Sprite.cpp in Sources */,
				74E6E6581A31DD9900E89172 /* as_generic.cpp in Sources */,
				74E6E5351A30F19900E89172 /* StdFileManager.cpp in Sources */,
				74E6E5451A30F1C600E89172 /* IOSNativeCommandListener.mm in Sources */,
				74E6E5341A30F19900E89172 /* Platform.cpp in Sources */,
				74E6E5191A30F06900E89172 /* OrientedBoundingBox.cpp in Sources */,
				74E6E6601A31DD9900E89172 /* as_scriptcode.cpp in Sources */,
				74E6E5321A30F19900E89172 /* NativeCommandAssembler.cpp in Sources */,
				74E6E6681A31DD9900E89172 /* as_tokenizer.cpp in Sources */,
				74E6E4F01A30EFB500E89172 /* Application.m in Sources */,
				74E6E5861A31006700E89172 /* BitmapFontManager.cpp in Sources */,
				74E6E5851A31006700E89172 /* BitmapFont.cpp in Sources */,
				74E6E64B1A31DD9900E89172 /* as_bytecode.cpp in Sources */,
				74E6E6651A31DD9900E89172 /* as_string_util.cpp in Sources */,
				74E6E5951A3101DC00E89172 /* GLES2Shader.cpp in Sources */,
				74E6E59D1A3101F000E89172 /* IOSGLES2Video.mm in Sources */,
				74E6E6631A31DD9900E89172 /* as_scriptnode.cpp in Sources */,
				74E6E53C1A30F1B300E89172 /* SharedData.cpp in Sources */,
				74E6E6621A31DD9900E89172 /* as_scriptfunction.cpp in Sources */,
				74E6E6561A31DD9900E89172 /* as_datatype.cpp in Sources */,
				74E6E65F1A31DD9900E89172 /* as_restore.cpp in Sources */,
				74E6E64C1A31DD9900E89172 /* as_callfunc_arm_gcc.S in Sources */,
				74E6E65A1A31DD9900E89172 /* as_memory.cpp in Sources */,
				74E6E57C1A30FFB600E89172 /* Application.cpp in Sources */,
				74E6E6841A31DE1C00E89172 /* scriptstdstring.cpp in Sources */,
				74E6E6541A31DD9900E89172 /* as_configgroup.cpp in Sources */,
				74E6E5301A30F19900E89172 /* FileManager.cpp in Sources */,
				74E6E6491A31DD9900E89172 /* as_atomic.cpp in Sources */,
				74E6E6691A31DD9900E89172 /* as_typeinfo.cpp in Sources */,
				74E6E6611A31DD9900E89172 /* as_scriptengine.cpp in Sources */,
				74E6E6551A31DD9900E89172 /* as_context.cpp in Sources */,
				74E6E6801A31DE1C00E89172 /* scriptfile.cpp in Sources */,
				74E6E67F1A31DE1C00E89172 /* scriptdictionary.cpp in Sources */,
				74E6E6811A31DE1C00E89172 /* scriptmath.cpp in Sources */,
				74E6E5181A30F06900E89172 /* GameMath.cpp in Sources */,
				74E6E5461A30F1C600E89172 /* Platform.ios.mm in Sources */,
				74E6E5991A3101DC00E89172 /* GLES2Video.cpp in Sources */,
				74E6E65E1A31DD9900E89172 /* as_parser.cpp in Sources */,
				74E6E6591A31DD9900E89172 /* as_globalproperty.cpp in Sources */,
				74E6E5171A30F06900E89172 /* Color.cpp in Sources */,
				74E6E51A1A30F06900E89172 /* Randomizer.cpp in Sources */,
				74E6E64A1A31DD9900E89172 /* as_builder.cpp in Sources */,
				74E6E6831A31DE1C00E89172 /* scriptmath3d.cpp in Sources */,
				74E6E50D1A30F05A00E89172 /* Enml.cpp in Sources */,
				74E6E6671A31DD9900E89172 /* as_thread.cpp in Sources */,
				74E6E66A1A31DD9900E89172 /* as_variablescope.cpp in Sources */,
				74E6E6821A31DE1C00E89172 /* scriptmath2d.cpp in Sources */,
				74E6E67E1A31DE1C00E89172 /* scriptbuilder.cpp in Sources */,
				74E6E64E1A31DD9900E89172 /* as_callfunc_arm.cpp in Sources */,
				74E6E6571A31DD9900E89172 /* as_gc.cpp in Sources */,
				74E6E52F1A30F19900E89172 /* FileLogger.cpp in Sources */,
			);
			runOnlyForDeploymentPostprocessing = 0;
		};
		74E6E4F11A30EFB500E89172 /* Sources */ = {
			isa = PBXSourcesBuildPhase;
			buildActionMask = 2147483647;
			files = (
			);
			runOnlyForDeploymentPostprocessing = 0;
		};
/* End PBXSourcesBuildPhase section */

/* Begin PBXTargetDependency section */
		74E6E4F81A30EFB500E89172 /* PBXTargetDependency */ = {
			isa = PBXTargetDependency;
			target = 74E6E4E91A30EFB500E89172 /* Application */;
			targetProxy = 74E6E4F71A30EFB500E89172 /* PBXContainerItemProxy */;
		};
		74E6E5F91A3110D200E89172 /* PBXTargetDependency */ = {
			isa = PBXTargetDependency;
			name = CocosDenshion;
			targetProxy = 74E6E5F81A3110D200E89172 /* PBXContainerItemProxy */;
		};
/* End PBXTargetDependency section */

/* Begin XCBuildConfiguration section */
		74E6E4FC1A30EFB500E89172 /* Debug */ = {
			isa = XCBuildConfiguration;
			buildSettings = {
				ALWAYS_SEARCH_USER_PATHS = NO;
				CLANG_CXX_LANGUAGE_STANDARD = "gnu++0x";
				CLANG_CXX_LIBRARY = "libc++";
				CLANG_ENABLE_MODULES = YES;
				CLANG_ENABLE_OBJC_ARC = YES;
				CLANG_WARN_BOOL_CONVERSION = YES;
				CLANG_WARN_CONSTANT_CONVERSION = YES;
				CLANG_WARN_DIRECT_OBJC_ISA_USAGE = YES_ERROR;
				CLANG_WARN_EMPTY_BODY = YES;
				CLANG_WARN_ENUM_CONVERSION = YES;
				CLANG_WARN_INT_CONVERSION = YES;
				CLANG_WARN_OBJC_ROOT_CLASS = YES_ERROR;
				CLANG_WARN_UNREACHABLE_CODE = YES;
				CLANG_WARN__DUPLICATE_METHOD_MATCH = YES;
				COPY_PHASE_STRIP = NO;
				ENABLE_STRICT_OBJC_MSGSEND = YES;
				GCC_C_LANGUAGE_STANDARD = gnu99;
				GCC_DYNAMIC_NO_PIC = NO;
				GCC_OPTIMIZATION_LEVEL = 0;
				GCC_PRECOMPILE_PREFIX_HEADER = NO;
				GCC_PREPROCESSOR_DEFINITIONS = (
					"DEBUG=1",
					"$(inherited)",
				);
				GCC_SYMBOLS_PRIVATE_EXTERN = NO;
				GCC_WARN_64_TO_32_BIT_CONVERSION = YES;
				GCC_WARN_ABOUT_RETURN_TYPE = YES_ERROR;
				GCC_WARN_UNDECLARED_SELECTOR = YES;
				GCC_WARN_UNINITIALIZED_AUTOS = YES_AGGRESSIVE;
				GCC_WARN_UNUSED_FUNCTION = YES;
				GCC_WARN_UNUSED_VARIABLE = YES;
				HEADER_SEARCH_PATHS = (
					"$(inherited)",
					/Applications/Xcode.app/Contents/Developer/Toolchains/XcodeDefault.xctoolchain/usr/include,
					../../../../src/gs2d/vendors/BoostSDK,
					../../../../src/soil,
				);
				IPHONEOS_DEPLOYMENT_TARGET = 8.1;
				MTL_ENABLE_DEBUG_INFO = YES;
				ONLY_ACTIVE_ARCH = YES;
				SDKROOT = iphoneos;
			};
			name = Debug;
		};
		74E6E4FD1A30EFB500E89172 /* Release */ = {
			isa = XCBuildConfiguration;
			buildSettings = {
				ALWAYS_SEARCH_USER_PATHS = NO;
				CLANG_CXX_LANGUAGE_STANDARD = "gnu++0x";
				CLANG_CXX_LIBRARY = "libc++";
				CLANG_ENABLE_MODULES = YES;
				CLANG_ENABLE_OBJC_ARC = YES;
				CLANG_WARN_BOOL_CONVERSION = YES;
				CLANG_WARN_CONSTANT_CONVERSION = YES;
				CLANG_WARN_DIRECT_OBJC_ISA_USAGE = YES_ERROR;
				CLANG_WARN_EMPTY_BODY = YES;
				CLANG_WARN_ENUM_CONVERSION = YES;
				CLANG_WARN_INT_CONVERSION = YES;
				CLANG_WARN_OBJC_ROOT_CLASS = YES_ERROR;
				CLANG_WARN_UNREACHABLE_CODE = YES;
				CLANG_WARN__DUPLICATE_METHOD_MATCH = YES;
				COPY_PHASE_STRIP = YES;
				ENABLE_NS_ASSERTIONS = NO;
				ENABLE_STRICT_OBJC_MSGSEND = YES;
				GCC_C_LANGUAGE_STANDARD = gnu99;
				GCC_PRECOMPILE_PREFIX_HEADER = NO;
				GCC_WARN_64_TO_32_BIT_CONVERSION = YES;
				GCC_WARN_ABOUT_RETURN_TYPE = YES_ERROR;
				GCC_WARN_UNDECLARED_SELECTOR = YES;
				GCC_WARN_UNINITIALIZED_AUTOS = YES_AGGRESSIVE;
				GCC_WARN_UNUSED_FUNCTION = YES;
				GCC_WARN_UNUSED_VARIABLE = YES;
				HEADER_SEARCH_PATHS = (
					"$(inherited)",
					/Applications/Xcode.app/Contents/Developer/Toolchains/XcodeDefault.xctoolchain/usr/include,
					../../../../src/gs2d/vendors/BoostSDK,
					../../../../src/soil,
				);
				IPHONEOS_DEPLOYMENT_TARGET = 8.1;
				MTL_ENABLE_DEBUG_INFO = NO;
				SDKROOT = iphoneos;
				VALIDATE_PRODUCT = YES;
			};
			name = Release;
		};
		74E6E4FF1A30EFB500E89172 /* Debug */ = {
			isa = XCBuildConfiguration;
			buildSettings = {
				CLANG_ENABLE_OBJC_ARC = YES;
				GCC_PRECOMPILE_PREFIX_HEADER = NO;
				GCC_PREPROCESSOR_DEFINITIONS = (
					GS2D_FORCE_HANDHELD_LANDSCAPE,
					APPLE_IOS,
					GLES2,
					GS2D_WARN_SLOWDRAWING,
					AS_MAX_PORTABILITY,
					AS_NO_THREADS,
					"DEBUG=1",
					"$(inherited)",
				);
				HEADER_SEARCH_PATHS = (
					"$(inherited)",
					/Applications/Xcode.app/Contents/Developer/Toolchains/XcodeDefault.xctoolchain/usr/include,
					../../../../src/gs2d/src/,
					../../../../src/gs2d/vendors/BoostSDK,
					../../../../src/soil,
				);
				OTHER_LDFLAGS = "-ObjC";
				PRODUCT_NAME = "$(TARGET_NAME)";
				SKIP_INSTALL = YES;
			};
			name = Debug;
		};
		74E6E5001A30EFB500E89172 /* Release */ = {
			isa = XCBuildConfiguration;
			buildSettings = {
				CLANG_ENABLE_OBJC_ARC = YES;
				GCC_PRECOMPILE_PREFIX_HEADER = NO;
				GCC_PREPROCESSOR_DEFINITIONS = (
					GS2D_FORCE_HANDHELD_LANDSCAPE,
					APPLE_IOS,
					GLES2,
					GS2D_WARN_SLOWDRAWING,
					AS_MAX_PORTABILITY,
					AS_NO_THREADS,
				);
				HEADER_SEARCH_PATHS = (
					"$(inherited)",
					/Applications/Xcode.app/Contents/Developer/Toolchains/XcodeDefault.xctoolchain/usr/include,
					../../../../src/gs2d/src/,
					../../../../src/gs2d/vendors/BoostSDK,
					../../../../src/soil,
				);
				OTHER_LDFLAGS = "-ObjC";
				PRODUCT_NAME = "$(TARGET_NAME)";
				SKIP_INSTALL = YES;
			};
			name = Release;
		};
		74E6E5021A30EFB500E89172 /* Debug */ = {
			isa = XCBuildConfiguration;
			buildSettings = {
				FRAMEWORK_SEARCH_PATHS = (
					"$(SDKROOT)/Developer/Library/Frameworks",
					"$(inherited)",
				);
				GCC_PREPROCESSOR_DEFINITIONS = (
					"DEBUG=1",
					"$(inherited)",
				);
				INFOPLIST_FILE = ApplicationTests/Info.plist;
				LD_RUNPATH_SEARCH_PATHS = "$(inherited) @executable_path/Frameworks @loader_path/Frameworks";
				PRODUCT_NAME = "$(TARGET_NAME)";
			};
			name = Debug;
		};
		74E6E5031A30EFB500E89172 /* Release */ = {
			isa = XCBuildConfiguration;
			buildSettings = {
				FRAMEWORK_SEARCH_PATHS = (
					"$(SDKROOT)/Developer/Library/Frameworks",
					"$(inherited)",
				);
				INFOPLIST_FILE = ApplicationTests/Info.plist;
				LD_RUNPATH_SEARCH_PATHS = "$(inherited) @executable_path/Frameworks @loader_path/Frameworks";
				PRODUCT_NAME = "$(TARGET_NAME)";
			};
			name = Release;
		};
/* End XCBuildConfiguration section */

/* Begin XCConfigurationList section */
		74E6E4E51A30EFB500E89172 /* Build configuration list for PBXProject "Application" */ = {
			isa = XCConfigurationList;
			buildConfigurations = (
				74E6E4FC1A30EFB500E89172 /* Debug */,
				74E6E4FD1A30EFB500E89172 /* Release */,
			);
			defaultConfigurationIsVisible = 0;
			defaultConfigurationName = Release;
		};
		74E6E4FE1A30EFB500E89172 /* Build configuration list for PBXNativeTarget "Application" */ = {
			isa = XCConfigurationList;
			buildConfigurations = (
				74E6E4FF1A30EFB500E89172 /* Debug */,
				74E6E5001A30EFB500E89172 /* Release */,
			);
			defaultConfigurationIsVisible = 0;
			defaultConfigurationName = Release;
		};
		74E6E5011A30EFB500E89172 /* Build configuration list for PBXNativeTarget "ApplicationTests" */ = {
			isa = XCConfigurationList;
			buildConfigurations = (
				74E6E5021A30EFB500E89172 /* Debug */,
				74E6E5031A30EFB500E89172 /* Release */,
			);
			defaultConfigurationIsVisible = 0;
			defaultConfigurationName = Release;
		};
/* End XCConfigurationList section */
	};
	rootObject = 74E6E4E21A30EFB500E89172 /* Project object */;
}
